
Microsoft Visual Studio Solution File, Format Version 12.00
# Visual Studio Version 17
VisualStudioVersion = 17.3.32929.385
MinimumVisualStudioVersion = 10.0.40219.1
Project("{F184B08F-C81C-45F6-A57F-5ABD9991F28F}") = "PodzialNaKlatki", "PodzialNaKlatki\PodzialNaKlatki.vbproj", "{D6A0DA77-8928-46FE-B9FA-AF4564EB648D}"
EndProject
Project("{778DAE3C-4631-46EA-AA77-85C1314464D9}") = "VbLib", "VbLib\VbLib.vbproj", "{0980E34F-BF5B-473C-893B-4AD83C0A9D23}"
EndProject
Project("{778DAE3C-4631-46EA-AA77-85C1314464D9}") = "PicSorter", "PicSorter\PicSorter.vbproj", "{B314F1BD-0254-4FC4-86B5-C0F7719DB9B2}"
EndProject
Project("{778DAE3C-4631-46EA-AA77-85C1314464D9}") = "VbLib20", "VbLib20\VbLib20.vbproj", "{F4E45FCC-5049-45DB-8121-336DE84DD03F}"
EndProject
Project("{9A19103F-16F7-4668-BE54-9A1E7A4F7556}") = "AsNuget-Taggers_ExifDataLib", "Taggers_ExifLib\AsNuget-Taggers_ExifDataLib.csproj", "{6BA1CF02-62B3-4ED8-8BA1-20629AC8574D}"
EndProject
Project("{778DAE3C-4631-46EA-AA77-85C1314464D9}") = "VbLibCore31-Auto_WinOCR_lib", "Taggers_OCR\VbLibCore31-Auto_WinOCR_lib.vbproj", "{6AD728E6-FDE5-49DD-8819-7F69582B9404}"
EndProject
Project("{778DAE3C-4631-46EA-AA77-85C1314464D9}") = "VbLibCore31-Auto_WinFace", "Auto_WinFace\VbLibCore31-Auto_WinFace.vbproj", "{CD4ABCEE-1297-4945-A66F-307AD8812418}"
EndProject
Project("{778DAE3C-4631-46EA-AA77-85C1314464D9}") = "MediaDevicesLib", "MediaDevicesLib\MediaDevicesLib.vbproj", "{A921EC0D-463E-4008-9CF5-96B5ADD7F74C}"
EndProject
Project("{FAE04EC0-301F-11D3-BF4B-00C04F79EFBC}") = "AsNuget-HiddenWatermark", "HiddenWatermark\AsNuget-HiddenWatermark.csproj", "{C98C374A-9FF4-4C6D-BA5E-E1E1F102374E}"
EndProject
Project("{778DAE3C-4631-46EA-AA77-85C1314464D9}") = "Process_SigAndFace", "Process_Signature\Process_SigAndFace.vbproj", "{8FF2DE7B-BE59-4431-8081-AF77F76B22F8}"
EndProject
Project("{F184B08F-C81C-45F6-A57F-5ABD9991F28F}") = "VbLib46drawing", "VbLib46\VbLib46drawing.vbproj", "{E2566B0A-A24F-4168-B585-C8BE8800A7E8}"
EndProject
Project("{F184B08F-C81C-45F6-A57F-5ABD9991F28F}") = "vblib46ram", "vblib46ram\vblib46ram.vbproj", "{1CC44B1D-3406-4732-8641-A5EA5F26026C}"
EndProject
Project("{778DAE3C-4631-46EA-AA77-85C1314464D9}") = "Publish_std2_Instagram", "Publish_Instagram\Publish_std2_Instagram.vbproj", "{BBCD1A43-F95F-43DF-8D2A-84B32F80C7F6}"
EndProject
Project("{778DAE3C-4631-46EA-AA77-85C1314464D9}") = "Publish_std2_Facebook", "Publish_std2_Facebook\Publish_std2_Facebook.vbproj", "{E53C08B0-FC9E-43AF-ABFF-C71105B8E323}"
EndProject
Project("{778DAE3C-4631-46EA-AA77-85C1314464D9}") = "FbTestApp", "FbTestApp\FbTestApp.vbproj", "{6935FB6A-B5EC-49AA-A785-5FAA2736A664}"
EndProject
Project("{778DAE3C-4631-46EA-AA77-85C1314464D9}") = "CloudArch_std14_Chomikuj", "CloudArch_std14_Chomikuj\CloudArch_std14_Chomikuj.vbproj", "{771624BC-8536-4DC1-A7E3-4408B48876CA}"
EndProject
Project("{778DAE3C-4631-46EA-AA77-85C1314464D9}") = "CloudArch_std14_Degoo", "CloudArch_std14_Degoo\CloudArch_std14_Degoo.vbproj", "{0CF59A6B-F594-4626-9B0F-A4495A866635}"
EndProject
Project("{778DAE3C-4631-46EA-AA77-85C1314464D9}") = "CloudArch_std14_Shutterfly", "CloudArch_std14_Shutterfly\CloudArch_std14_Shutterfly.vbproj", "{8D466173-2A41-4076-BCD1-5E034E9D2DA4}"
EndProject
Project("{9A19103F-16F7-4668-BE54-9A1E7A4F7556}") = "AsNuget-FacebookApiSharp", "FacebookApiSharp\AsNuget-FacebookApiSharp.csproj", "{D162F865-FE5A-4F24-8CBB-A8A76473F934}"
EndProject
Project("{F184B08F-C81C-45F6-A57F-5ABD9991F28F}") = "VbLibCore3-mediaDevices", "VbLibCore3-mediaDevices\VbLibCore3-mediaDevices.vbproj", "{7D2FA2EA-E438-41AC-AE92-BEBDE752FD49}"
EndProject
Project("{F184B08F-C81C-45F6-A57F-5ABD9991F28F}") = "VbLibCore3-picSource", "VbLibCore3\VbLibCore3-picSource.vbproj", "{1A9CE7F2-C9D6-48C8-B8EB-466CBB54073E}"
EndProject
Global
	GlobalSection(SolutionConfigurationPlatforms) = preSolution
		Debug|Any CPU = Debug|Any CPU
		Debug|ARM = Debug|ARM
		Debug|ARM64 = Debug|ARM64
		Debug|x64 = Debug|x64
		Debug|x86 = Debug|x86
		Release|Any CPU = Release|Any CPU
		Release|ARM = Release|ARM
		Release|ARM64 = Release|ARM64
		Release|x64 = Release|x64
		Release|x86 = Release|x86
	EndGlobalSection
	GlobalSection(ProjectConfigurationPlatforms) = postSolution
		{D6A0DA77-8928-46FE-B9FA-AF4564EB648D}.Debug|Any CPU.ActiveCfg = Debug|x64
		{D6A0DA77-8928-46FE-B9FA-AF4564EB648D}.Debug|Any CPU.Build.0 = Debug|x64
		{D6A0DA77-8928-46FE-B9FA-AF4564EB648D}.Debug|Any CPU.Deploy.0 = Debug|x64
		{D6A0DA77-8928-46FE-B9FA-AF4564EB648D}.Debug|ARM.ActiveCfg = Debug|ARM
		{D6A0DA77-8928-46FE-B9FA-AF4564EB648D}.Debug|ARM.Build.0 = Debug|ARM
		{D6A0DA77-8928-46FE-B9FA-AF4564EB648D}.Debug|ARM.Deploy.0 = Debug|ARM
		{D6A0DA77-8928-46FE-B9FA-AF4564EB648D}.Debug|ARM64.ActiveCfg = Debug|ARM64
		{D6A0DA77-8928-46FE-B9FA-AF4564EB648D}.Debug|ARM64.Build.0 = Debug|ARM64
		{D6A0DA77-8928-46FE-B9FA-AF4564EB648D}.Debug|ARM64.Deploy.0 = Debug|ARM64
		{D6A0DA77-8928-46FE-B9FA-AF4564EB648D}.Debug|x64.ActiveCfg = Debug|x64
		{D6A0DA77-8928-46FE-B9FA-AF4564EB648D}.Debug|x64.Build.0 = Debug|x64
		{D6A0DA77-8928-46FE-B9FA-AF4564EB648D}.Debug|x64.Deploy.0 = Debug|x64
		{D6A0DA77-8928-46FE-B9FA-AF4564EB648D}.Debug|x86.ActiveCfg = Debug|x86
		{D6A0DA77-8928-46FE-B9FA-AF4564EB648D}.Debug|x86.Build.0 = Debug|x86
		{D6A0DA77-8928-46FE-B9FA-AF4564EB648D}.Debug|x86.Deploy.0 = Debug|x86
		{D6A0DA77-8928-46FE-B9FA-AF4564EB648D}.Release|Any CPU.ActiveCfg = Release|x64
		{D6A0DA77-8928-46FE-B9FA-AF4564EB648D}.Release|Any CPU.Build.0 = Release|x64
		{D6A0DA77-8928-46FE-B9FA-AF4564EB648D}.Release|Any CPU.Deploy.0 = Release|x64
		{D6A0DA77-8928-46FE-B9FA-AF4564EB648D}.Release|ARM.ActiveCfg = Release|ARM
		{D6A0DA77-8928-46FE-B9FA-AF4564EB648D}.Release|ARM.Build.0 = Release|ARM
		{D6A0DA77-8928-46FE-B9FA-AF4564EB648D}.Release|ARM.Deploy.0 = Release|ARM
		{D6A0DA77-8928-46FE-B9FA-AF4564EB648D}.Release|ARM64.ActiveCfg = Release|ARM64
		{D6A0DA77-8928-46FE-B9FA-AF4564EB648D}.Release|ARM64.Build.0 = Release|ARM64
		{D6A0DA77-8928-46FE-B9FA-AF4564EB648D}.Release|ARM64.Deploy.0 = Release|ARM64
		{D6A0DA77-8928-46FE-B9FA-AF4564EB648D}.Release|x64.ActiveCfg = Release|x64
		{D6A0DA77-8928-46FE-B9FA-AF4564EB648D}.Release|x64.Build.0 = Release|x64
		{D6A0DA77-8928-46FE-B9FA-AF4564EB648D}.Release|x64.Deploy.0 = Release|x64
		{D6A0DA77-8928-46FE-B9FA-AF4564EB648D}.Release|x86.ActiveCfg = Release|x86
		{D6A0DA77-8928-46FE-B9FA-AF4564EB648D}.Release|x86.Build.0 = Release|x86
		{D6A0DA77-8928-46FE-B9FA-AF4564EB648D}.Release|x86.Deploy.0 = Release|x86
		{0980E34F-BF5B-473C-893B-4AD83C0A9D23}.Debug|Any CPU.ActiveCfg = Debug|Any CPU
		{0980E34F-BF5B-473C-893B-4AD83C0A9D23}.Debug|Any CPU.Build.0 = Debug|Any CPU
		{0980E34F-BF5B-473C-893B-4AD83C0A9D23}.Debug|ARM.ActiveCfg = Debug|Any CPU
		{0980E34F-BF5B-473C-893B-4AD83C0A9D23}.Debug|ARM.Build.0 = Debug|Any CPU
		{0980E34F-BF5B-473C-893B-4AD83C0A9D23}.Debug|ARM64.ActiveCfg = Debug|Any CPU
		{0980E34F-BF5B-473C-893B-4AD83C0A9D23}.Debug|ARM64.Build.0 = Debug|Any CPU
		{0980E34F-BF5B-473C-893B-4AD83C0A9D23}.Debug|x64.ActiveCfg = Debug|Any CPU
		{0980E34F-BF5B-473C-893B-4AD83C0A9D23}.Debug|x64.Build.0 = Debug|Any CPU
		{0980E34F-BF5B-473C-893B-4AD83C0A9D23}.Debug|x86.ActiveCfg = Debug|Any CPU
		{0980E34F-BF5B-473C-893B-4AD83C0A9D23}.Debug|x86.Build.0 = Debug|Any CPU
		{0980E34F-BF5B-473C-893B-4AD83C0A9D23}.Release|Any CPU.ActiveCfg = Release|Any CPU
		{0980E34F-BF5B-473C-893B-4AD83C0A9D23}.Release|Any CPU.Build.0 = Release|Any CPU
		{0980E34F-BF5B-473C-893B-4AD83C0A9D23}.Release|ARM.ActiveCfg = Release|Any CPU
		{0980E34F-BF5B-473C-893B-4AD83C0A9D23}.Release|ARM.Build.0 = Release|Any CPU
		{0980E34F-BF5B-473C-893B-4AD83C0A9D23}.Release|ARM64.ActiveCfg = Release|Any CPU
		{0980E34F-BF5B-473C-893B-4AD83C0A9D23}.Release|ARM64.Build.0 = Release|Any CPU
		{0980E34F-BF5B-473C-893B-4AD83C0A9D23}.Release|x64.ActiveCfg = Release|Any CPU
		{0980E34F-BF5B-473C-893B-4AD83C0A9D23}.Release|x64.Build.0 = Release|Any CPU
		{0980E34F-BF5B-473C-893B-4AD83C0A9D23}.Release|x86.ActiveCfg = Release|Any CPU
		{0980E34F-BF5B-473C-893B-4AD83C0A9D23}.Release|x86.Build.0 = Release|Any CPU
		{B314F1BD-0254-4FC4-86B5-C0F7719DB9B2}.Debug|Any CPU.ActiveCfg = Debug|Any CPU
		{B314F1BD-0254-4FC4-86B5-C0F7719DB9B2}.Debug|Any CPU.Build.0 = Debug|Any CPU
		{B314F1BD-0254-4FC4-86B5-C0F7719DB9B2}.Debug|ARM.ActiveCfg = Debug|Any CPU
		{B314F1BD-0254-4FC4-86B5-C0F7719DB9B2}.Debug|ARM.Build.0 = Debug|Any CPU
		{B314F1BD-0254-4FC4-86B5-C0F7719DB9B2}.Debug|ARM64.ActiveCfg = Debug|Any CPU
		{B314F1BD-0254-4FC4-86B5-C0F7719DB9B2}.Debug|ARM64.Build.0 = Debug|Any CPU
		{B314F1BD-0254-4FC4-86B5-C0F7719DB9B2}.Debug|x64.ActiveCfg = Debug|Any CPU
		{B314F1BD-0254-4FC4-86B5-C0F7719DB9B2}.Debug|x64.Build.0 = Debug|Any CPU
		{B314F1BD-0254-4FC4-86B5-C0F7719DB9B2}.Debug|x86.ActiveCfg = Debug|Any CPU
		{B314F1BD-0254-4FC4-86B5-C0F7719DB9B2}.Debug|x86.Build.0 = Debug|Any CPU
		{B314F1BD-0254-4FC4-86B5-C0F7719DB9B2}.Release|Any CPU.ActiveCfg = Release|Any CPU
		{B314F1BD-0254-4FC4-86B5-C0F7719DB9B2}.Release|Any CPU.Build.0 = Release|Any CPU
		{B314F1BD-0254-4FC4-86B5-C0F7719DB9B2}.Release|ARM.ActiveCfg = Release|Any CPU
		{B314F1BD-0254-4FC4-86B5-C0F7719DB9B2}.Release|ARM.Build.0 = Release|Any CPU
		{B314F1BD-0254-4FC4-86B5-C0F7719DB9B2}.Release|ARM64.ActiveCfg = Release|Any CPU
		{B314F1BD-0254-4FC4-86B5-C0F7719DB9B2}.Release|ARM64.Build.0 = Release|Any CPU
		{B314F1BD-0254-4FC4-86B5-C0F7719DB9B2}.Release|x64.ActiveCfg = Release|Any CPU
		{B314F1BD-0254-4FC4-86B5-C0F7719DB9B2}.Release|x64.Build.0 = Release|Any CPU
		{B314F1BD-0254-4FC4-86B5-C0F7719DB9B2}.Release|x86.ActiveCfg = Release|Any CPU
		{B314F1BD-0254-4FC4-86B5-C0F7719DB9B2}.Release|x86.Build.0 = Release|Any CPU
		{F4E45FCC-5049-45DB-8121-336DE84DD03F}.Debug|Any CPU.ActiveCfg = Debug|Any CPU
		{F4E45FCC-5049-45DB-8121-336DE84DD03F}.Debug|Any CPU.Build.0 = Debug|Any CPU
		{F4E45FCC-5049-45DB-8121-336DE84DD03F}.Debug|ARM.ActiveCfg = Debug|Any CPU
		{F4E45FCC-5049-45DB-8121-336DE84DD03F}.Debug|ARM.Build.0 = Debug|Any CPU
		{F4E45FCC-5049-45DB-8121-336DE84DD03F}.Debug|ARM64.ActiveCfg = Debug|Any CPU
		{F4E45FCC-5049-45DB-8121-336DE84DD03F}.Debug|ARM64.Build.0 = Debug|Any CPU
		{F4E45FCC-5049-45DB-8121-336DE84DD03F}.Debug|x64.ActiveCfg = Debug|Any CPU
		{F4E45FCC-5049-45DB-8121-336DE84DD03F}.Debug|x64.Build.0 = Debug|Any CPU
		{F4E45FCC-5049-45DB-8121-336DE84DD03F}.Debug|x86.ActiveCfg = Debug|Any CPU
		{F4E45FCC-5049-45DB-8121-336DE84DD03F}.Debug|x86.Build.0 = Debug|Any CPU
		{F4E45FCC-5049-45DB-8121-336DE84DD03F}.Release|Any CPU.ActiveCfg = Release|Any CPU
		{F4E45FCC-5049-45DB-8121-336DE84DD03F}.Release|Any CPU.Build.0 = Release|Any CPU
		{F4E45FCC-5049-45DB-8121-336DE84DD03F}.Release|ARM.ActiveCfg = Release|Any CPU
		{F4E45FCC-5049-45DB-8121-336DE84DD03F}.Release|ARM.Build.0 = Release|Any CPU
		{F4E45FCC-5049-45DB-8121-336DE84DD03F}.Release|ARM64.ActiveCfg = Release|Any CPU
		{F4E45FCC-5049-45DB-8121-336DE84DD03F}.Release|ARM64.Build.0 = Release|Any CPU
		{F4E45FCC-5049-45DB-8121-336DE84DD03F}.Release|x64.ActiveCfg = Release|Any CPU
		{F4E45FCC-5049-45DB-8121-336DE84DD03F}.Release|x64.Build.0 = Release|Any CPU
		{F4E45FCC-5049-45DB-8121-336DE84DD03F}.Release|x86.ActiveCfg = Release|Any CPU
		{F4E45FCC-5049-45DB-8121-336DE84DD03F}.Release|x86.Build.0 = Release|Any CPU
		{6BA1CF02-62B3-4ED8-8BA1-20629AC8574D}.Debug|Any CPU.ActiveCfg = Debug|Any CPU
		{6BA1CF02-62B3-4ED8-8BA1-20629AC8574D}.Debug|Any CPU.Build.0 = Debug|Any CPU
		{6BA1CF02-62B3-4ED8-8BA1-20629AC8574D}.Debug|ARM.ActiveCfg = Debug|Any CPU
		{6BA1CF02-62B3-4ED8-8BA1-20629AC8574D}.Debug|ARM.Build.0 = Debug|Any CPU
		{6BA1CF02-62B3-4ED8-8BA1-20629AC8574D}.Debug|ARM64.ActiveCfg = Debug|Any CPU
		{6BA1CF02-62B3-4ED8-8BA1-20629AC8574D}.Debug|ARM64.Build.0 = Debug|Any CPU
		{6BA1CF02-62B3-4ED8-8BA1-20629AC8574D}.Debug|x64.ActiveCfg = Debug|Any CPU
		{6BA1CF02-62B3-4ED8-8BA1-20629AC8574D}.Debug|x64.Build.0 = Debug|Any CPU
		{6BA1CF02-62B3-4ED8-8BA1-20629AC8574D}.Debug|x86.ActiveCfg = Debug|Any CPU
		{6BA1CF02-62B3-4ED8-8BA1-20629AC8574D}.Debug|x86.Build.0 = Debug|Any CPU
		{6BA1CF02-62B3-4ED8-8BA1-20629AC8574D}.Release|Any CPU.ActiveCfg = Release|Any CPU
		{6BA1CF02-62B3-4ED8-8BA1-20629AC8574D}.Release|Any CPU.Build.0 = Release|Any CPU
		{6BA1CF02-62B3-4ED8-8BA1-20629AC8574D}.Release|ARM.ActiveCfg = Release|Any CPU
		{6BA1CF02-62B3-4ED8-8BA1-20629AC8574D}.Release|ARM.Build.0 = Release|Any CPU
		{6BA1CF02-62B3-4ED8-8BA1-20629AC8574D}.Release|ARM64.ActiveCfg = Release|Any CPU
		{6BA1CF02-62B3-4ED8-8BA1-20629AC8574D}.Release|ARM64.Build.0 = Release|Any CPU
		{6BA1CF02-62B3-4ED8-8BA1-20629AC8574D}.Release|x64.ActiveCfg = Release|Any CPU
		{6BA1CF02-62B3-4ED8-8BA1-20629AC8574D}.Release|x64.Build.0 = Release|Any CPU
		{6BA1CF02-62B3-4ED8-8BA1-20629AC8574D}.Release|x86.ActiveCfg = Release|Any CPU
		{6BA1CF02-62B3-4ED8-8BA1-20629AC8574D}.Release|x86.Build.0 = Release|Any CPU
		{6AD728E6-FDE5-49DD-8819-7F69582B9404}.Debug|Any CPU.ActiveCfg = Debug|Any CPU
		{6AD728E6-FDE5-49DD-8819-7F69582B9404}.Debug|Any CPU.Build.0 = Debug|Any CPU
		{6AD728E6-FDE5-49DD-8819-7F69582B9404}.Debug|ARM.ActiveCfg = Debug|Any CPU
		{6AD728E6-FDE5-49DD-8819-7F69582B9404}.Debug|ARM.Build.0 = Debug|Any CPU
		{6AD728E6-FDE5-49DD-8819-7F69582B9404}.Debug|ARM64.ActiveCfg = Debug|Any CPU
		{6AD728E6-FDE5-49DD-8819-7F69582B9404}.Debug|ARM64.Build.0 = Debug|Any CPU
		{6AD728E6-FDE5-49DD-8819-7F69582B9404}.Debug|x64.ActiveCfg = Debug|Any CPU
		{6AD728E6-FDE5-49DD-8819-7F69582B9404}.Debug|x64.Build.0 = Debug|Any CPU
		{6AD728E6-FDE5-49DD-8819-7F69582B9404}.Debug|x86.ActiveCfg = Debug|Any CPU
		{6AD728E6-FDE5-49DD-8819-7F69582B9404}.Debug|x86.Build.0 = Debug|Any CPU
		{6AD728E6-FDE5-49DD-8819-7F69582B9404}.Release|Any CPU.ActiveCfg = Release|Any CPU
		{6AD728E6-FDE5-49DD-8819-7F69582B9404}.Release|Any CPU.Build.0 = Release|Any CPU
		{6AD728E6-FDE5-49DD-8819-7F69582B9404}.Release|ARM.ActiveCfg = Release|Any CPU
		{6AD728E6-FDE5-49DD-8819-7F69582B9404}.Release|ARM.Build.0 = Release|Any CPU
		{6AD728E6-FDE5-49DD-8819-7F69582B9404}.Release|ARM64.ActiveCfg = Release|Any CPU
		{6AD728E6-FDE5-49DD-8819-7F69582B9404}.Release|ARM64.Build.0 = Release|Any CPU
		{6AD728E6-FDE5-49DD-8819-7F69582B9404}.Release|x64.ActiveCfg = Release|Any CPU
		{6AD728E6-FDE5-49DD-8819-7F69582B9404}.Release|x64.Build.0 = Release|Any CPU
		{6AD728E6-FDE5-49DD-8819-7F69582B9404}.Release|x86.ActiveCfg = Release|Any CPU
		{6AD728E6-FDE5-49DD-8819-7F69582B9404}.Release|x86.Build.0 = Release|Any CPU
		{CD4ABCEE-1297-4945-A66F-307AD8812418}.Debug|Any CPU.ActiveCfg = Debug|Any CPU
		{CD4ABCEE-1297-4945-A66F-307AD8812418}.Debug|Any CPU.Build.0 = Debug|Any CPU
		{CD4ABCEE-1297-4945-A66F-307AD8812418}.Debug|ARM.ActiveCfg = Debug|Any CPU
		{CD4ABCEE-1297-4945-A66F-307AD8812418}.Debug|ARM.Build.0 = Debug|Any CPU
		{CD4ABCEE-1297-4945-A66F-307AD8812418}.Debug|ARM64.ActiveCfg = Debug|Any CPU
		{CD4ABCEE-1297-4945-A66F-307AD8812418}.Debug|ARM64.Build.0 = Debug|Any CPU
		{CD4ABCEE-1297-4945-A66F-307AD8812418}.Debug|x64.ActiveCfg = Debug|Any CPU
		{CD4ABCEE-1297-4945-A66F-307AD8812418}.Debug|x64.Build.0 = Debug|Any CPU
		{CD4ABCEE-1297-4945-A66F-307AD8812418}.Debug|x86.ActiveCfg = Debug|Any CPU
		{CD4ABCEE-1297-4945-A66F-307AD8812418}.Debug|x86.Build.0 = Debug|Any CPU
		{CD4ABCEE-1297-4945-A66F-307AD8812418}.Release|Any CPU.ActiveCfg = Release|Any CPU
		{CD4ABCEE-1297-4945-A66F-307AD8812418}.Release|Any CPU.Build.0 = Release|Any CPU
		{CD4ABCEE-1297-4945-A66F-307AD8812418}.Release|ARM.ActiveCfg = Release|Any CPU
		{CD4ABCEE-1297-4945-A66F-307AD8812418}.Release|ARM.Build.0 = Release|Any CPU
		{CD4ABCEE-1297-4945-A66F-307AD8812418}.Release|ARM64.ActiveCfg = Release|Any CPU
		{CD4ABCEE-1297-4945-A66F-307AD8812418}.Release|ARM64.Build.0 = Release|Any CPU
		{CD4ABCEE-1297-4945-A66F-307AD8812418}.Release|x64.ActiveCfg = Release|Any CPU
		{CD4ABCEE-1297-4945-A66F-307AD8812418}.Release|x64.Build.0 = Release|Any CPU
		{CD4ABCEE-1297-4945-A66F-307AD8812418}.Release|x86.ActiveCfg = Release|Any CPU
		{CD4ABCEE-1297-4945-A66F-307AD8812418}.Release|x86.Build.0 = Release|Any CPU
		{A921EC0D-463E-4008-9CF5-96B5ADD7F74C}.Debug|Any CPU.ActiveCfg = Debug|Any CPU
		{A921EC0D-463E-4008-9CF5-96B5ADD7F74C}.Debug|Any CPU.Build.0 = Debug|Any CPU
		{A921EC0D-463E-4008-9CF5-96B5ADD7F74C}.Debug|ARM.ActiveCfg = Debug|Any CPU
		{A921EC0D-463E-4008-9CF5-96B5ADD7F74C}.Debug|ARM.Build.0 = Debug|Any CPU
		{A921EC0D-463E-4008-9CF5-96B5ADD7F74C}.Debug|ARM64.ActiveCfg = Debug|Any CPU
		{A921EC0D-463E-4008-9CF5-96B5ADD7F74C}.Debug|ARM64.Build.0 = Debug|Any CPU
		{A921EC0D-463E-4008-9CF5-96B5ADD7F74C}.Debug|x64.ActiveCfg = Debug|Any CPU
		{A921EC0D-463E-4008-9CF5-96B5ADD7F74C}.Debug|x64.Build.0 = Debug|Any CPU
		{A921EC0D-463E-4008-9CF5-96B5ADD7F74C}.Debug|x86.ActiveCfg = Debug|Any CPU
		{A921EC0D-463E-4008-9CF5-96B5ADD7F74C}.Debug|x86.Build.0 = Debug|Any CPU
		{A921EC0D-463E-4008-9CF5-96B5ADD7F74C}.Release|Any CPU.ActiveCfg = Release|Any CPU
		{A921EC0D-463E-4008-9CF5-96B5ADD7F74C}.Release|Any CPU.Build.0 = Release|Any CPU
		{A921EC0D-463E-4008-9CF5-96B5ADD7F74C}.Release|ARM.ActiveCfg = Release|Any CPU
		{A921EC0D-463E-4008-9CF5-96B5ADD7F74C}.Release|ARM.Build.0 = Release|Any CPU
		{A921EC0D-463E-4008-9CF5-96B5ADD7F74C}.Release|ARM64.ActiveCfg = Release|Any CPU
		{A921EC0D-463E-4008-9CF5-96B5ADD7F74C}.Release|ARM64.Build.0 = Release|Any CPU
		{A921EC0D-463E-4008-9CF5-96B5ADD7F74C}.Release|x64.ActiveCfg = Release|Any CPU
		{A921EC0D-463E-4008-9CF5-96B5ADD7F74C}.Release|x64.Build.0 = Release|Any CPU
		{A921EC0D-463E-4008-9CF5-96B5ADD7F74C}.Release|x86.ActiveCfg = Release|Any CPU
		{A921EC0D-463E-4008-9CF5-96B5ADD7F74C}.Release|x86.Build.0 = Release|Any CPU
		{C98C374A-9FF4-4C6D-BA5E-E1E1F102374E}.Debug|Any CPU.ActiveCfg = Debug|Any CPU
		{C98C374A-9FF4-4C6D-BA5E-E1E1F102374E}.Debug|Any CPU.Build.0 = Debug|Any CPU
		{C98C374A-9FF4-4C6D-BA5E-E1E1F102374E}.Debug|ARM.ActiveCfg = Debug|Any CPU
		{C98C374A-9FF4-4C6D-BA5E-E1E1F102374E}.Debug|ARM.Build.0 = Debug|Any CPU
		{C98C374A-9FF4-4C6D-BA5E-E1E1F102374E}.Debug|ARM64.ActiveCfg = Debug|Any CPU
		{C98C374A-9FF4-4C6D-BA5E-E1E1F102374E}.Debug|ARM64.Build.0 = Debug|Any CPU
		{C98C374A-9FF4-4C6D-BA5E-E1E1F102374E}.Debug|x64.ActiveCfg = Debug|Any CPU
		{C98C374A-9FF4-4C6D-BA5E-E1E1F102374E}.Debug|x64.Build.0 = Debug|Any CPU
		{C98C374A-9FF4-4C6D-BA5E-E1E1F102374E}.Debug|x86.ActiveCfg = Debug|Any CPU
		{C98C374A-9FF4-4C6D-BA5E-E1E1F102374E}.Debug|x86.Build.0 = Debug|Any CPU
		{C98C374A-9FF4-4C6D-BA5E-E1E1F102374E}.Release|Any CPU.ActiveCfg = Release|Any CPU
		{C98C374A-9FF4-4C6D-BA5E-E1E1F102374E}.Release|Any CPU.Build.0 = Release|Any CPU
		{C98C374A-9FF4-4C6D-BA5E-E1E1F102374E}.Release|ARM.ActiveCfg = Release|Any CPU
		{C98C374A-9FF4-4C6D-BA5E-E1E1F102374E}.Release|ARM.Build.0 = Release|Any CPU
		{C98C374A-9FF4-4C6D-BA5E-E1E1F102374E}.Release|ARM64.ActiveCfg = Release|Any CPU
		{C98C374A-9FF4-4C6D-BA5E-E1E1F102374E}.Release|ARM64.Build.0 = Release|Any CPU
		{C98C374A-9FF4-4C6D-BA5E-E1E1F102374E}.Release|x64.ActiveCfg = Release|Any CPU
		{C98C374A-9FF4-4C6D-BA5E-E1E1F102374E}.Release|x64.Build.0 = Release|Any CPU
		{C98C374A-9FF4-4C6D-BA5E-E1E1F102374E}.Release|x86.ActiveCfg = Release|Any CPU
		{C98C374A-9FF4-4C6D-BA5E-E1E1F102374E}.Release|x86.Build.0 = Release|Any CPU
		{8FF2DE7B-BE59-4431-8081-AF77F76B22F8}.Debug|Any CPU.ActiveCfg = Debug|Any CPU
		{8FF2DE7B-BE59-4431-8081-AF77F76B22F8}.Debug|Any CPU.Build.0 = Debug|Any CPU
		{8FF2DE7B-BE59-4431-8081-AF77F76B22F8}.Debug|ARM.ActiveCfg = Debug|Any CPU
		{8FF2DE7B-BE59-4431-8081-AF77F76B22F8}.Debug|ARM.Build.0 = Debug|Any CPU
		{8FF2DE7B-BE59-4431-8081-AF77F76B22F8}.Debug|ARM64.ActiveCfg = Debug|Any CPU
		{8FF2DE7B-BE59-4431-8081-AF77F76B22F8}.Debug|ARM64.Build.0 = Debug|Any CPU
		{8FF2DE7B-BE59-4431-8081-AF77F76B22F8}.Debug|x64.ActiveCfg = Debug|Any CPU
		{8FF2DE7B-BE59-4431-8081-AF77F76B22F8}.Debug|x64.Build.0 = Debug|Any CPU
		{8FF2DE7B-BE59-4431-8081-AF77F76B22F8}.Debug|x86.ActiveCfg = Debug|Any CPU
		{8FF2DE7B-BE59-4431-8081-AF77F76B22F8}.Debug|x86.Build.0 = Debug|Any CPU
		{8FF2DE7B-BE59-4431-8081-AF77F76B22F8}.Release|Any CPU.ActiveCfg = Release|Any CPU
		{8FF2DE7B-BE59-4431-8081-AF77F76B22F8}.Release|Any CPU.Build.0 = Release|Any CPU
		{8FF2DE7B-BE59-4431-8081-AF77F76B22F8}.Release|ARM.ActiveCfg = Release|Any CPU
		{8FF2DE7B-BE59-4431-8081-AF77F76B22F8}.Release|ARM.Build.0 = Release|Any CPU
		{8FF2DE7B-BE59-4431-8081-AF77F76B22F8}.Release|ARM64.ActiveCfg = Release|Any CPU
		{8FF2DE7B-BE59-4431-8081-AF77F76B22F8}.Release|ARM64.Build.0 = Release|Any CPU
		{8FF2DE7B-BE59-4431-8081-AF77F76B22F8}.Release|x64.ActiveCfg = Release|Any CPU
		{8FF2DE7B-BE59-4431-8081-AF77F76B22F8}.Release|x64.Build.0 = Release|Any CPU
		{8FF2DE7B-BE59-4431-8081-AF77F76B22F8}.Release|x86.ActiveCfg = Release|Any CPU
		{8FF2DE7B-BE59-4431-8081-AF77F76B22F8}.Release|x86.Build.0 = Release|Any CPU
		{E2566B0A-A24F-4168-B585-C8BE8800A7E8}.Debug|Any CPU.ActiveCfg = Debug|Any CPU
		{E2566B0A-A24F-4168-B585-C8BE8800A7E8}.Debug|Any CPU.Build.0 = Debug|Any CPU
		{E2566B0A-A24F-4168-B585-C8BE8800A7E8}.Debug|ARM.ActiveCfg = Debug|Any CPU
		{E2566B0A-A24F-4168-B585-C8BE8800A7E8}.Debug|ARM.Build.0 = Debug|Any CPU
		{E2566B0A-A24F-4168-B585-C8BE8800A7E8}.Debug|ARM64.ActiveCfg = Debug|Any CPU
		{E2566B0A-A24F-4168-B585-C8BE8800A7E8}.Debug|ARM64.Build.0 = Debug|Any CPU
		{E2566B0A-A24F-4168-B585-C8BE8800A7E8}.Debug|x64.ActiveCfg = Debug|Any CPU
		{E2566B0A-A24F-4168-B585-C8BE8800A7E8}.Debug|x64.Build.0 = Debug|Any CPU
		{E2566B0A-A24F-4168-B585-C8BE8800A7E8}.Debug|x86.ActiveCfg = Debug|Any CPU
		{E2566B0A-A24F-4168-B585-C8BE8800A7E8}.Debug|x86.Build.0 = Debug|Any CPU
		{E2566B0A-A24F-4168-B585-C8BE8800A7E8}.Release|Any CPU.ActiveCfg = Release|Any CPU
		{E2566B0A-A24F-4168-B585-C8BE8800A7E8}.Release|Any CPU.Build.0 = Release|Any CPU
		{E2566B0A-A24F-4168-B585-C8BE8800A7E8}.Release|ARM.ActiveCfg = Release|Any CPU
		{E2566B0A-A24F-4168-B585-C8BE8800A7E8}.Release|ARM.Build.0 = Release|Any CPU
		{E2566B0A-A24F-4168-B585-C8BE8800A7E8}.Release|ARM64.ActiveCfg = Release|Any CPU
		{E2566B0A-A24F-4168-B585-C8BE8800A7E8}.Release|ARM64.Build.0 = Release|Any CPU
		{E2566B0A-A24F-4168-B585-C8BE8800A7E8}.Release|x64.ActiveCfg = Release|Any CPU
		{E2566B0A-A24F-4168-B585-C8BE8800A7E8}.Release|x64.Build.0 = Release|Any CPU
		{E2566B0A-A24F-4168-B585-C8BE8800A7E8}.Release|x86.ActiveCfg = Release|Any CPU
		{E2566B0A-A24F-4168-B585-C8BE8800A7E8}.Release|x86.Build.0 = Release|Any CPU
		{1CC44B1D-3406-4732-8641-A5EA5F26026C}.Debug|Any CPU.ActiveCfg = Debug|Any CPU
		{1CC44B1D-3406-4732-8641-A5EA5F26026C}.Debug|Any CPU.Build.0 = Debug|Any CPU
		{1CC44B1D-3406-4732-8641-A5EA5F26026C}.Debug|ARM.ActiveCfg = Debug|Any CPU
		{1CC44B1D-3406-4732-8641-A5EA5F26026C}.Debug|ARM.Build.0 = Debug|Any CPU
		{1CC44B1D-3406-4732-8641-A5EA5F26026C}.Debug|ARM64.ActiveCfg = Debug|Any CPU
		{1CC44B1D-3406-4732-8641-A5EA5F26026C}.Debug|ARM64.Build.0 = Debug|Any CPU
		{1CC44B1D-3406-4732-8641-A5EA5F26026C}.Debug|x64.ActiveCfg = Debug|Any CPU
		{1CC44B1D-3406-4732-8641-A5EA5F26026C}.Debug|x64.Build.0 = Debug|Any CPU
		{1CC44B1D-3406-4732-8641-A5EA5F26026C}.Debug|x86.ActiveCfg = Debug|Any CPU
		{1CC44B1D-3406-4732-8641-A5EA5F26026C}.Debug|x86.Build.0 = Debug|Any CPU
		{1CC44B1D-3406-4732-8641-A5EA5F26026C}.Release|Any CPU.ActiveCfg = Release|Any CPU
		{1CC44B1D-3406-4732-8641-A5EA5F26026C}.Release|Any CPU.Build.0 = Release|Any CPU
		{1CC44B1D-3406-4732-8641-A5EA5F26026C}.Release|ARM.ActiveCfg = Release|Any CPU
		{1CC44B1D-3406-4732-8641-A5EA5F26026C}.Release|ARM.Build.0 = Release|Any CPU
		{1CC44B1D-3406-4732-8641-A5EA5F26026C}.Release|ARM64.ActiveCfg = Release|Any CPU
		{1CC44B1D-3406-4732-8641-A5EA5F26026C}.Release|ARM64.Build.0 = Release|Any CPU
		{1CC44B1D-3406-4732-8641-A5EA5F26026C}.Release|x64.ActiveCfg = Release|Any CPU
		{1CC44B1D-3406-4732-8641-A5EA5F26026C}.Release|x64.Build.0 = Release|Any CPU
		{1CC44B1D-3406-4732-8641-A5EA5F26026C}.Release|x86.ActiveCfg = Release|Any CPU
		{1CC44B1D-3406-4732-8641-A5EA5F26026C}.Release|x86.Build.0 = Release|Any CPU
		{BBCD1A43-F95F-43DF-8D2A-84B32F80C7F6}.Debug|Any CPU.ActiveCfg = Debug|Any CPU
		{BBCD1A43-F95F-43DF-8D2A-84B32F80C7F6}.Debug|Any CPU.Build.0 = Debug|Any CPU
		{BBCD1A43-F95F-43DF-8D2A-84B32F80C7F6}.Debug|ARM.ActiveCfg = Debug|Any CPU
		{BBCD1A43-F95F-43DF-8D2A-84B32F80C7F6}.Debug|ARM.Build.0 = Debug|Any CPU
		{BBCD1A43-F95F-43DF-8D2A-84B32F80C7F6}.Debug|ARM64.ActiveCfg = Debug|Any CPU
		{BBCD1A43-F95F-43DF-8D2A-84B32F80C7F6}.Debug|ARM64.Build.0 = Debug|Any CPU
		{BBCD1A43-F95F-43DF-8D2A-84B32F80C7F6}.Debug|x64.ActiveCfg = Debug|Any CPU
		{BBCD1A43-F95F-43DF-8D2A-84B32F80C7F6}.Debug|x64.Build.0 = Debug|Any CPU
		{BBCD1A43-F95F-43DF-8D2A-84B32F80C7F6}.Debug|x86.ActiveCfg = Debug|Any CPU
		{BBCD1A43-F95F-43DF-8D2A-84B32F80C7F6}.Debug|x86.Build.0 = Debug|Any CPU
		{BBCD1A43-F95F-43DF-8D2A-84B32F80C7F6}.Release|Any CPU.ActiveCfg = Release|Any CPU
		{BBCD1A43-F95F-43DF-8D2A-84B32F80C7F6}.Release|Any CPU.Build.0 = Release|Any CPU
		{BBCD1A43-F95F-43DF-8D2A-84B32F80C7F6}.Release|ARM.ActiveCfg = Release|Any CPU
		{BBCD1A43-F95F-43DF-8D2A-84B32F80C7F6}.Release|ARM.Build.0 = Release|Any CPU
		{BBCD1A43-F95F-43DF-8D2A-84B32F80C7F6}.Release|ARM64.ActiveCfg = Release|Any CPU
		{BBCD1A43-F95F-43DF-8D2A-84B32F80C7F6}.Release|ARM64.Build.0 = Release|Any CPU
		{BBCD1A43-F95F-43DF-8D2A-84B32F80C7F6}.Release|x64.ActiveCfg = Release|Any CPU
		{BBCD1A43-F95F-43DF-8D2A-84B32F80C7F6}.Release|x64.Build.0 = Release|Any CPU
		{BBCD1A43-F95F-43DF-8D2A-84B32F80C7F6}.Release|x86.ActiveCfg = Release|Any CPU
		{BBCD1A43-F95F-43DF-8D2A-84B32F80C7F6}.Release|x86.Build.0 = Release|Any CPU
		{E53C08B0-FC9E-43AF-ABFF-C71105B8E323}.Debug|Any CPU.ActiveCfg = Debug|Any CPU
		{E53C08B0-FC9E-43AF-ABFF-C71105B8E323}.Debug|Any CPU.Build.0 = Debug|Any CPU
		{E53C08B0-FC9E-43AF-ABFF-C71105B8E323}.Debug|ARM.ActiveCfg = Debug|Any CPU
		{E53C08B0-FC9E-43AF-ABFF-C71105B8E323}.Debug|ARM.Build.0 = Debug|Any CPU
		{E53C08B0-FC9E-43AF-ABFF-C71105B8E323}.Debug|ARM64.ActiveCfg = Debug|Any CPU
		{E53C08B0-FC9E-43AF-ABFF-C71105B8E323}.Debug|ARM64.Build.0 = Debug|Any CPU
		{E53C08B0-FC9E-43AF-ABFF-C71105B8E323}.Debug|x64.ActiveCfg = Debug|Any CPU
		{E53C08B0-FC9E-43AF-ABFF-C71105B8E323}.Debug|x64.Build.0 = Debug|Any CPU
		{E53C08B0-FC9E-43AF-ABFF-C71105B8E323}.Debug|x86.ActiveCfg = Debug|Any CPU
		{E53C08B0-FC9E-43AF-ABFF-C71105B8E323}.Debug|x86.Build.0 = Debug|Any CPU
		{E53C08B0-FC9E-43AF-ABFF-C71105B8E323}.Release|Any CPU.ActiveCfg = Release|Any CPU
		{E53C08B0-FC9E-43AF-ABFF-C71105B8E323}.Release|Any CPU.Build.0 = Release|Any CPU
		{E53C08B0-FC9E-43AF-ABFF-C71105B8E323}.Release|ARM.ActiveCfg = Release|Any CPU
		{E53C08B0-FC9E-43AF-ABFF-C71105B8E323}.Release|ARM.Build.0 = Release|Any CPU
		{E53C08B0-FC9E-43AF-ABFF-C71105B8E323}.Release|ARM64.ActiveCfg = Release|Any CPU
		{E53C08B0-FC9E-43AF-ABFF-C71105B8E323}.Release|ARM64.Build.0 = Release|Any CPU
		{E53C08B0-FC9E-43AF-ABFF-C71105B8E323}.Release|x64.ActiveCfg = Release|Any CPU
		{E53C08B0-FC9E-43AF-ABFF-C71105B8E323}.Release|x64.Build.0 = Release|Any CPU
		{E53C08B0-FC9E-43AF-ABFF-C71105B8E323}.Release|x86.ActiveCfg = Release|Any CPU
		{E53C08B0-FC9E-43AF-ABFF-C71105B8E323}.Release|x86.Build.0 = Release|Any CPU
		{6935FB6A-B5EC-49AA-A785-5FAA2736A664}.Debug|Any CPU.ActiveCfg = Debug|Any CPU
		{6935FB6A-B5EC-49AA-A785-5FAA2736A664}.Debug|Any CPU.Build.0 = Debug|Any CPU
		{6935FB6A-B5EC-49AA-A785-5FAA2736A664}.Debug|ARM.ActiveCfg = Debug|Any CPU
		{6935FB6A-B5EC-49AA-A785-5FAA2736A664}.Debug|ARM.Build.0 = Debug|Any CPU
		{6935FB6A-B5EC-49AA-A785-5FAA2736A664}.Debug|ARM64.ActiveCfg = Debug|Any CPU
		{6935FB6A-B5EC-49AA-A785-5FAA2736A664}.Debug|ARM64.Build.0 = Debug|Any CPU
		{6935FB6A-B5EC-49AA-A785-5FAA2736A664}.Debug|x64.ActiveCfg = Debug|Any CPU
		{6935FB6A-B5EC-49AA-A785-5FAA2736A664}.Debug|x64.Build.0 = Debug|Any CPU
		{6935FB6A-B5EC-49AA-A785-5FAA2736A664}.Debug|x86.ActiveCfg = Debug|Any CPU
		{6935FB6A-B5EC-49AA-A785-5FAA2736A664}.Debug|x86.Build.0 = Debug|Any CPU
		{6935FB6A-B5EC-49AA-A785-5FAA2736A664}.Release|Any CPU.ActiveCfg = Release|Any CPU
		{6935FB6A-B5EC-49AA-A785-5FAA2736A664}.Release|Any CPU.Build.0 = Release|Any CPU
		{6935FB6A-B5EC-49AA-A785-5FAA2736A664}.Release|ARM.ActiveCfg = Release|Any CPU
		{6935FB6A-B5EC-49AA-A785-5FAA2736A664}.Release|ARM.Build.0 = Release|Any CPU
		{6935FB6A-B5EC-49AA-A785-5FAA2736A664}.Release|ARM64.ActiveCfg = Release|Any CPU
		{6935FB6A-B5EC-49AA-A785-5FAA2736A664}.Release|ARM64.Build.0 = Release|Any CPU
		{6935FB6A-B5EC-49AA-A785-5FAA2736A664}.Release|x64.ActiveCfg = Release|Any CPU
		{6935FB6A-B5EC-49AA-A785-5FAA2736A664}.Release|x64.Build.0 = Release|Any CPU
		{6935FB6A-B5EC-49AA-A785-5FAA2736A664}.Release|x86.ActiveCfg = Release|Any CPU
		{6935FB6A-B5EC-49AA-A785-5FAA2736A664}.Release|x86.Build.0 = Release|Any CPU
		{771624BC-8536-4DC1-A7E3-4408B48876CA}.Debug|Any CPU.ActiveCfg = Debug|Any CPU
		{771624BC-8536-4DC1-A7E3-4408B48876CA}.Debug|Any CPU.Build.0 = Debug|Any CPU
		{771624BC-8536-4DC1-A7E3-4408B48876CA}.Debug|ARM.ActiveCfg = Debug|Any CPU
		{771624BC-8536-4DC1-A7E3-4408B48876CA}.Debug|ARM.Build.0 = Debug|Any CPU
		{771624BC-8536-4DC1-A7E3-4408B48876CA}.Debug|ARM64.ActiveCfg = Debug|Any CPU
		{771624BC-8536-4DC1-A7E3-4408B48876CA}.Debug|ARM64.Build.0 = Debug|Any CPU
		{771624BC-8536-4DC1-A7E3-4408B48876CA}.Debug|x64.ActiveCfg = Debug|Any CPU
		{771624BC-8536-4DC1-A7E3-4408B48876CA}.Debug|x64.Build.0 = Debug|Any CPU
		{771624BC-8536-4DC1-A7E3-4408B48876CA}.Debug|x86.ActiveCfg = Debug|Any CPU
		{771624BC-8536-4DC1-A7E3-4408B48876CA}.Debug|x86.Build.0 = Debug|Any CPU
		{771624BC-8536-4DC1-A7E3-4408B48876CA}.Release|Any CPU.ActiveCfg = Release|Any CPU
		{771624BC-8536-4DC1-A7E3-4408B48876CA}.Release|Any CPU.Build.0 = Release|Any CPU
		{771624BC-8536-4DC1-A7E3-4408B48876CA}.Release|ARM.ActiveCfg = Release|Any CPU
		{771624BC-8536-4DC1-A7E3-4408B48876CA}.Release|ARM.Build.0 = Release|Any CPU
		{771624BC-8536-4DC1-A7E3-4408B48876CA}.Release|ARM64.ActiveCfg = Release|Any CPU
		{771624BC-8536-4DC1-A7E3-4408B48876CA}.Release|ARM64.Build.0 = Release|Any CPU
		{771624BC-8536-4DC1-A7E3-4408B48876CA}.Release|x64.ActiveCfg = Release|Any CPU
		{771624BC-8536-4DC1-A7E3-4408B48876CA}.Release|x64.Build.0 = Release|Any CPU
		{771624BC-8536-4DC1-A7E3-4408B48876CA}.Release|x86.ActiveCfg = Release|Any CPU
		{771624BC-8536-4DC1-A7E3-4408B48876CA}.Release|x86.Build.0 = Release|Any CPU
		{0CF59A6B-F594-4626-9B0F-A4495A866635}.Debug|Any CPU.ActiveCfg = Debug|Any CPU
		{0CF59A6B-F594-4626-9B0F-A4495A866635}.Debug|Any CPU.Build.0 = Debug|Any CPU
		{0CF59A6B-F594-4626-9B0F-A4495A866635}.Debug|ARM.ActiveCfg = Debug|Any CPU
		{0CF59A6B-F594-4626-9B0F-A4495A866635}.Debug|ARM.Build.0 = Debug|Any CPU
		{0CF59A6B-F594-4626-9B0F-A4495A866635}.Debug|ARM64.ActiveCfg = Debug|Any CPU
		{0CF59A6B-F594-4626-9B0F-A4495A866635}.Debug|ARM64.Build.0 = Debug|Any CPU
		{0CF59A6B-F594-4626-9B0F-A4495A866635}.Debug|x64.ActiveCfg = Debug|Any CPU
		{0CF59A6B-F594-4626-9B0F-A4495A866635}.Debug|x64.Build.0 = Debug|Any CPU
		{0CF59A6B-F594-4626-9B0F-A4495A866635}.Debug|x86.ActiveCfg = Debug|Any CPU
		{0CF59A6B-F594-4626-9B0F-A4495A866635}.Debug|x86.Build.0 = Debug|Any CPU
		{0CF59A6B-F594-4626-9B0F-A4495A866635}.Release|Any CPU.ActiveCfg = Release|Any CPU
		{0CF59A6B-F594-4626-9B0F-A4495A866635}.Release|Any CPU.Build.0 = Release|Any CPU
		{0CF59A6B-F594-4626-9B0F-A4495A866635}.Release|ARM.ActiveCfg = Release|Any CPU
		{0CF59A6B-F594-4626-9B0F-A4495A866635}.Release|ARM.Build.0 = Release|Any CPU
		{0CF59A6B-F594-4626-9B0F-A4495A866635}.Release|ARM64.ActiveCfg = Release|Any CPU
		{0CF59A6B-F594-4626-9B0F-A4495A866635}.Release|ARM64.Build.0 = Release|Any CPU
		{0CF59A6B-F594-4626-9B0F-A4495A866635}.Release|x64.ActiveCfg = Release|Any CPU
		{0CF59A6B-F594-4626-9B0F-A4495A866635}.Release|x64.Build.0 = Release|Any CPU
		{0CF59A6B-F594-4626-9B0F-A4495A866635}.Release|x86.ActiveCfg = Release|Any CPU
		{0CF59A6B-F594-4626-9B0F-A4495A866635}.Release|x86.Build.0 = Release|Any CPU
		{8D466173-2A41-4076-BCD1-5E034E9D2DA4}.Debug|Any CPU.ActiveCfg = Debug|Any CPU
		{8D466173-2A41-4076-BCD1-5E034E9D2DA4}.Debug|Any CPU.Build.0 = Debug|Any CPU
		{8D466173-2A41-4076-BCD1-5E034E9D2DA4}.Debug|ARM.ActiveCfg = Debug|Any CPU
		{8D466173-2A41-4076-BCD1-5E034E9D2DA4}.Debug|ARM.Build.0 = Debug|Any CPU
		{8D466173-2A41-4076-BCD1-5E034E9D2DA4}.Debug|ARM64.ActiveCfg = Debug|Any CPU
		{8D466173-2A41-4076-BCD1-5E034E9D2DA4}.Debug|ARM64.Build.0 = Debug|Any CPU
		{8D466173-2A41-4076-BCD1-5E034E9D2DA4}.Debug|x64.ActiveCfg = Debug|Any CPU
		{8D466173-2A41-4076-BCD1-5E034E9D2DA4}.Debug|x64.Build.0 = Debug|Any CPU
		{8D466173-2A41-4076-BCD1-5E034E9D2DA4}.Debug|x86.ActiveCfg = Debug|Any CPU
		{8D466173-2A41-4076-BCD1-5E034E9D2DA4}.Debug|x86.Build.0 = Debug|Any CPU
		{8D466173-2A41-4076-BCD1-5E034E9D2DA4}.Release|Any CPU.ActiveCfg = Release|Any CPU
		{8D466173-2A41-4076-BCD1-5E034E9D2DA4}.Release|Any CPU.Build.0 = Release|Any CPU
		{8D466173-2A41-4076-BCD1-5E034E9D2DA4}.Release|ARM.ActiveCfg = Release|Any CPU
		{8D466173-2A41-4076-BCD1-5E034E9D2DA4}.Release|ARM.Build.0 = Release|Any CPU
		{8D466173-2A41-4076-BCD1-5E034E9D2DA4}.Release|ARM64.ActiveCfg = Release|Any CPU
		{8D466173-2A41-4076-BCD1-5E034E9D2DA4}.Release|ARM64.Build.0 = Release|Any CPU
		{8D466173-2A41-4076-BCD1-5E034E9D2DA4}.Release|x64.ActiveCfg = Release|Any CPU
		{8D466173-2A41-4076-BCD1-5E034E9D2DA4}.Release|x64.Build.0 = Release|Any CPU
		{8D466173-2A41-4076-BCD1-5E034E9D2DA4}.Release|x86.ActiveCfg = Release|Any CPU
		{8D466173-2A41-4076-BCD1-5E034E9D2DA4}.Release|x86.Build.0 = Release|Any CPU
		{D162F865-FE5A-4F24-8CBB-A8A76473F934}.Debug|Any CPU.ActiveCfg = Debug|Any CPU
		{D162F865-FE5A-4F24-8CBB-A8A76473F934}.Debug|Any CPU.Build.0 = Debug|Any CPU
		{D162F865-FE5A-4F24-8CBB-A8A76473F934}.Debug|ARM.ActiveCfg = Debug|Any CPU
		{D162F865-FE5A-4F24-8CBB-A8A76473F934}.Debug|ARM.Build.0 = Debug|Any CPU
		{D162F865-FE5A-4F24-8CBB-A8A76473F934}.Debug|ARM64.ActiveCfg = Debug|Any CPU
		{D162F865-FE5A-4F24-8CBB-A8A76473F934}.Debug|ARM64.Build.0 = Debug|Any CPU
		{D162F865-FE5A-4F24-8CBB-A8A76473F934}.Debug|x64.ActiveCfg = Debug|Any CPU
		{D162F865-FE5A-4F24-8CBB-A8A76473F934}.Debug|x64.Build.0 = Debug|Any CPU
		{D162F865-FE5A-4F24-8CBB-A8A76473F934}.Debug|x86.ActiveCfg = Debug|Any CPU
		{D162F865-FE5A-4F24-8CBB-A8A76473F934}.Debug|x86.Build.0 = Debug|Any CPU
		{D162F865-FE5A-4F24-8CBB-A8A76473F934}.Release|Any CPU.ActiveCfg = Release|Any CPU
		{D162F865-FE5A-4F24-8CBB-A8A76473F934}.Release|Any CPU.Build.0 = Release|Any CPU
		{D162F865-FE5A-4F24-8CBB-A8A76473F934}.Release|ARM.ActiveCfg = Release|Any CPU
		{D162F865-FE5A-4F24-8CBB-A8A76473F934}.Release|ARM.Build.0 = Release|Any CPU
		{D162F865-FE5A-4F24-8CBB-A8A76473F934}.Release|ARM64.ActiveCfg = Release|Any CPU
		{D162F865-FE5A-4F24-8CBB-A8A76473F934}.Release|ARM64.Build.0 = Release|Any CPU
		{D162F865-FE5A-4F24-8CBB-A8A76473F934}.Release|x64.ActiveCfg = Release|Any CPU
		{D162F865-FE5A-4F24-8CBB-A8A76473F934}.Release|x64.Build.0 = Release|Any CPU
		{D162F865-FE5A-4F24-8CBB-A8A76473F934}.Release|x86.ActiveCfg = Release|Any CPU
		{D162F865-FE5A-4F24-8CBB-A8A76473F934}.Release|x86.Build.0 = Release|Any CPU
		{7D2FA2EA-E438-41AC-AE92-BEBDE752FD49}.Debug|Any CPU.ActiveCfg = Debug|Any CPU
		{7D2FA2EA-E438-41AC-AE92-BEBDE752FD49}.Debug|Any CPU.Build.0 = Debug|Any CPU
		{7D2FA2EA-E438-41AC-AE92-BEBDE752FD49}.Debug|ARM.ActiveCfg = Debug|Any CPU
		{7D2FA2EA-E438-41AC-AE92-BEBDE752FD49}.Debug|ARM.Build.0 = Debug|Any CPU
		{7D2FA2EA-E438-41AC-AE92-BEBDE752FD49}.Debug|ARM64.ActiveCfg = Debug|Any CPU
		{7D2FA2EA-E438-41AC-AE92-BEBDE752FD49}.Debug|ARM64.Build.0 = Debug|Any CPU
		{7D2FA2EA-E438-41AC-AE92-BEBDE752FD49}.Debug|x64.ActiveCfg = Debug|Any CPU
		{7D2FA2EA-E438-41AC-AE92-BEBDE752FD49}.Debug|x64.Build.0 = Debug|Any CPU
		{7D2FA2EA-E438-41AC-AE92-BEBDE752FD49}.Debug|x86.ActiveCfg = Debug|Any CPU
		{7D2FA2EA-E438-41AC-AE92-BEBDE752FD49}.Debug|x86.Build.0 = Debug|Any CPU
		{7D2FA2EA-E438-41AC-AE92-BEBDE752FD49}.Release|Any CPU.ActiveCfg = Release|Any CPU
		{7D2FA2EA-E438-41AC-AE92-BEBDE752FD49}.Release|Any CPU.Build.0 = Release|Any CPU
		{7D2FA2EA-E438-41AC-AE92-BEBDE752FD49}.Release|ARM.ActiveCfg = Release|Any CPU
		{7D2FA2EA-E438-41AC-AE92-BEBDE752FD49}.Release|ARM.Build.0 = Release|Any CPU
		{7D2FA2EA-E438-41AC-AE92-BEBDE752FD49}.Release|ARM64.ActiveCfg = Release|Any CPU
		{7D2FA2EA-E438-41AC-AE92-BEBDE752FD49}.Release|ARM64.Build.0 = Release|Any CPU
		{7D2FA2EA-E438-41AC-AE92-BEBDE752FD49}.Release|x64.ActiveCfg = Release|Any CPU
		{7D2FA2EA-E438-41AC-AE92-BEBDE752FD49}.Release|x64.Build.0 = Release|Any CPU
		{7D2FA2EA-E438-41AC-AE92-BEBDE752FD49}.Release|x86.ActiveCfg = Release|Any CPU
		{7D2FA2EA-E438-41AC-AE92-BEBDE752FD49}.Release|x86.Build.0 = Release|Any CPU
		{1A9CE7F2-C9D6-48C8-B8EB-466CBB54073E}.Debug|Any CPU.ActiveCfg = Debug|Any CPU
		{1A9CE7F2-C9D6-48C8-B8EB-466CBB54073E}.Debug|Any CPU.Build.0 = Debug|Any CPU
		{1A9CE7F2-C9D6-48C8-B8EB-466CBB54073E}.Debug|ARM.ActiveCfg = Debug|Any CPU
		{1A9CE7F2-C9D6-48C8-B8EB-466CBB54073E}.Debug|ARM.Build.0 = Debug|Any CPU
		{1A9CE7F2-C9D6-48C8-B8EB-466CBB54073E}.Debug|ARM64.ActiveCfg = Debug|Any CPU
		{1A9CE7F2-C9D6-48C8-B8EB-466CBB54073E}.Debug|ARM64.Build.0 = Debug|Any CPU
		{1A9CE7F2-C9D6-48C8-B8EB-466CBB54073E}.Debug|x64.ActiveCfg = Debug|Any CPU
		{1A9CE7F2-C9D6-48C8-B8EB-466CBB54073E}.Debug|x64.Build.0 = Debug|Any CPU
		{1A9CE7F2-C9D6-48C8-B8EB-466CBB54073E}.Debug|x86.ActiveCfg = Debug|Any CPU
		{1A9CE7F2-C9D6-48C8-B8EB-466CBB54073E}.Debug|x86.Build.0 = Debug|Any CPU
		{1A9CE7F2-C9D6-48C8-B8EB-466CBB54073E}.Release|Any CPU.ActiveCfg = Release|Any CPU
		{1A9CE7F2-C9D6-48C8-B8EB-466CBB54073E}.Release|Any CPU.Build.0 = Release|Any CPU
		{1A9CE7F2-C9D6-48C8-B8EB-466CBB54073E}.Release|ARM.ActiveCfg = Release|Any CPU
		{1A9CE7F2-C9D6-48C8-B8EB-466CBB54073E}.Release|ARM.Build.0 = Release|Any CPU
		{1A9CE7F2-C9D6-48C8-B8EB-466CBB54073E}.Release|ARM64.ActiveCfg = Release|Any CPU
		{1A9CE7F2-C9D6-48C8-B8EB-466CBB54073E}.Release|ARM64.Build.0 = Release|Any CPU
		{1A9CE7F2-C9D6-48C8-B8EB-466CBB54073E}.Release|x64.ActiveCfg = Release|Any CPU
		{1A9CE7F2-C9D6-48C8-B8EB-466CBB54073E}.Release|x64.Build.0 = Release|Any CPU
		{1A9CE7F2-C9D6-48C8-B8EB-466CBB54073E}.Release|x86.ActiveCfg = Release|Any CPU
		{1A9CE7F2-C9D6-48C8-B8EB-466CBB54073E}.Release|x86.Build.0 = Release|Any CPU
	EndGlobalSection
	GlobalSection(SolutionProperties) = preSolution
		HideSolutionNode = FALSE
	EndGlobalSection
	GlobalSection(ExtensibilityGlobals) = postSolution
		SolutionGuid = {31F7AC79-372B-44C4-8A26-A30EBC6250E9}
	EndGlobalSection
EndGlobal
