
Microsoft Visual Studio Solution File, Format Version 12.00
# Visual Studio Version 17
VisualStudioVersion = 17.3.32929.385
MinimumVisualStudioVersion = 10.0.40219.1
Project("{F184B08F-C81C-45F6-A57F-5ABD9991F28F}") = "PodzialNaKlatki", "PodzialNaKlatki\PodzialNaKlatki.vbproj", "{D6A0DA77-8928-46FE-B9FA-AF4564EB648D}"
EndProject
Project("{778DAE3C-4631-46EA-AA77-85C1314464D9}") = "VbLib", "VbLib\VbLib.vbproj", "{0980E34F-BF5B-473C-893B-4AD83C0A9D23}"
EndProject
Project("{778DAE3C-4631-46EA-AA77-85C1314464D9}") = "PicSorter", "PicSorter\PicSorter.vbproj", "{B314F1BD-0254-4FC4-86B5-C0F7719DB9B2}"
EndProject
Project("{778DAE3C-4631-46EA-AA77-85C1314464D9}") = "VbLib20", "VbLib20\VbLib20.vbproj", "{F4E45FCC-5049-45DB-8121-336DE84DD03F}"
EndProject
Project("{9A19103F-16F7-4668-BE54-9A1E7A4F7556}") = "AsNuget-Taggers_ExifDataLib", "Taggers_ExifLib\AsNuget-Taggers_ExifDataLib.csproj", "{6BA1CF02-62B3-4ED8-8BA1-20629AC8574D}"
EndProject
Project("{778DAE3C-4631-46EA-AA77-85C1314464D9}") = "Auto_cr31_WinOCR_lib", "Taggers_OCR\Auto_cr31_WinOCR_lib.vbproj", "{6AD728E6-FDE5-49DD-8819-7F69582B9404}"
EndProject
Project("{778DAE3C-4631-46EA-AA77-85C1314464D9}") = "Auto_cr31_WinFace", "Auto_WinFace\Auto_cr31_WinFace.vbproj", "{CD4ABCEE-1297-4945-A66F-307AD8812418}"
EndProject
Project("{FAE04EC0-301F-11D3-BF4B-00C04F79EFBC}") = "AsNuget-HiddenWatermark", "HiddenWatermark\AsNuget-HiddenWatermark.csproj", "{C98C374A-9FF4-4C6D-BA5E-E1E1F102374E}"
EndProject
Project("{778DAE3C-4631-46EA-AA77-85C1314464D9}") = "Process_SigAndFace", "Process_Signature\Process_SigAndFace.vbproj", "{8FF2DE7B-BE59-4431-8081-AF77F76B22F8}"
EndProject
Project("{F184B08F-C81C-45F6-A57F-5ABD9991F28F}") = "VbLib46drawing", "VbLib46\VbLib46drawing.vbproj", "{E2566B0A-A24F-4168-B585-C8BE8800A7E8}"
EndProject
Project("{F184B08F-C81C-45F6-A57F-5ABD9991F28F}") = "vblib46ram", "vblib46ram\vblib46ram.vbproj", "{1CC44B1D-3406-4732-8641-A5EA5F26026C}"
EndProject
Project("{778DAE3C-4631-46EA-AA77-85C1314464D9}") = "CloudPubl_std2_Instagram", "Publish_Instagram\CloudPubl_std2_Instagram.vbproj", "{BBCD1A43-F95F-43DF-8D2A-84B32F80C7F6}"
EndProject
Project("{778DAE3C-4631-46EA-AA77-85C1314464D9}") = "CloudPubl_std2_Facebook", "Publish_std2_Facebook\CloudPubl_std2_Facebook.vbproj", "{E53C08B0-FC9E-43AF-ABFF-C71105B8E323}"
EndProject
Project("{778DAE3C-4631-46EA-AA77-85C1314464D9}") = "FbTestApp", "FbTestApp\FbTestApp.vbproj", "{6935FB6A-B5EC-49AA-A785-5FAA2736A664}"
EndProject
Project("{778DAE3C-4631-46EA-AA77-85C1314464D9}") = "CloudArch_std20_Chomikuj", "CloudArch_std14_Chomikuj\CloudArch_std20_Chomikuj.vbproj", "{771624BC-8536-4DC1-A7E3-4408B48876CA}"
EndProject
Project("{778DAE3C-4631-46EA-AA77-85C1314464D9}") = "CloudArch_std14_Degoo", "CloudArch_std14_Degoo\CloudArch_std14_Degoo.vbproj", "{0CF59A6B-F594-4626-9B0F-A4495A866635}"
EndProject
Project("{778DAE3C-4631-46EA-AA77-85C1314464D9}") = "CloudArch_std14_Shutterfly", "CloudArch_std14_Shutterfly\CloudArch_std14_Shutterfly.vbproj", "{8D466173-2A41-4076-BCD1-5E034E9D2DA4}"
EndProject
Project("{9A19103F-16F7-4668-BE54-9A1E7A4F7556}") = "AsNuget-FacebookApiSharp", "FacebookApiSharp\AsNuget-FacebookApiSharp.csproj", "{D162F865-FE5A-4F24-8CBB-A8A76473F934}"
EndProject
Project("{FAE04EC0-301F-11D3-BF4B-00C04F79EFBC}") = "AsNuget-Chomikuj", "ChomikujApi-master\Chomikuj\AsNuget-Chomikuj.csproj", "{8B23EEE4-62DC-4E43-A22F-12C6814C7F49}"
EndProject
Project("{778DAE3C-4631-46EA-AA77-85C1314464D9}") = "CloudPubl_std2_SSC", "CloudPubl_std14_SSC\CloudPubl_std2_SSC.vbproj", "{799FA259-C6F7-4EA1-B6E7-49007D090274}"
EndProject
Project("{778DAE3C-4631-46EA-AA77-85C1314464D9}") = "VblibStd2-mov2jpg", "VblibStd2-mov2jpg\VblibStd2-mov2jpg.vbproj", "{79B9DF74-6DE2-48BC-997F-6BBF02F8FD13}"
EndProject
Project("{778DAE3C-4631-46EA-AA77-85C1314464D9}") = "VbLibCore3-picSource", "VbLibCore3-picSource\VbLibCore3-picSource.vbproj", "{BFA4707F-C13F-4705-B2BB-92AC1BF33A7C}"
EndProject
Project("{778DAE3C-4631-46EA-AA77-85C1314464D9}") = "VbLibCore3-mediaDevices", "VbLibCore3-mediaDevices1\VbLibCore3-mediaDevices.vbproj", "{E8B3FC2A-AF5D-4D64-8A81-2D707B78F868}"
EndProject
Project("{778DAE3C-4631-46EA-AA77-85C1314464D9}") = "Auto_std2_Astro", "Auto_std2_Astro\Auto_std2_Astro.vbproj", "{A201A6CA-A86E-4C94-96F4-0959724DCA83}"
EndProject
Project("{778DAE3C-4631-46EA-AA77-85C1314464D9}") = "vbStd2getram", "vbStd2getram\vbStd2getram.vbproj", "{BF5731A5-A14E-4388-BBD6-D9FA2EBF6736}"
EndProject
Project("{F184B08F-C81C-45F6-A57F-5ABD9991F28F}") = "PicSorter-tel", "PicSorter-tel\PicSorter-tel.vbproj", "{12863767-95FA-4200-8AC6-660918F9C8C9}"
EndProject
Project("{9A19103F-16F7-4668-BE54-9A1E7A4F7556}") = "AsNuget-Chomikuj-std14cs", "AsNuget-Chomikuj-std14cs\AsNuget-Chomikuj-std14cs.csproj", "{460DB0BE-AFE1-49B4-8FDC-26CB4920751A}"
EndProject
Project("{9A19103F-16F7-4668-BE54-9A1E7A4F7556}") = "AsNuget-RestSharp", "AsNuget-restSharp\RestSharp\AsNuget-RestSharp.csproj", "{43768843-2A19-44A2-9D8C-076DBFAD0625}"
EndProject
Project("{778DAE3C-4631-46EA-AA77-85C1314464D9}") = "Auto_std2_Meteo", "Auto_std2_Meteo\Auto_std2_Meteo.vbproj", "{8A92C551-CB2E-46AB-81DA-8EFD8DB0D90A}"
EndProject
Project("{778DAE3C-4631-46EA-AA77-85C1314464D9}") = "PhotoDateDelta", "PhotoDateDelta\PhotoDateDelta.vbproj", "{FC82B962-C0BA-4ABD-A069-364392E237F1}"
EndProject
Project("{778DAE3C-4631-46EA-AA77-85C1314464D9}") = "vblib_cr31_UseMapi", "AsNuget_UseMapi\vblib_cr31_UseMapi.vbproj", "{7398EB41-8CE9-45E0-ADC6-E13D8FAF4B40}"
EndProject
Project("{778DAE3C-4631-46EA-AA77-85C1314464D9}") = "Database_SQL", "Database_SQL\Database_SQL.vbproj", "{1E302BFC-5FC1-4967-BB0A-A6D85FAF10E8}"
EndProject
Project("{2150E333-8FDC-42A3-9474-1A3956D46DE8}") = "AsNugets_Imports", "AsNugets_Imports", "{BCCDD874-23C4-4640-967B-2022F49F5309}"
EndProject
Project("{2150E333-8FDC-42A3-9474-1A3956D46DE8}") = "Autotaggers", "Autotaggers", "{9F769C93-C56F-4349-A446-39E73C0078C0}"
EndProject
Project("{2150E333-8FDC-42A3-9474-1A3956D46DE8}") = "cloudArchives", "cloudArchives", "{3F5F083D-B73D-425E-AC25-095EF5569C96}"
EndProject
Project("{2150E333-8FDC-42A3-9474-1A3956D46DE8}") = "cloudPublishers", "cloudPublishers", "{8BCC465F-F1CC-4192-9536-282A9C006629}"
EndProject
Project("{2150E333-8FDC-42A3-9474-1A3956D46DE8}") = "Processors", "Processors", "{EFA7ADE5-F294-4563-A71A-60A4ED8AABBA}"
EndProject
Project("{2150E333-8FDC-42A3-9474-1A3956D46DE8}") = "LibWrap", "LibWrap", "{760644BC-13F3-4AE5-826D-406E77258A85}"
EndProject
Project("{778DAE3C-4631-46EA-AA77-85C1314464D9}") = "vb14_GetMyIP", "vb14_GetMyIP\vb14_GetMyIP.vbproj", "{74585180-549D-470C-B3B6-7A5CD41463F3}"
EndProject
Project("{F184B08F-C81C-45F6-A57F-5ABD9991F28F}") = "Wcf_Server", "Wcf_Server\Wcf_Server.vbproj", "{8D62C29F-EAD6-4E04-927A-73D5BC2E16C6}"
EndProject
Project("{F184B08F-C81C-45F6-A57F-5ABD9991F28F}") = "CmdLineClient", "CmdLineClient\CmdLineClient.vbproj", "{9A0397F2-3C8E-4666-91D5-44DF940D1C07}"
	ProjectSection(ProjectDependencies) = postProject
		{8D62C29F-EAD6-4E04-927A-73D5BC2E16C6} = {8D62C29F-EAD6-4E04-927A-73D5BC2E16C6}
	EndProjectSection
EndProject
Project("{F184B08F-C81C-45F6-A57F-5ABD9991F28F}") = "CmdLineServer", "CmdLineServer\CmdLineServer.vbproj", "{A9229006-DD4F-4675-96EB-56133BFA58FE}"
EndProject
Project("{2150E333-8FDC-42A3-9474-1A3956D46DE8}") = "TestyWCFiCoreWCF", "TestyWCFiCoreWCF", "{22CD8C72-42E9-4EDD-A42D-F74E173F0E67}"
EndProject
Project("{778DAE3C-4631-46EA-AA77-85C1314464D9}") = "Auto_n6_WinFace", "Auto_n6_WinFace\Auto_n6_WinFace.vbproj", "{955A6C13-D9D0-413F-BBD0-1C0826C3526D}"
EndProject
Project("{778DAE3C-4631-46EA-AA77-85C1314464D9}") = "Auto_n6_WinOCR", "Auto_n6_WinOCR\Auto_n6_WinOCR.vbproj", "{6F007C4A-8D19-4D02-99E8-37C3080B2B16}"
EndProject
Project("{778DAE3C-4631-46EA-AA77-85C1314464D9}") = "lib_n6_UseMapi", "lib_n6_UseMapi\lib_n6_UseMapi.vbproj", "{894AEB1F-15CB-45D0-8957-DE81B77AFD46}"
EndProject
Project("{F184B08F-C81C-45F6-A57F-5ABD9991F28F}") = "lib_n6_Drawing", "lib_n6_Drawing\lib_n6_Drawing.vbproj", "{E30B3F92-34E2-4E34-82F2-11D517C6695E}"
EndProject
Project("{778DAE3C-4631-46EA-AA77-85C1314464D9}") = "lib_n6_MediaDevices", "lib_n6_MediaDevices\lib_n6_MediaDevices.vbproj", "{850AE601-8415-4C84-A0C4-B904E2439698}"
EndProject
Project("{778DAE3C-4631-46EA-AA77-85C1314464D9}") = "lib_n6_PicSource", "lib_PicSource\lib_n6_PicSource.vbproj", "{3DA69671-55C3-4E3C-8131-0E5EFCC0BE0E}"
EndProject
Project("{778DAE3C-4631-46EA-AA77-85C1314464D9}") = "lib_n6_GetRam", "lib_n6_GetRam\lib_n6_GetRam.vbproj", "{B13B7FE7-A8FA-4A73-82FB-811C52F9E8A5}"
EndProject
Project("{778DAE3C-4631-46EA-AA77-85C1314464D9}") = "Process_n6_SigAndFace", "Process_n6_SigAndFace\Process_n6_SigAndFace.vbproj", "{2942E876-5C1B-4B86-9B85-D85914BE5CF0}"
EndProject
Project("{F184B08F-C81C-45F6-A57F-5ABD9991F28F}") = "Database_n6_SQL", "Database_n6_SQL\Database_n6_SQL.vbproj", "{6025E7E5-F247-4C49-B0AB-5F2E990C14E6}"
EndProject
Project("{778DAE3C-4631-46EA-AA77-85C1314464D9}") = "lib_n6_grpc", "lib_n6_grpc\lib_n6_grpc.vbproj", "{4FC65F98-762E-4A1C-B8E4-1C35AC1B7612}"
EndProject
Project("{778DAE3C-4631-46EA-AA77-85C1314464D9}") = "lib_n6_httpSrv", "lib_n6_httpSrv\lib_n6_httpSrv.vbproj", "{4C63FF05-38E9-4FF4-8819-934059DC7A71}"
EndProject
Project("{778DAE3C-4631-46EA-AA77-85C1314464D9}") = "PrzegladarkaPickow", "PrzegladarkaPickow\PrzegladarkaPickow.vbproj", "{BD14F84D-A913-4DE1-9FC0-F8738C28E9FD}"
EndProject
Project("{778DAE3C-4631-46EA-AA77-85C1314464D9}") = "lib_n6_PowerPoint", "lib_n6_PowerPoint\lib_n6_PowerPoint.vbproj", "{689E591A-BC18-473A-B56D-9F43A08AE79B}"
EndProject
Project("{F184B08F-C81C-45F6-A57F-5ABD9991F28F}") = "PicSorter-upl", "PicSorter-upl\PicSorter-upl.vbproj", "{43632753-902B-4EE5-B9C9-FAE5ACA04361}"
EndProject
Project("{F184B08F-C81C-45F6-A57F-5ABD9991F28F}") = "lib14_httpClnt", "lib14_httpClnt\lib14_httpClnt.vbproj", "{0AB7B4DE-8118-465F-A18E-E40B1B96E3D0}"
EndProject
Global
	GlobalSection(SolutionConfigurationPlatforms) = preSolution
		Debug|Any CPU = Debug|Any CPU
		Debug|ARM = Debug|ARM
		Debug|ARM64 = Debug|ARM64
		Debug|x64 = Debug|x64
		Debug|x86 = Debug|x86
		Release|Any CPU = Release|Any CPU
		Release|ARM = Release|ARM
		Release|ARM64 = Release|ARM64
		Release|x64 = Release|x64
		Release|x86 = Release|x86
	EndGlobalSection
	GlobalSection(ProjectConfigurationPlatforms) = postSolution
		{D6A0DA77-8928-46FE-B9FA-AF4564EB648D}.Debug|Any CPU.ActiveCfg = Debug|x64
		{D6A0DA77-8928-46FE-B9FA-AF4564EB648D}.Debug|Any CPU.Build.0 = Debug|x64
		{D6A0DA77-8928-46FE-B9FA-AF4564EB648D}.Debug|Any CPU.Deploy.0 = Debug|x64
		{D6A0DA77-8928-46FE-B9FA-AF4564EB648D}.Debug|ARM.ActiveCfg = Debug|ARM
		{D6A0DA77-8928-46FE-B9FA-AF4564EB648D}.Debug|ARM.Build.0 = Debug|ARM
		{D6A0DA77-8928-46FE-B9FA-AF4564EB648D}.Debug|ARM.Deploy.0 = Debug|ARM
		{D6A0DA77-8928-46FE-B9FA-AF4564EB648D}.Debug|ARM64.ActiveCfg = Debug|ARM64
		{D6A0DA77-8928-46FE-B9FA-AF4564EB648D}.Debug|ARM64.Build.0 = Debug|ARM64
		{D6A0DA77-8928-46FE-B9FA-AF4564EB648D}.Debug|ARM64.Deploy.0 = Debug|ARM64
		{D6A0DA77-8928-46FE-B9FA-AF4564EB648D}.Debug|x64.ActiveCfg = Debug|x64
		{D6A0DA77-8928-46FE-B9FA-AF4564EB648D}.Debug|x64.Build.0 = Debug|x64
		{D6A0DA77-8928-46FE-B9FA-AF4564EB648D}.Debug|x64.Deploy.0 = Debug|x64
		{D6A0DA77-8928-46FE-B9FA-AF4564EB648D}.Debug|x86.ActiveCfg = Debug|x86
		{D6A0DA77-8928-46FE-B9FA-AF4564EB648D}.Debug|x86.Build.0 = Debug|x86
		{D6A0DA77-8928-46FE-B9FA-AF4564EB648D}.Debug|x86.Deploy.0 = Debug|x86
		{D6A0DA77-8928-46FE-B9FA-AF4564EB648D}.Release|Any CPU.ActiveCfg = Release|x64
		{D6A0DA77-8928-46FE-B9FA-AF4564EB648D}.Release|Any CPU.Build.0 = Release|x64
		{D6A0DA77-8928-46FE-B9FA-AF4564EB648D}.Release|Any CPU.Deploy.0 = Release|x64
		{D6A0DA77-8928-46FE-B9FA-AF4564EB648D}.Release|ARM.ActiveCfg = Release|ARM
		{D6A0DA77-8928-46FE-B9FA-AF4564EB648D}.Release|ARM.Build.0 = Release|ARM
		{D6A0DA77-8928-46FE-B9FA-AF4564EB648D}.Release|ARM.Deploy.0 = Release|ARM
		{D6A0DA77-8928-46FE-B9FA-AF4564EB648D}.Release|ARM64.ActiveCfg = Release|ARM64
		{D6A0DA77-8928-46FE-B9FA-AF4564EB648D}.Release|ARM64.Build.0 = Release|ARM64
		{D6A0DA77-8928-46FE-B9FA-AF4564EB648D}.Release|ARM64.Deploy.0 = Release|ARM64
		{D6A0DA77-8928-46FE-B9FA-AF4564EB648D}.Release|x64.ActiveCfg = Release|x64
		{D6A0DA77-8928-46FE-B9FA-AF4564EB648D}.Release|x64.Build.0 = Release|x64
		{D6A0DA77-8928-46FE-B9FA-AF4564EB648D}.Release|x64.Deploy.0 = Release|x64
		{D6A0DA77-8928-46FE-B9FA-AF4564EB648D}.Release|x86.ActiveCfg = Release|x86
		{D6A0DA77-8928-46FE-B9FA-AF4564EB648D}.Release|x86.Build.0 = Release|x86
		{D6A0DA77-8928-46FE-B9FA-AF4564EB648D}.Release|x86.Deploy.0 = Release|x86
		{0980E34F-BF5B-473C-893B-4AD83C0A9D23}.Debug|Any CPU.ActiveCfg = Debug|Any CPU
		{0980E34F-BF5B-473C-893B-4AD83C0A9D23}.Debug|Any CPU.Build.0 = Debug|Any CPU
		{0980E34F-BF5B-473C-893B-4AD83C0A9D23}.Debug|ARM.ActiveCfg = Debug|Any CPU
		{0980E34F-BF5B-473C-893B-4AD83C0A9D23}.Debug|ARM.Build.0 = Debug|Any CPU
		{0980E34F-BF5B-473C-893B-4AD83C0A9D23}.Debug|ARM64.ActiveCfg = Debug|Any CPU
		{0980E34F-BF5B-473C-893B-4AD83C0A9D23}.Debug|ARM64.Build.0 = Debug|Any CPU
		{0980E34F-BF5B-473C-893B-4AD83C0A9D23}.Debug|x64.ActiveCfg = Debug|Any CPU
		{0980E34F-BF5B-473C-893B-4AD83C0A9D23}.Debug|x64.Build.0 = Debug|Any CPU
		{0980E34F-BF5B-473C-893B-4AD83C0A9D23}.Debug|x86.ActiveCfg = Debug|Any CPU
		{0980E34F-BF5B-473C-893B-4AD83C0A9D23}.Debug|x86.Build.0 = Debug|Any CPU
		{0980E34F-BF5B-473C-893B-4AD83C0A9D23}.Release|Any CPU.ActiveCfg = Release|Any CPU
		{0980E34F-BF5B-473C-893B-4AD83C0A9D23}.Release|Any CPU.Build.0 = Release|Any CPU
		{0980E34F-BF5B-473C-893B-4AD83C0A9D23}.Release|ARM.ActiveCfg = Release|Any CPU
		{0980E34F-BF5B-473C-893B-4AD83C0A9D23}.Release|ARM.Build.0 = Release|Any CPU
		{0980E34F-BF5B-473C-893B-4AD83C0A9D23}.Release|ARM64.ActiveCfg = Release|Any CPU
		{0980E34F-BF5B-473C-893B-4AD83C0A9D23}.Release|ARM64.Build.0 = Release|Any CPU
		{0980E34F-BF5B-473C-893B-4AD83C0A9D23}.Release|x64.ActiveCfg = Release|Any CPU
		{0980E34F-BF5B-473C-893B-4AD83C0A9D23}.Release|x64.Build.0 = Release|Any CPU
		{0980E34F-BF5B-473C-893B-4AD83C0A9D23}.Release|x86.ActiveCfg = Release|Any CPU
		{0980E34F-BF5B-473C-893B-4AD83C0A9D23}.Release|x86.Build.0 = Release|Any CPU
		{B314F1BD-0254-4FC4-86B5-C0F7719DB9B2}.Debug|Any CPU.ActiveCfg = Debug|Any CPU
		{B314F1BD-0254-4FC4-86B5-C0F7719DB9B2}.Debug|Any CPU.Build.0 = Debug|Any CPU
		{B314F1BD-0254-4FC4-86B5-C0F7719DB9B2}.Debug|ARM.ActiveCfg = Debug|Any CPU
		{B314F1BD-0254-4FC4-86B5-C0F7719DB9B2}.Debug|ARM.Build.0 = Debug|Any CPU
		{B314F1BD-0254-4FC4-86B5-C0F7719DB9B2}.Debug|ARM64.ActiveCfg = Debug|Any CPU
		{B314F1BD-0254-4FC4-86B5-C0F7719DB9B2}.Debug|ARM64.Build.0 = Debug|Any CPU
		{B314F1BD-0254-4FC4-86B5-C0F7719DB9B2}.Debug|x64.ActiveCfg = Debug|Any CPU
		{B314F1BD-0254-4FC4-86B5-C0F7719DB9B2}.Debug|x64.Build.0 = Debug|Any CPU
		{B314F1BD-0254-4FC4-86B5-C0F7719DB9B2}.Debug|x86.ActiveCfg = Debug|Any CPU
		{B314F1BD-0254-4FC4-86B5-C0F7719DB9B2}.Debug|x86.Build.0 = Debug|Any CPU
		{B314F1BD-0254-4FC4-86B5-C0F7719DB9B2}.Release|Any CPU.ActiveCfg = Release|Any CPU
		{B314F1BD-0254-4FC4-86B5-C0F7719DB9B2}.Release|Any CPU.Build.0 = Release|Any CPU
		{B314F1BD-0254-4FC4-86B5-C0F7719DB9B2}.Release|ARM.ActiveCfg = Release|Any CPU
		{B314F1BD-0254-4FC4-86B5-C0F7719DB9B2}.Release|ARM.Build.0 = Release|Any CPU
		{B314F1BD-0254-4FC4-86B5-C0F7719DB9B2}.Release|ARM64.ActiveCfg = Release|Any CPU
		{B314F1BD-0254-4FC4-86B5-C0F7719DB9B2}.Release|ARM64.Build.0 = Release|Any CPU
		{B314F1BD-0254-4FC4-86B5-C0F7719DB9B2}.Release|x64.ActiveCfg = Release|Any CPU
		{B314F1BD-0254-4FC4-86B5-C0F7719DB9B2}.Release|x64.Build.0 = Release|Any CPU
		{B314F1BD-0254-4FC4-86B5-C0F7719DB9B2}.Release|x86.ActiveCfg = Release|Any CPU
		{B314F1BD-0254-4FC4-86B5-C0F7719DB9B2}.Release|x86.Build.0 = Release|Any CPU
		{F4E45FCC-5049-45DB-8121-336DE84DD03F}.Debug|Any CPU.ActiveCfg = Debug|Any CPU
		{F4E45FCC-5049-45DB-8121-336DE84DD03F}.Debug|Any CPU.Build.0 = Debug|Any CPU
		{F4E45FCC-5049-45DB-8121-336DE84DD03F}.Debug|ARM.ActiveCfg = Debug|Any CPU
		{F4E45FCC-5049-45DB-8121-336DE84DD03F}.Debug|ARM.Build.0 = Debug|Any CPU
		{F4E45FCC-5049-45DB-8121-336DE84DD03F}.Debug|ARM64.ActiveCfg = Debug|Any CPU
		{F4E45FCC-5049-45DB-8121-336DE84DD03F}.Debug|ARM64.Build.0 = Debug|Any CPU
		{F4E45FCC-5049-45DB-8121-336DE84DD03F}.Debug|x64.ActiveCfg = Debug|Any CPU
		{F4E45FCC-5049-45DB-8121-336DE84DD03F}.Debug|x64.Build.0 = Debug|Any CPU
		{F4E45FCC-5049-45DB-8121-336DE84DD03F}.Debug|x86.ActiveCfg = Debug|Any CPU
		{F4E45FCC-5049-45DB-8121-336DE84DD03F}.Debug|x86.Build.0 = Debug|Any CPU
		{F4E45FCC-5049-45DB-8121-336DE84DD03F}.Release|Any CPU.ActiveCfg = Release|Any CPU
		{F4E45FCC-5049-45DB-8121-336DE84DD03F}.Release|Any CPU.Build.0 = Release|Any CPU
		{F4E45FCC-5049-45DB-8121-336DE84DD03F}.Release|ARM.ActiveCfg = Release|Any CPU
		{F4E45FCC-5049-45DB-8121-336DE84DD03F}.Release|ARM.Build.0 = Release|Any CPU
		{F4E45FCC-5049-45DB-8121-336DE84DD03F}.Release|ARM64.ActiveCfg = Release|Any CPU
		{F4E45FCC-5049-45DB-8121-336DE84DD03F}.Release|ARM64.Build.0 = Release|Any CPU
		{F4E45FCC-5049-45DB-8121-336DE84DD03F}.Release|x64.ActiveCfg = Release|Any CPU
		{F4E45FCC-5049-45DB-8121-336DE84DD03F}.Release|x64.Build.0 = Release|Any CPU
		{F4E45FCC-5049-45DB-8121-336DE84DD03F}.Release|x86.ActiveCfg = Release|Any CPU
		{F4E45FCC-5049-45DB-8121-336DE84DD03F}.Release|x86.Build.0 = Release|Any CPU
		{6BA1CF02-62B3-4ED8-8BA1-20629AC8574D}.Debug|Any CPU.ActiveCfg = Debug|Any CPU
		{6BA1CF02-62B3-4ED8-8BA1-20629AC8574D}.Debug|Any CPU.Build.0 = Debug|Any CPU
		{6BA1CF02-62B3-4ED8-8BA1-20629AC8574D}.Debug|ARM.ActiveCfg = Debug|Any CPU
		{6BA1CF02-62B3-4ED8-8BA1-20629AC8574D}.Debug|ARM.Build.0 = Debug|Any CPU
		{6BA1CF02-62B3-4ED8-8BA1-20629AC8574D}.Debug|ARM64.ActiveCfg = Debug|Any CPU
		{6BA1CF02-62B3-4ED8-8BA1-20629AC8574D}.Debug|ARM64.Build.0 = Debug|Any CPU
		{6BA1CF02-62B3-4ED8-8BA1-20629AC8574D}.Debug|x64.ActiveCfg = Debug|Any CPU
		{6BA1CF02-62B3-4ED8-8BA1-20629AC8574D}.Debug|x64.Build.0 = Debug|Any CPU
		{6BA1CF02-62B3-4ED8-8BA1-20629AC8574D}.Debug|x86.ActiveCfg = Debug|Any CPU
		{6BA1CF02-62B3-4ED8-8BA1-20629AC8574D}.Debug|x86.Build.0 = Debug|Any CPU
		{6BA1CF02-62B3-4ED8-8BA1-20629AC8574D}.Release|Any CPU.ActiveCfg = Release|Any CPU
		{6BA1CF02-62B3-4ED8-8BA1-20629AC8574D}.Release|Any CPU.Build.0 = Release|Any CPU
		{6BA1CF02-62B3-4ED8-8BA1-20629AC8574D}.Release|ARM.ActiveCfg = Release|Any CPU
		{6BA1CF02-62B3-4ED8-8BA1-20629AC8574D}.Release|ARM.Build.0 = Release|Any CPU
		{6BA1CF02-62B3-4ED8-8BA1-20629AC8574D}.Release|ARM64.ActiveCfg = Release|Any CPU
		{6BA1CF02-62B3-4ED8-8BA1-20629AC8574D}.Release|ARM64.Build.0 = Release|Any CPU
		{6BA1CF02-62B3-4ED8-8BA1-20629AC8574D}.Release|x64.ActiveCfg = Release|Any CPU
		{6BA1CF02-62B3-4ED8-8BA1-20629AC8574D}.Release|x64.Build.0 = Release|Any CPU
		{6BA1CF02-62B3-4ED8-8BA1-20629AC8574D}.Release|x86.ActiveCfg = Release|Any CPU
		{6BA1CF02-62B3-4ED8-8BA1-20629AC8574D}.Release|x86.Build.0 = Release|Any CPU
		{6AD728E6-FDE5-49DD-8819-7F69582B9404}.Debug|Any CPU.ActiveCfg = Debug|Any CPU
		{6AD728E6-FDE5-49DD-8819-7F69582B9404}.Debug|Any CPU.Build.0 = Debug|Any CPU
		{6AD728E6-FDE5-49DD-8819-7F69582B9404}.Debug|ARM.ActiveCfg = Debug|Any CPU
		{6AD728E6-FDE5-49DD-8819-7F69582B9404}.Debug|ARM.Build.0 = Debug|Any CPU
		{6AD728E6-FDE5-49DD-8819-7F69582B9404}.Debug|ARM64.ActiveCfg = Debug|Any CPU
		{6AD728E6-FDE5-49DD-8819-7F69582B9404}.Debug|ARM64.Build.0 = Debug|Any CPU
		{6AD728E6-FDE5-49DD-8819-7F69582B9404}.Debug|x64.ActiveCfg = Debug|Any CPU
		{6AD728E6-FDE5-49DD-8819-7F69582B9404}.Debug|x64.Build.0 = Debug|Any CPU
		{6AD728E6-FDE5-49DD-8819-7F69582B9404}.Debug|x86.ActiveCfg = Debug|Any CPU
		{6AD728E6-FDE5-49DD-8819-7F69582B9404}.Debug|x86.Build.0 = Debug|Any CPU
		{6AD728E6-FDE5-49DD-8819-7F69582B9404}.Release|Any CPU.ActiveCfg = Release|Any CPU
		{6AD728E6-FDE5-49DD-8819-7F69582B9404}.Release|Any CPU.Build.0 = Release|Any CPU
		{6AD728E6-FDE5-49DD-8819-7F69582B9404}.Release|ARM.ActiveCfg = Release|Any CPU
		{6AD728E6-FDE5-49DD-8819-7F69582B9404}.Release|ARM.Build.0 = Release|Any CPU
		{6AD728E6-FDE5-49DD-8819-7F69582B9404}.Release|ARM64.ActiveCfg = Release|Any CPU
		{6AD728E6-FDE5-49DD-8819-7F69582B9404}.Release|ARM64.Build.0 = Release|Any CPU
		{6AD728E6-FDE5-49DD-8819-7F69582B9404}.Release|x64.ActiveCfg = Release|Any CPU
		{6AD728E6-FDE5-49DD-8819-7F69582B9404}.Release|x64.Build.0 = Release|Any CPU
		{6AD728E6-FDE5-49DD-8819-7F69582B9404}.Release|x86.ActiveCfg = Release|Any CPU
		{6AD728E6-FDE5-49DD-8819-7F69582B9404}.Release|x86.Build.0 = Release|Any CPU
		{CD4ABCEE-1297-4945-A66F-307AD8812418}.Debug|Any CPU.ActiveCfg = Debug|Any CPU
		{CD4ABCEE-1297-4945-A66F-307AD8812418}.Debug|Any CPU.Build.0 = Debug|Any CPU
		{CD4ABCEE-1297-4945-A66F-307AD8812418}.Debug|ARM.ActiveCfg = Debug|Any CPU
		{CD4ABCEE-1297-4945-A66F-307AD8812418}.Debug|ARM.Build.0 = Debug|Any CPU
		{CD4ABCEE-1297-4945-A66F-307AD8812418}.Debug|ARM64.ActiveCfg = Debug|Any CPU
		{CD4ABCEE-1297-4945-A66F-307AD8812418}.Debug|ARM64.Build.0 = Debug|Any CPU
		{CD4ABCEE-1297-4945-A66F-307AD8812418}.Debug|x64.ActiveCfg = Debug|Any CPU
		{CD4ABCEE-1297-4945-A66F-307AD8812418}.Debug|x64.Build.0 = Debug|Any CPU
		{CD4ABCEE-1297-4945-A66F-307AD8812418}.Debug|x86.ActiveCfg = Debug|Any CPU
		{CD4ABCEE-1297-4945-A66F-307AD8812418}.Debug|x86.Build.0 = Debug|Any CPU
		{CD4ABCEE-1297-4945-A66F-307AD8812418}.Release|Any CPU.ActiveCfg = Release|Any CPU
		{CD4ABCEE-1297-4945-A66F-307AD8812418}.Release|Any CPU.Build.0 = Release|Any CPU
		{CD4ABCEE-1297-4945-A66F-307AD8812418}.Release|ARM.ActiveCfg = Release|Any CPU
		{CD4ABCEE-1297-4945-A66F-307AD8812418}.Release|ARM.Build.0 = Release|Any CPU
		{CD4ABCEE-1297-4945-A66F-307AD8812418}.Release|ARM64.ActiveCfg = Release|Any CPU
		{CD4ABCEE-1297-4945-A66F-307AD8812418}.Release|ARM64.Build.0 = Release|Any CPU
		{CD4ABCEE-1297-4945-A66F-307AD8812418}.Release|x64.ActiveCfg = Release|Any CPU
		{CD4ABCEE-1297-4945-A66F-307AD8812418}.Release|x64.Build.0 = Release|Any CPU
		{CD4ABCEE-1297-4945-A66F-307AD8812418}.Release|x86.ActiveCfg = Release|Any CPU
		{CD4ABCEE-1297-4945-A66F-307AD8812418}.Release|x86.Build.0 = Release|Any CPU
		{C98C374A-9FF4-4C6D-BA5E-E1E1F102374E}.Debug|Any CPU.ActiveCfg = Debug|Any CPU
		{C98C374A-9FF4-4C6D-BA5E-E1E1F102374E}.Debug|Any CPU.Build.0 = Debug|Any CPU
		{C98C374A-9FF4-4C6D-BA5E-E1E1F102374E}.Debug|ARM.ActiveCfg = Debug|Any CPU
		{C98C374A-9FF4-4C6D-BA5E-E1E1F102374E}.Debug|ARM.Build.0 = Debug|Any CPU
		{C98C374A-9FF4-4C6D-BA5E-E1E1F102374E}.Debug|ARM64.ActiveCfg = Debug|Any CPU
		{C98C374A-9FF4-4C6D-BA5E-E1E1F102374E}.Debug|ARM64.Build.0 = Debug|Any CPU
		{C98C374A-9FF4-4C6D-BA5E-E1E1F102374E}.Debug|x64.ActiveCfg = Debug|Any CPU
		{C98C374A-9FF4-4C6D-BA5E-E1E1F102374E}.Debug|x64.Build.0 = Debug|Any CPU
		{C98C374A-9FF4-4C6D-BA5E-E1E1F102374E}.Debug|x86.ActiveCfg = Debug|Any CPU
		{C98C374A-9FF4-4C6D-BA5E-E1E1F102374E}.Debug|x86.Build.0 = Debug|Any CPU
		{C98C374A-9FF4-4C6D-BA5E-E1E1F102374E}.Release|Any CPU.ActiveCfg = Release|Any CPU
		{C98C374A-9FF4-4C6D-BA5E-E1E1F102374E}.Release|Any CPU.Build.0 = Release|Any CPU
		{C98C374A-9FF4-4C6D-BA5E-E1E1F102374E}.Release|ARM.ActiveCfg = Release|Any CPU
		{C98C374A-9FF4-4C6D-BA5E-E1E1F102374E}.Release|ARM.Build.0 = Release|Any CPU
		{C98C374A-9FF4-4C6D-BA5E-E1E1F102374E}.Release|ARM64.ActiveCfg = Release|Any CPU
		{C98C374A-9FF4-4C6D-BA5E-E1E1F102374E}.Release|ARM64.Build.0 = Release|Any CPU
		{C98C374A-9FF4-4C6D-BA5E-E1E1F102374E}.Release|x64.ActiveCfg = Release|Any CPU
		{C98C374A-9FF4-4C6D-BA5E-E1E1F102374E}.Release|x64.Build.0 = Release|Any CPU
		{C98C374A-9FF4-4C6D-BA5E-E1E1F102374E}.Release|x86.ActiveCfg = Release|Any CPU
		{C98C374A-9FF4-4C6D-BA5E-E1E1F102374E}.Release|x86.Build.0 = Release|Any CPU
		{8FF2DE7B-BE59-4431-8081-AF77F76B22F8}.Debug|Any CPU.ActiveCfg = Debug|Any CPU
		{8FF2DE7B-BE59-4431-8081-AF77F76B22F8}.Debug|Any CPU.Build.0 = Debug|Any CPU
		{8FF2DE7B-BE59-4431-8081-AF77F76B22F8}.Debug|ARM.ActiveCfg = Debug|Any CPU
		{8FF2DE7B-BE59-4431-8081-AF77F76B22F8}.Debug|ARM.Build.0 = Debug|Any CPU
		{8FF2DE7B-BE59-4431-8081-AF77F76B22F8}.Debug|ARM64.ActiveCfg = Debug|Any CPU
		{8FF2DE7B-BE59-4431-8081-AF77F76B22F8}.Debug|ARM64.Build.0 = Debug|Any CPU
		{8FF2DE7B-BE59-4431-8081-AF77F76B22F8}.Debug|x64.ActiveCfg = Debug|Any CPU
		{8FF2DE7B-BE59-4431-8081-AF77F76B22F8}.Debug|x64.Build.0 = Debug|Any CPU
		{8FF2DE7B-BE59-4431-8081-AF77F76B22F8}.Debug|x86.ActiveCfg = Debug|Any CPU
		{8FF2DE7B-BE59-4431-8081-AF77F76B22F8}.Debug|x86.Build.0 = Debug|Any CPU
		{8FF2DE7B-BE59-4431-8081-AF77F76B22F8}.Release|Any CPU.ActiveCfg = Release|Any CPU
		{8FF2DE7B-BE59-4431-8081-AF77F76B22F8}.Release|Any CPU.Build.0 = Release|Any CPU
		{8FF2DE7B-BE59-4431-8081-AF77F76B22F8}.Release|ARM.ActiveCfg = Release|Any CPU
		{8FF2DE7B-BE59-4431-8081-AF77F76B22F8}.Release|ARM.Build.0 = Release|Any CPU
		{8FF2DE7B-BE59-4431-8081-AF77F76B22F8}.Release|ARM64.ActiveCfg = Release|Any CPU
		{8FF2DE7B-BE59-4431-8081-AF77F76B22F8}.Release|ARM64.Build.0 = Release|Any CPU
		{8FF2DE7B-BE59-4431-8081-AF77F76B22F8}.Release|x64.ActiveCfg = Release|Any CPU
		{8FF2DE7B-BE59-4431-8081-AF77F76B22F8}.Release|x64.Build.0 = Release|Any CPU
		{8FF2DE7B-BE59-4431-8081-AF77F76B22F8}.Release|x86.ActiveCfg = Release|Any CPU
		{8FF2DE7B-BE59-4431-8081-AF77F76B22F8}.Release|x86.Build.0 = Release|Any CPU
		{E2566B0A-A24F-4168-B585-C8BE8800A7E8}.Debug|Any CPU.ActiveCfg = Debug|Any CPU
		{E2566B0A-A24F-4168-B585-C8BE8800A7E8}.Debug|Any CPU.Build.0 = Debug|Any CPU
		{E2566B0A-A24F-4168-B585-C8BE8800A7E8}.Debug|ARM.ActiveCfg = Debug|Any CPU
		{E2566B0A-A24F-4168-B585-C8BE8800A7E8}.Debug|ARM.Build.0 = Debug|Any CPU
		{E2566B0A-A24F-4168-B585-C8BE8800A7E8}.Debug|ARM64.ActiveCfg = Debug|Any CPU
		{E2566B0A-A24F-4168-B585-C8BE8800A7E8}.Debug|ARM64.Build.0 = Debug|Any CPU
		{E2566B0A-A24F-4168-B585-C8BE8800A7E8}.Debug|x64.ActiveCfg = Debug|Any CPU
		{E2566B0A-A24F-4168-B585-C8BE8800A7E8}.Debug|x64.Build.0 = Debug|Any CPU
		{E2566B0A-A24F-4168-B585-C8BE8800A7E8}.Debug|x86.ActiveCfg = Debug|Any CPU
		{E2566B0A-A24F-4168-B585-C8BE8800A7E8}.Debug|x86.Build.0 = Debug|Any CPU
		{E2566B0A-A24F-4168-B585-C8BE8800A7E8}.Release|Any CPU.ActiveCfg = Release|Any CPU
		{E2566B0A-A24F-4168-B585-C8BE8800A7E8}.Release|Any CPU.Build.0 = Release|Any CPU
		{E2566B0A-A24F-4168-B585-C8BE8800A7E8}.Release|ARM.ActiveCfg = Release|Any CPU
		{E2566B0A-A24F-4168-B585-C8BE8800A7E8}.Release|ARM.Build.0 = Release|Any CPU
		{E2566B0A-A24F-4168-B585-C8BE8800A7E8}.Release|ARM64.ActiveCfg = Release|Any CPU
		{E2566B0A-A24F-4168-B585-C8BE8800A7E8}.Release|ARM64.Build.0 = Release|Any CPU
		{E2566B0A-A24F-4168-B585-C8BE8800A7E8}.Release|x64.ActiveCfg = Release|Any CPU
		{E2566B0A-A24F-4168-B585-C8BE8800A7E8}.Release|x64.Build.0 = Release|Any CPU
		{E2566B0A-A24F-4168-B585-C8BE8800A7E8}.Release|x86.ActiveCfg = Release|Any CPU
		{E2566B0A-A24F-4168-B585-C8BE8800A7E8}.Release|x86.Build.0 = Release|Any CPU
		{1CC44B1D-3406-4732-8641-A5EA5F26026C}.Debug|Any CPU.ActiveCfg = Debug|Any CPU
		{1CC44B1D-3406-4732-8641-A5EA5F26026C}.Debug|Any CPU.Build.0 = Debug|Any CPU
		{1CC44B1D-3406-4732-8641-A5EA5F26026C}.Debug|ARM.ActiveCfg = Debug|Any CPU
		{1CC44B1D-3406-4732-8641-A5EA5F26026C}.Debug|ARM.Build.0 = Debug|Any CPU
		{1CC44B1D-3406-4732-8641-A5EA5F26026C}.Debug|ARM64.ActiveCfg = Debug|Any CPU
		{1CC44B1D-3406-4732-8641-A5EA5F26026C}.Debug|ARM64.Build.0 = Debug|Any CPU
		{1CC44B1D-3406-4732-8641-A5EA5F26026C}.Debug|x64.ActiveCfg = Debug|Any CPU
		{1CC44B1D-3406-4732-8641-A5EA5F26026C}.Debug|x64.Build.0 = Debug|Any CPU
		{1CC44B1D-3406-4732-8641-A5EA5F26026C}.Debug|x86.ActiveCfg = Debug|Any CPU
		{1CC44B1D-3406-4732-8641-A5EA5F26026C}.Debug|x86.Build.0 = Debug|Any CPU
		{1CC44B1D-3406-4732-8641-A5EA5F26026C}.Release|Any CPU.ActiveCfg = Release|Any CPU
		{1CC44B1D-3406-4732-8641-A5EA5F26026C}.Release|Any CPU.Build.0 = Release|Any CPU
		{1CC44B1D-3406-4732-8641-A5EA5F26026C}.Release|ARM.ActiveCfg = Release|Any CPU
		{1CC44B1D-3406-4732-8641-A5EA5F26026C}.Release|ARM.Build.0 = Release|Any CPU
		{1CC44B1D-3406-4732-8641-A5EA5F26026C}.Release|ARM64.ActiveCfg = Release|Any CPU
		{1CC44B1D-3406-4732-8641-A5EA5F26026C}.Release|ARM64.Build.0 = Release|Any CPU
		{1CC44B1D-3406-4732-8641-A5EA5F26026C}.Release|x64.ActiveCfg = Release|Any CPU
		{1CC44B1D-3406-4732-8641-A5EA5F26026C}.Release|x64.Build.0 = Release|Any CPU
		{1CC44B1D-3406-4732-8641-A5EA5F26026C}.Release|x86.ActiveCfg = Release|Any CPU
		{1CC44B1D-3406-4732-8641-A5EA5F26026C}.Release|x86.Build.0 = Release|Any CPU
		{BBCD1A43-F95F-43DF-8D2A-84B32F80C7F6}.Debug|Any CPU.ActiveCfg = Debug|Any CPU
		{BBCD1A43-F95F-43DF-8D2A-84B32F80C7F6}.Debug|Any CPU.Build.0 = Debug|Any CPU
		{BBCD1A43-F95F-43DF-8D2A-84B32F80C7F6}.Debug|ARM.ActiveCfg = Debug|Any CPU
		{BBCD1A43-F95F-43DF-8D2A-84B32F80C7F6}.Debug|ARM.Build.0 = Debug|Any CPU
		{BBCD1A43-F95F-43DF-8D2A-84B32F80C7F6}.Debug|ARM64.ActiveCfg = Debug|Any CPU
		{BBCD1A43-F95F-43DF-8D2A-84B32F80C7F6}.Debug|ARM64.Build.0 = Debug|Any CPU
		{BBCD1A43-F95F-43DF-8D2A-84B32F80C7F6}.Debug|x64.ActiveCfg = Debug|Any CPU
		{BBCD1A43-F95F-43DF-8D2A-84B32F80C7F6}.Debug|x64.Build.0 = Debug|Any CPU
		{BBCD1A43-F95F-43DF-8D2A-84B32F80C7F6}.Debug|x86.ActiveCfg = Debug|Any CPU
		{BBCD1A43-F95F-43DF-8D2A-84B32F80C7F6}.Debug|x86.Build.0 = Debug|Any CPU
		{BBCD1A43-F95F-43DF-8D2A-84B32F80C7F6}.Release|Any CPU.ActiveCfg = Release|Any CPU
		{BBCD1A43-F95F-43DF-8D2A-84B32F80C7F6}.Release|Any CPU.Build.0 = Release|Any CPU
		{BBCD1A43-F95F-43DF-8D2A-84B32F80C7F6}.Release|ARM.ActiveCfg = Release|Any CPU
		{BBCD1A43-F95F-43DF-8D2A-84B32F80C7F6}.Release|ARM.Build.0 = Release|Any CPU
		{BBCD1A43-F95F-43DF-8D2A-84B32F80C7F6}.Release|ARM64.ActiveCfg = Release|Any CPU
		{BBCD1A43-F95F-43DF-8D2A-84B32F80C7F6}.Release|ARM64.Build.0 = Release|Any CPU
		{BBCD1A43-F95F-43DF-8D2A-84B32F80C7F6}.Release|x64.ActiveCfg = Release|Any CPU
		{BBCD1A43-F95F-43DF-8D2A-84B32F80C7F6}.Release|x64.Build.0 = Release|Any CPU
		{BBCD1A43-F95F-43DF-8D2A-84B32F80C7F6}.Release|x86.ActiveCfg = Release|Any CPU
		{BBCD1A43-F95F-43DF-8D2A-84B32F80C7F6}.Release|x86.Build.0 = Release|Any CPU
		{E53C08B0-FC9E-43AF-ABFF-C71105B8E323}.Debug|Any CPU.ActiveCfg = Debug|Any CPU
		{E53C08B0-FC9E-43AF-ABFF-C71105B8E323}.Debug|Any CPU.Build.0 = Debug|Any CPU
		{E53C08B0-FC9E-43AF-ABFF-C71105B8E323}.Debug|ARM.ActiveCfg = Debug|Any CPU
		{E53C08B0-FC9E-43AF-ABFF-C71105B8E323}.Debug|ARM.Build.0 = Debug|Any CPU
		{E53C08B0-FC9E-43AF-ABFF-C71105B8E323}.Debug|ARM64.ActiveCfg = Debug|Any CPU
		{E53C08B0-FC9E-43AF-ABFF-C71105B8E323}.Debug|ARM64.Build.0 = Debug|Any CPU
		{E53C08B0-FC9E-43AF-ABFF-C71105B8E323}.Debug|x64.ActiveCfg = Debug|Any CPU
		{E53C08B0-FC9E-43AF-ABFF-C71105B8E323}.Debug|x64.Build.0 = Debug|Any CPU
		{E53C08B0-FC9E-43AF-ABFF-C71105B8E323}.Debug|x86.ActiveCfg = Debug|Any CPU
		{E53C08B0-FC9E-43AF-ABFF-C71105B8E323}.Debug|x86.Build.0 = Debug|Any CPU
		{E53C08B0-FC9E-43AF-ABFF-C71105B8E323}.Release|Any CPU.ActiveCfg = Release|Any CPU
		{E53C08B0-FC9E-43AF-ABFF-C71105B8E323}.Release|Any CPU.Build.0 = Release|Any CPU
		{E53C08B0-FC9E-43AF-ABFF-C71105B8E323}.Release|ARM.ActiveCfg = Release|Any CPU
		{E53C08B0-FC9E-43AF-ABFF-C71105B8E323}.Release|ARM.Build.0 = Release|Any CPU
		{E53C08B0-FC9E-43AF-ABFF-C71105B8E323}.Release|ARM64.ActiveCfg = Release|Any CPU
		{E53C08B0-FC9E-43AF-ABFF-C71105B8E323}.Release|ARM64.Build.0 = Release|Any CPU
		{E53C08B0-FC9E-43AF-ABFF-C71105B8E323}.Release|x64.ActiveCfg = Release|Any CPU
		{E53C08B0-FC9E-43AF-ABFF-C71105B8E323}.Release|x64.Build.0 = Release|Any CPU
		{E53C08B0-FC9E-43AF-ABFF-C71105B8E323}.Release|x86.ActiveCfg = Release|Any CPU
		{E53C08B0-FC9E-43AF-ABFF-C71105B8E323}.Release|x86.Build.0 = Release|Any CPU
		{6935FB6A-B5EC-49AA-A785-5FAA2736A664}.Debug|Any CPU.ActiveCfg = Debug|Any CPU
		{6935FB6A-B5EC-49AA-A785-5FAA2736A664}.Debug|Any CPU.Build.0 = Debug|Any CPU
		{6935FB6A-B5EC-49AA-A785-5FAA2736A664}.Debug|ARM.ActiveCfg = Debug|Any CPU
		{6935FB6A-B5EC-49AA-A785-5FAA2736A664}.Debug|ARM.Build.0 = Debug|Any CPU
		{6935FB6A-B5EC-49AA-A785-5FAA2736A664}.Debug|ARM64.ActiveCfg = Debug|Any CPU
		{6935FB6A-B5EC-49AA-A785-5FAA2736A664}.Debug|ARM64.Build.0 = Debug|Any CPU
		{6935FB6A-B5EC-49AA-A785-5FAA2736A664}.Debug|x64.ActiveCfg = Debug|Any CPU
		{6935FB6A-B5EC-49AA-A785-5FAA2736A664}.Debug|x64.Build.0 = Debug|Any CPU
		{6935FB6A-B5EC-49AA-A785-5FAA2736A664}.Debug|x86.ActiveCfg = Debug|Any CPU
		{6935FB6A-B5EC-49AA-A785-5FAA2736A664}.Debug|x86.Build.0 = Debug|Any CPU
		{6935FB6A-B5EC-49AA-A785-5FAA2736A664}.Release|Any CPU.ActiveCfg = Release|Any CPU
		{6935FB6A-B5EC-49AA-A785-5FAA2736A664}.Release|Any CPU.Build.0 = Release|Any CPU
		{6935FB6A-B5EC-49AA-A785-5FAA2736A664}.Release|ARM.ActiveCfg = Release|Any CPU
		{6935FB6A-B5EC-49AA-A785-5FAA2736A664}.Release|ARM.Build.0 = Release|Any CPU
		{6935FB6A-B5EC-49AA-A785-5FAA2736A664}.Release|ARM64.ActiveCfg = Release|Any CPU
		{6935FB6A-B5EC-49AA-A785-5FAA2736A664}.Release|ARM64.Build.0 = Release|Any CPU
		{6935FB6A-B5EC-49AA-A785-5FAA2736A664}.Release|x64.ActiveCfg = Release|Any CPU
		{6935FB6A-B5EC-49AA-A785-5FAA2736A664}.Release|x64.Build.0 = Release|Any CPU
		{6935FB6A-B5EC-49AA-A785-5FAA2736A664}.Release|x86.ActiveCfg = Release|Any CPU
		{6935FB6A-B5EC-49AA-A785-5FAA2736A664}.Release|x86.Build.0 = Release|Any CPU
		{771624BC-8536-4DC1-A7E3-4408B48876CA}.Debug|Any CPU.ActiveCfg = Debug|Any CPU
		{771624BC-8536-4DC1-A7E3-4408B48876CA}.Debug|Any CPU.Build.0 = Debug|Any CPU
		{771624BC-8536-4DC1-A7E3-4408B48876CA}.Debug|ARM.ActiveCfg = Debug|Any CPU
		{771624BC-8536-4DC1-A7E3-4408B48876CA}.Debug|ARM.Build.0 = Debug|Any CPU
		{771624BC-8536-4DC1-A7E3-4408B48876CA}.Debug|ARM64.ActiveCfg = Debug|Any CPU
		{771624BC-8536-4DC1-A7E3-4408B48876CA}.Debug|ARM64.Build.0 = Debug|Any CPU
		{771624BC-8536-4DC1-A7E3-4408B48876CA}.Debug|x64.ActiveCfg = Debug|Any CPU
		{771624BC-8536-4DC1-A7E3-4408B48876CA}.Debug|x64.Build.0 = Debug|Any CPU
		{771624BC-8536-4DC1-A7E3-4408B48876CA}.Debug|x86.ActiveCfg = Debug|Any CPU
		{771624BC-8536-4DC1-A7E3-4408B48876CA}.Debug|x86.Build.0 = Debug|Any CPU
		{771624BC-8536-4DC1-A7E3-4408B48876CA}.Release|Any CPU.ActiveCfg = Release|Any CPU
		{771624BC-8536-4DC1-A7E3-4408B48876CA}.Release|Any CPU.Build.0 = Release|Any CPU
		{771624BC-8536-4DC1-A7E3-4408B48876CA}.Release|ARM.ActiveCfg = Release|Any CPU
		{771624BC-8536-4DC1-A7E3-4408B48876CA}.Release|ARM.Build.0 = Release|Any CPU
		{771624BC-8536-4DC1-A7E3-4408B48876CA}.Release|ARM64.ActiveCfg = Release|Any CPU
		{771624BC-8536-4DC1-A7E3-4408B48876CA}.Release|ARM64.Build.0 = Release|Any CPU
		{771624BC-8536-4DC1-A7E3-4408B48876CA}.Release|x64.ActiveCfg = Release|Any CPU
		{771624BC-8536-4DC1-A7E3-4408B48876CA}.Release|x64.Build.0 = Release|Any CPU
		{771624BC-8536-4DC1-A7E3-4408B48876CA}.Release|x86.ActiveCfg = Release|Any CPU
		{771624BC-8536-4DC1-A7E3-4408B48876CA}.Release|x86.Build.0 = Release|Any CPU
		{0CF59A6B-F594-4626-9B0F-A4495A866635}.Debug|Any CPU.ActiveCfg = Debug|Any CPU
		{0CF59A6B-F594-4626-9B0F-A4495A866635}.Debug|Any CPU.Build.0 = Debug|Any CPU
		{0CF59A6B-F594-4626-9B0F-A4495A866635}.Debug|ARM.ActiveCfg = Debug|Any CPU
		{0CF59A6B-F594-4626-9B0F-A4495A866635}.Debug|ARM.Build.0 = Debug|Any CPU
		{0CF59A6B-F594-4626-9B0F-A4495A866635}.Debug|ARM64.ActiveCfg = Debug|Any CPU
		{0CF59A6B-F594-4626-9B0F-A4495A866635}.Debug|ARM64.Build.0 = Debug|Any CPU
		{0CF59A6B-F594-4626-9B0F-A4495A866635}.Debug|x64.ActiveCfg = Debug|Any CPU
		{0CF59A6B-F594-4626-9B0F-A4495A866635}.Debug|x64.Build.0 = Debug|Any CPU
		{0CF59A6B-F594-4626-9B0F-A4495A866635}.Debug|x86.ActiveCfg = Debug|Any CPU
		{0CF59A6B-F594-4626-9B0F-A4495A866635}.Debug|x86.Build.0 = Debug|Any CPU
		{0CF59A6B-F594-4626-9B0F-A4495A866635}.Release|Any CPU.ActiveCfg = Release|Any CPU
		{0CF59A6B-F594-4626-9B0F-A4495A866635}.Release|Any CPU.Build.0 = Release|Any CPU
		{0CF59A6B-F594-4626-9B0F-A4495A866635}.Release|ARM.ActiveCfg = Release|Any CPU
		{0CF59A6B-F594-4626-9B0F-A4495A866635}.Release|ARM.Build.0 = Release|Any CPU
		{0CF59A6B-F594-4626-9B0F-A4495A866635}.Release|ARM64.ActiveCfg = Release|Any CPU
		{0CF59A6B-F594-4626-9B0F-A4495A866635}.Release|ARM64.Build.0 = Release|Any CPU
		{0CF59A6B-F594-4626-9B0F-A4495A866635}.Release|x64.ActiveCfg = Release|Any CPU
		{0CF59A6B-F594-4626-9B0F-A4495A866635}.Release|x64.Build.0 = Release|Any CPU
		{0CF59A6B-F594-4626-9B0F-A4495A866635}.Release|x86.ActiveCfg = Release|Any CPU
		{0CF59A6B-F594-4626-9B0F-A4495A866635}.Release|x86.Build.0 = Release|Any CPU
		{8D466173-2A41-4076-BCD1-5E034E9D2DA4}.Debug|Any CPU.ActiveCfg = Debug|Any CPU
		{8D466173-2A41-4076-BCD1-5E034E9D2DA4}.Debug|Any CPU.Build.0 = Debug|Any CPU
		{8D466173-2A41-4076-BCD1-5E034E9D2DA4}.Debug|ARM.ActiveCfg = Debug|Any CPU
		{8D466173-2A41-4076-BCD1-5E034E9D2DA4}.Debug|ARM.Build.0 = Debug|Any CPU
		{8D466173-2A41-4076-BCD1-5E034E9D2DA4}.Debug|ARM64.ActiveCfg = Debug|Any CPU
		{8D466173-2A41-4076-BCD1-5E034E9D2DA4}.Debug|ARM64.Build.0 = Debug|Any CPU
		{8D466173-2A41-4076-BCD1-5E034E9D2DA4}.Debug|x64.ActiveCfg = Debug|Any CPU
		{8D466173-2A41-4076-BCD1-5E034E9D2DA4}.Debug|x64.Build.0 = Debug|Any CPU
		{8D466173-2A41-4076-BCD1-5E034E9D2DA4}.Debug|x86.ActiveCfg = Debug|Any CPU
		{8D466173-2A41-4076-BCD1-5E034E9D2DA4}.Debug|x86.Build.0 = Debug|Any CPU
		{8D466173-2A41-4076-BCD1-5E034E9D2DA4}.Release|Any CPU.ActiveCfg = Release|Any CPU
		{8D466173-2A41-4076-BCD1-5E034E9D2DA4}.Release|Any CPU.Build.0 = Release|Any CPU
		{8D466173-2A41-4076-BCD1-5E034E9D2DA4}.Release|ARM.ActiveCfg = Release|Any CPU
		{8D466173-2A41-4076-BCD1-5E034E9D2DA4}.Release|ARM.Build.0 = Release|Any CPU
		{8D466173-2A41-4076-BCD1-5E034E9D2DA4}.Release|ARM64.ActiveCfg = Release|Any CPU
		{8D466173-2A41-4076-BCD1-5E034E9D2DA4}.Release|ARM64.Build.0 = Release|Any CPU
		{8D466173-2A41-4076-BCD1-5E034E9D2DA4}.Release|x64.ActiveCfg = Release|Any CPU
		{8D466173-2A41-4076-BCD1-5E034E9D2DA4}.Release|x64.Build.0 = Release|Any CPU
		{8D466173-2A41-4076-BCD1-5E034E9D2DA4}.Release|x86.ActiveCfg = Release|Any CPU
		{8D466173-2A41-4076-BCD1-5E034E9D2DA4}.Release|x86.Build.0 = Release|Any CPU
		{D162F865-FE5A-4F24-8CBB-A8A76473F934}.Debug|Any CPU.ActiveCfg = Debug|Any CPU
		{D162F865-FE5A-4F24-8CBB-A8A76473F934}.Debug|Any CPU.Build.0 = Debug|Any CPU
		{D162F865-FE5A-4F24-8CBB-A8A76473F934}.Debug|ARM.ActiveCfg = Debug|Any CPU
		{D162F865-FE5A-4F24-8CBB-A8A76473F934}.Debug|ARM.Build.0 = Debug|Any CPU
		{D162F865-FE5A-4F24-8CBB-A8A76473F934}.Debug|ARM64.ActiveCfg = Debug|Any CPU
		{D162F865-FE5A-4F24-8CBB-A8A76473F934}.Debug|ARM64.Build.0 = Debug|Any CPU
		{D162F865-FE5A-4F24-8CBB-A8A76473F934}.Debug|x64.ActiveCfg = Debug|Any CPU
		{D162F865-FE5A-4F24-8CBB-A8A76473F934}.Debug|x64.Build.0 = Debug|Any CPU
		{D162F865-FE5A-4F24-8CBB-A8A76473F934}.Debug|x86.ActiveCfg = Debug|Any CPU
		{D162F865-FE5A-4F24-8CBB-A8A76473F934}.Debug|x86.Build.0 = Debug|Any CPU
		{D162F865-FE5A-4F24-8CBB-A8A76473F934}.Release|Any CPU.ActiveCfg = Release|Any CPU
		{D162F865-FE5A-4F24-8CBB-A8A76473F934}.Release|Any CPU.Build.0 = Release|Any CPU
		{D162F865-FE5A-4F24-8CBB-A8A76473F934}.Release|ARM.ActiveCfg = Release|Any CPU
		{D162F865-FE5A-4F24-8CBB-A8A76473F934}.Release|ARM.Build.0 = Release|Any CPU
		{D162F865-FE5A-4F24-8CBB-A8A76473F934}.Release|ARM64.ActiveCfg = Release|Any CPU
		{D162F865-FE5A-4F24-8CBB-A8A76473F934}.Release|ARM64.Build.0 = Release|Any CPU
		{D162F865-FE5A-4F24-8CBB-A8A76473F934}.Release|x64.ActiveCfg = Release|Any CPU
		{D162F865-FE5A-4F24-8CBB-A8A76473F934}.Release|x64.Build.0 = Release|Any CPU
		{D162F865-FE5A-4F24-8CBB-A8A76473F934}.Release|x86.ActiveCfg = Release|Any CPU
		{D162F865-FE5A-4F24-8CBB-A8A76473F934}.Release|x86.Build.0 = Release|Any CPU
		{8B23EEE4-62DC-4E43-A22F-12C6814C7F49}.Debug|Any CPU.ActiveCfg = Debug|Any CPU
		{8B23EEE4-62DC-4E43-A22F-12C6814C7F49}.Debug|Any CPU.Build.0 = Debug|Any CPU
		{8B23EEE4-62DC-4E43-A22F-12C6814C7F49}.Debug|ARM.ActiveCfg = Debug|Any CPU
		{8B23EEE4-62DC-4E43-A22F-12C6814C7F49}.Debug|ARM.Build.0 = Debug|Any CPU
		{8B23EEE4-62DC-4E43-A22F-12C6814C7F49}.Debug|ARM64.ActiveCfg = Debug|Any CPU
		{8B23EEE4-62DC-4E43-A22F-12C6814C7F49}.Debug|ARM64.Build.0 = Debug|Any CPU
		{8B23EEE4-62DC-4E43-A22F-12C6814C7F49}.Debug|x64.ActiveCfg = Debug|Any CPU
		{8B23EEE4-62DC-4E43-A22F-12C6814C7F49}.Debug|x64.Build.0 = Debug|Any CPU
		{8B23EEE4-62DC-4E43-A22F-12C6814C7F49}.Debug|x86.ActiveCfg = Debug|Any CPU
		{8B23EEE4-62DC-4E43-A22F-12C6814C7F49}.Debug|x86.Build.0 = Debug|Any CPU
		{8B23EEE4-62DC-4E43-A22F-12C6814C7F49}.Release|Any CPU.ActiveCfg = Release|Any CPU
		{8B23EEE4-62DC-4E43-A22F-12C6814C7F49}.Release|Any CPU.Build.0 = Release|Any CPU
		{8B23EEE4-62DC-4E43-A22F-12C6814C7F49}.Release|ARM.ActiveCfg = Release|Any CPU
		{8B23EEE4-62DC-4E43-A22F-12C6814C7F49}.Release|ARM.Build.0 = Release|Any CPU
		{8B23EEE4-62DC-4E43-A22F-12C6814C7F49}.Release|ARM64.ActiveCfg = Release|Any CPU
		{8B23EEE4-62DC-4E43-A22F-12C6814C7F49}.Release|ARM64.Build.0 = Release|Any CPU
		{8B23EEE4-62DC-4E43-A22F-12C6814C7F49}.Release|x64.ActiveCfg = Release|Any CPU
		{8B23EEE4-62DC-4E43-A22F-12C6814C7F49}.Release|x64.Build.0 = Release|Any CPU
		{8B23EEE4-62DC-4E43-A22F-12C6814C7F49}.Release|x86.ActiveCfg = Release|Any CPU
		{8B23EEE4-62DC-4E43-A22F-12C6814C7F49}.Release|x86.Build.0 = Release|Any CPU
		{799FA259-C6F7-4EA1-B6E7-49007D090274}.Debug|Any CPU.ActiveCfg = Debug|Any CPU
		{799FA259-C6F7-4EA1-B6E7-49007D090274}.Debug|Any CPU.Build.0 = Debug|Any CPU
		{799FA259-C6F7-4EA1-B6E7-49007D090274}.Debug|ARM.ActiveCfg = Debug|Any CPU
		{799FA259-C6F7-4EA1-B6E7-49007D090274}.Debug|ARM.Build.0 = Debug|Any CPU
		{799FA259-C6F7-4EA1-B6E7-49007D090274}.Debug|ARM64.ActiveCfg = Debug|Any CPU
		{799FA259-C6F7-4EA1-B6E7-49007D090274}.Debug|ARM64.Build.0 = Debug|Any CPU
		{799FA259-C6F7-4EA1-B6E7-49007D090274}.Debug|x64.ActiveCfg = Debug|Any CPU
		{799FA259-C6F7-4EA1-B6E7-49007D090274}.Debug|x64.Build.0 = Debug|Any CPU
		{799FA259-C6F7-4EA1-B6E7-49007D090274}.Debug|x86.ActiveCfg = Debug|Any CPU
		{799FA259-C6F7-4EA1-B6E7-49007D090274}.Debug|x86.Build.0 = Debug|Any CPU
		{799FA259-C6F7-4EA1-B6E7-49007D090274}.Release|Any CPU.ActiveCfg = Release|Any CPU
		{799FA259-C6F7-4EA1-B6E7-49007D090274}.Release|Any CPU.Build.0 = Release|Any CPU
		{799FA259-C6F7-4EA1-B6E7-49007D090274}.Release|ARM.ActiveCfg = Release|Any CPU
		{799FA259-C6F7-4EA1-B6E7-49007D090274}.Release|ARM.Build.0 = Release|Any CPU
		{799FA259-C6F7-4EA1-B6E7-49007D090274}.Release|ARM64.ActiveCfg = Release|Any CPU
		{799FA259-C6F7-4EA1-B6E7-49007D090274}.Release|ARM64.Build.0 = Release|Any CPU
		{799FA259-C6F7-4EA1-B6E7-49007D090274}.Release|x64.ActiveCfg = Release|Any CPU
		{799FA259-C6F7-4EA1-B6E7-49007D090274}.Release|x64.Build.0 = Release|Any CPU
		{799FA259-C6F7-4EA1-B6E7-49007D090274}.Release|x86.ActiveCfg = Release|Any CPU
		{799FA259-C6F7-4EA1-B6E7-49007D090274}.Release|x86.Build.0 = Release|Any CPU
		{79B9DF74-6DE2-48BC-997F-6BBF02F8FD13}.Debug|Any CPU.ActiveCfg = Debug|Any CPU
		{79B9DF74-6DE2-48BC-997F-6BBF02F8FD13}.Debug|Any CPU.Build.0 = Debug|Any CPU
		{79B9DF74-6DE2-48BC-997F-6BBF02F8FD13}.Debug|ARM.ActiveCfg = Debug|Any CPU
		{79B9DF74-6DE2-48BC-997F-6BBF02F8FD13}.Debug|ARM.Build.0 = Debug|Any CPU
		{79B9DF74-6DE2-48BC-997F-6BBF02F8FD13}.Debug|ARM64.ActiveCfg = Debug|Any CPU
		{79B9DF74-6DE2-48BC-997F-6BBF02F8FD13}.Debug|ARM64.Build.0 = Debug|Any CPU
		{79B9DF74-6DE2-48BC-997F-6BBF02F8FD13}.Debug|x64.ActiveCfg = Debug|Any CPU
		{79B9DF74-6DE2-48BC-997F-6BBF02F8FD13}.Debug|x64.Build.0 = Debug|Any CPU
		{79B9DF74-6DE2-48BC-997F-6BBF02F8FD13}.Debug|x86.ActiveCfg = Debug|Any CPU
		{79B9DF74-6DE2-48BC-997F-6BBF02F8FD13}.Debug|x86.Build.0 = Debug|Any CPU
		{79B9DF74-6DE2-48BC-997F-6BBF02F8FD13}.Release|Any CPU.ActiveCfg = Release|Any CPU
		{79B9DF74-6DE2-48BC-997F-6BBF02F8FD13}.Release|Any CPU.Build.0 = Release|Any CPU
		{79B9DF74-6DE2-48BC-997F-6BBF02F8FD13}.Release|ARM.ActiveCfg = Release|Any CPU
		{79B9DF74-6DE2-48BC-997F-6BBF02F8FD13}.Release|ARM.Build.0 = Release|Any CPU
		{79B9DF74-6DE2-48BC-997F-6BBF02F8FD13}.Release|ARM64.ActiveCfg = Release|Any CPU
		{79B9DF74-6DE2-48BC-997F-6BBF02F8FD13}.Release|ARM64.Build.0 = Release|Any CPU
		{79B9DF74-6DE2-48BC-997F-6BBF02F8FD13}.Release|x64.ActiveCfg = Release|Any CPU
		{79B9DF74-6DE2-48BC-997F-6BBF02F8FD13}.Release|x64.Build.0 = Release|Any CPU
		{79B9DF74-6DE2-48BC-997F-6BBF02F8FD13}.Release|x86.ActiveCfg = Release|Any CPU
		{79B9DF74-6DE2-48BC-997F-6BBF02F8FD13}.Release|x86.Build.0 = Release|Any CPU
		{BFA4707F-C13F-4705-B2BB-92AC1BF33A7C}.Debug|Any CPU.ActiveCfg = Debug|Any CPU
		{BFA4707F-C13F-4705-B2BB-92AC1BF33A7C}.Debug|Any CPU.Build.0 = Debug|Any CPU
		{BFA4707F-C13F-4705-B2BB-92AC1BF33A7C}.Debug|ARM.ActiveCfg = Debug|Any CPU
		{BFA4707F-C13F-4705-B2BB-92AC1BF33A7C}.Debug|ARM.Build.0 = Debug|Any CPU
		{BFA4707F-C13F-4705-B2BB-92AC1BF33A7C}.Debug|ARM64.ActiveCfg = Debug|Any CPU
		{BFA4707F-C13F-4705-B2BB-92AC1BF33A7C}.Debug|ARM64.Build.0 = Debug|Any CPU
		{BFA4707F-C13F-4705-B2BB-92AC1BF33A7C}.Debug|x64.ActiveCfg = Debug|Any CPU
		{BFA4707F-C13F-4705-B2BB-92AC1BF33A7C}.Debug|x64.Build.0 = Debug|Any CPU
		{BFA4707F-C13F-4705-B2BB-92AC1BF33A7C}.Debug|x86.ActiveCfg = Debug|Any CPU
		{BFA4707F-C13F-4705-B2BB-92AC1BF33A7C}.Debug|x86.Build.0 = Debug|Any CPU
		{BFA4707F-C13F-4705-B2BB-92AC1BF33A7C}.Release|Any CPU.ActiveCfg = Release|Any CPU
		{BFA4707F-C13F-4705-B2BB-92AC1BF33A7C}.Release|Any CPU.Build.0 = Release|Any CPU
		{BFA4707F-C13F-4705-B2BB-92AC1BF33A7C}.Release|ARM.ActiveCfg = Release|Any CPU
		{BFA4707F-C13F-4705-B2BB-92AC1BF33A7C}.Release|ARM.Build.0 = Release|Any CPU
		{BFA4707F-C13F-4705-B2BB-92AC1BF33A7C}.Release|ARM64.ActiveCfg = Release|Any CPU
		{BFA4707F-C13F-4705-B2BB-92AC1BF33A7C}.Release|ARM64.Build.0 = Release|Any CPU
		{BFA4707F-C13F-4705-B2BB-92AC1BF33A7C}.Release|x64.ActiveCfg = Release|Any CPU
		{BFA4707F-C13F-4705-B2BB-92AC1BF33A7C}.Release|x64.Build.0 = Release|Any CPU
		{BFA4707F-C13F-4705-B2BB-92AC1BF33A7C}.Release|x86.ActiveCfg = Release|Any CPU
		{BFA4707F-C13F-4705-B2BB-92AC1BF33A7C}.Release|x86.Build.0 = Release|Any CPU
		{E8B3FC2A-AF5D-4D64-8A81-2D707B78F868}.Debug|Any CPU.ActiveCfg = Debug|Any CPU
		{E8B3FC2A-AF5D-4D64-8A81-2D707B78F868}.Debug|Any CPU.Build.0 = Debug|Any CPU
		{E8B3FC2A-AF5D-4D64-8A81-2D707B78F868}.Debug|ARM.ActiveCfg = Debug|Any CPU
		{E8B3FC2A-AF5D-4D64-8A81-2D707B78F868}.Debug|ARM.Build.0 = Debug|Any CPU
		{E8B3FC2A-AF5D-4D64-8A81-2D707B78F868}.Debug|ARM64.ActiveCfg = Debug|Any CPU
		{E8B3FC2A-AF5D-4D64-8A81-2D707B78F868}.Debug|ARM64.Build.0 = Debug|Any CPU
		{E8B3FC2A-AF5D-4D64-8A81-2D707B78F868}.Debug|x64.ActiveCfg = Debug|Any CPU
		{E8B3FC2A-AF5D-4D64-8A81-2D707B78F868}.Debug|x64.Build.0 = Debug|Any CPU
		{E8B3FC2A-AF5D-4D64-8A81-2D707B78F868}.Debug|x86.ActiveCfg = Debug|Any CPU
		{E8B3FC2A-AF5D-4D64-8A81-2D707B78F868}.Debug|x86.Build.0 = Debug|Any CPU
		{E8B3FC2A-AF5D-4D64-8A81-2D707B78F868}.Release|Any CPU.ActiveCfg = Release|Any CPU
		{E8B3FC2A-AF5D-4D64-8A81-2D707B78F868}.Release|Any CPU.Build.0 = Release|Any CPU
		{E8B3FC2A-AF5D-4D64-8A81-2D707B78F868}.Release|ARM.ActiveCfg = Release|Any CPU
		{E8B3FC2A-AF5D-4D64-8A81-2D707B78F868}.Release|ARM.Build.0 = Release|Any CPU
		{E8B3FC2A-AF5D-4D64-8A81-2D707B78F868}.Release|ARM64.ActiveCfg = Release|Any CPU
		{E8B3FC2A-AF5D-4D64-8A81-2D707B78F868}.Release|ARM64.Build.0 = Release|Any CPU
		{E8B3FC2A-AF5D-4D64-8A81-2D707B78F868}.Release|x64.ActiveCfg = Release|Any CPU
		{E8B3FC2A-AF5D-4D64-8A81-2D707B78F868}.Release|x64.Build.0 = Release|Any CPU
		{E8B3FC2A-AF5D-4D64-8A81-2D707B78F868}.Release|x86.ActiveCfg = Release|Any CPU
		{E8B3FC2A-AF5D-4D64-8A81-2D707B78F868}.Release|x86.Build.0 = Release|Any CPU
		{A201A6CA-A86E-4C94-96F4-0959724DCA83}.Debug|Any CPU.ActiveCfg = Debug|Any CPU
		{A201A6CA-A86E-4C94-96F4-0959724DCA83}.Debug|Any CPU.Build.0 = Debug|Any CPU
		{A201A6CA-A86E-4C94-96F4-0959724DCA83}.Debug|ARM.ActiveCfg = Debug|Any CPU
		{A201A6CA-A86E-4C94-96F4-0959724DCA83}.Debug|ARM.Build.0 = Debug|Any CPU
		{A201A6CA-A86E-4C94-96F4-0959724DCA83}.Debug|ARM64.ActiveCfg = Debug|Any CPU
		{A201A6CA-A86E-4C94-96F4-0959724DCA83}.Debug|ARM64.Build.0 = Debug|Any CPU
		{A201A6CA-A86E-4C94-96F4-0959724DCA83}.Debug|x64.ActiveCfg = Debug|Any CPU
		{A201A6CA-A86E-4C94-96F4-0959724DCA83}.Debug|x64.Build.0 = Debug|Any CPU
		{A201A6CA-A86E-4C94-96F4-0959724DCA83}.Debug|x86.ActiveCfg = Debug|Any CPU
		{A201A6CA-A86E-4C94-96F4-0959724DCA83}.Debug|x86.Build.0 = Debug|Any CPU
		{A201A6CA-A86E-4C94-96F4-0959724DCA83}.Release|Any CPU.ActiveCfg = Release|Any CPU
		{A201A6CA-A86E-4C94-96F4-0959724DCA83}.Release|Any CPU.Build.0 = Release|Any CPU
		{A201A6CA-A86E-4C94-96F4-0959724DCA83}.Release|ARM.ActiveCfg = Release|Any CPU
		{A201A6CA-A86E-4C94-96F4-0959724DCA83}.Release|ARM.Build.0 = Release|Any CPU
		{A201A6CA-A86E-4C94-96F4-0959724DCA83}.Release|ARM64.ActiveCfg = Release|Any CPU
		{A201A6CA-A86E-4C94-96F4-0959724DCA83}.Release|ARM64.Build.0 = Release|Any CPU
		{A201A6CA-A86E-4C94-96F4-0959724DCA83}.Release|x64.ActiveCfg = Release|Any CPU
		{A201A6CA-A86E-4C94-96F4-0959724DCA83}.Release|x64.Build.0 = Release|Any CPU
		{A201A6CA-A86E-4C94-96F4-0959724DCA83}.Release|x86.ActiveCfg = Release|Any CPU
		{A201A6CA-A86E-4C94-96F4-0959724DCA83}.Release|x86.Build.0 = Release|Any CPU
		{BF5731A5-A14E-4388-BBD6-D9FA2EBF6736}.Debug|Any CPU.ActiveCfg = Debug|Any CPU
		{BF5731A5-A14E-4388-BBD6-D9FA2EBF6736}.Debug|Any CPU.Build.0 = Debug|Any CPU
		{BF5731A5-A14E-4388-BBD6-D9FA2EBF6736}.Debug|ARM.ActiveCfg = Debug|Any CPU
		{BF5731A5-A14E-4388-BBD6-D9FA2EBF6736}.Debug|ARM.Build.0 = Debug|Any CPU
		{BF5731A5-A14E-4388-BBD6-D9FA2EBF6736}.Debug|ARM64.ActiveCfg = Debug|Any CPU
		{BF5731A5-A14E-4388-BBD6-D9FA2EBF6736}.Debug|ARM64.Build.0 = Debug|Any CPU
		{BF5731A5-A14E-4388-BBD6-D9FA2EBF6736}.Debug|x64.ActiveCfg = Debug|Any CPU
		{BF5731A5-A14E-4388-BBD6-D9FA2EBF6736}.Debug|x64.Build.0 = Debug|Any CPU
		{BF5731A5-A14E-4388-BBD6-D9FA2EBF6736}.Debug|x86.ActiveCfg = Debug|Any CPU
		{BF5731A5-A14E-4388-BBD6-D9FA2EBF6736}.Debug|x86.Build.0 = Debug|Any CPU
		{BF5731A5-A14E-4388-BBD6-D9FA2EBF6736}.Release|Any CPU.ActiveCfg = Release|Any CPU
		{BF5731A5-A14E-4388-BBD6-D9FA2EBF6736}.Release|Any CPU.Build.0 = Release|Any CPU
		{BF5731A5-A14E-4388-BBD6-D9FA2EBF6736}.Release|ARM.ActiveCfg = Release|Any CPU
		{BF5731A5-A14E-4388-BBD6-D9FA2EBF6736}.Release|ARM.Build.0 = Release|Any CPU
		{BF5731A5-A14E-4388-BBD6-D9FA2EBF6736}.Release|ARM64.ActiveCfg = Release|Any CPU
		{BF5731A5-A14E-4388-BBD6-D9FA2EBF6736}.Release|ARM64.Build.0 = Release|Any CPU
		{BF5731A5-A14E-4388-BBD6-D9FA2EBF6736}.Release|x64.ActiveCfg = Release|Any CPU
		{BF5731A5-A14E-4388-BBD6-D9FA2EBF6736}.Release|x64.Build.0 = Release|Any CPU
		{BF5731A5-A14E-4388-BBD6-D9FA2EBF6736}.Release|x86.ActiveCfg = Release|Any CPU
		{BF5731A5-A14E-4388-BBD6-D9FA2EBF6736}.Release|x86.Build.0 = Release|Any CPU
		{12863767-95FA-4200-8AC6-660918F9C8C9}.Debug|Any CPU.ActiveCfg = Debug|x64
		{12863767-95FA-4200-8AC6-660918F9C8C9}.Debug|Any CPU.Build.0 = Debug|x64
		{12863767-95FA-4200-8AC6-660918F9C8C9}.Debug|Any CPU.Deploy.0 = Debug|x64
		{12863767-95FA-4200-8AC6-660918F9C8C9}.Debug|ARM.ActiveCfg = Debug|ARM
		{12863767-95FA-4200-8AC6-660918F9C8C9}.Debug|ARM.Build.0 = Debug|ARM
		{12863767-95FA-4200-8AC6-660918F9C8C9}.Debug|ARM.Deploy.0 = Debug|ARM
		{12863767-95FA-4200-8AC6-660918F9C8C9}.Debug|ARM64.ActiveCfg = Debug|ARM64
		{12863767-95FA-4200-8AC6-660918F9C8C9}.Debug|ARM64.Build.0 = Debug|ARM64
		{12863767-95FA-4200-8AC6-660918F9C8C9}.Debug|ARM64.Deploy.0 = Debug|ARM64
		{12863767-95FA-4200-8AC6-660918F9C8C9}.Debug|x64.ActiveCfg = Debug|x64
		{12863767-95FA-4200-8AC6-660918F9C8C9}.Debug|x64.Build.0 = Debug|x64
		{12863767-95FA-4200-8AC6-660918F9C8C9}.Debug|x64.Deploy.0 = Debug|x64
		{12863767-95FA-4200-8AC6-660918F9C8C9}.Debug|x86.ActiveCfg = Debug|x86
		{12863767-95FA-4200-8AC6-660918F9C8C9}.Debug|x86.Build.0 = Debug|x86
		{12863767-95FA-4200-8AC6-660918F9C8C9}.Debug|x86.Deploy.0 = Debug|x86
		{12863767-95FA-4200-8AC6-660918F9C8C9}.Release|Any CPU.ActiveCfg = Release|x64
		{12863767-95FA-4200-8AC6-660918F9C8C9}.Release|Any CPU.Build.0 = Release|x64
		{12863767-95FA-4200-8AC6-660918F9C8C9}.Release|Any CPU.Deploy.0 = Release|x64
		{12863767-95FA-4200-8AC6-660918F9C8C9}.Release|ARM.ActiveCfg = Release|ARM
		{12863767-95FA-4200-8AC6-660918F9C8C9}.Release|ARM.Build.0 = Release|ARM
		{12863767-95FA-4200-8AC6-660918F9C8C9}.Release|ARM.Deploy.0 = Release|ARM
		{12863767-95FA-4200-8AC6-660918F9C8C9}.Release|ARM64.ActiveCfg = Release|ARM64
		{12863767-95FA-4200-8AC6-660918F9C8C9}.Release|ARM64.Build.0 = Release|ARM64
		{12863767-95FA-4200-8AC6-660918F9C8C9}.Release|ARM64.Deploy.0 = Release|ARM64
		{12863767-95FA-4200-8AC6-660918F9C8C9}.Release|x64.ActiveCfg = Release|x64
		{12863767-95FA-4200-8AC6-660918F9C8C9}.Release|x64.Build.0 = Release|x64
		{12863767-95FA-4200-8AC6-660918F9C8C9}.Release|x64.Deploy.0 = Release|x64
		{12863767-95FA-4200-8AC6-660918F9C8C9}.Release|x86.ActiveCfg = Release|x86
		{12863767-95FA-4200-8AC6-660918F9C8C9}.Release|x86.Build.0 = Release|x86
		{12863767-95FA-4200-8AC6-660918F9C8C9}.Release|x86.Deploy.0 = Release|x86
		{460DB0BE-AFE1-49B4-8FDC-26CB4920751A}.Debug|Any CPU.ActiveCfg = Debug|Any CPU
		{460DB0BE-AFE1-49B4-8FDC-26CB4920751A}.Debug|Any CPU.Build.0 = Debug|Any CPU
		{460DB0BE-AFE1-49B4-8FDC-26CB4920751A}.Debug|ARM.ActiveCfg = Debug|Any CPU
		{460DB0BE-AFE1-49B4-8FDC-26CB4920751A}.Debug|ARM.Build.0 = Debug|Any CPU
		{460DB0BE-AFE1-49B4-8FDC-26CB4920751A}.Debug|ARM64.ActiveCfg = Debug|Any CPU
		{460DB0BE-AFE1-49B4-8FDC-26CB4920751A}.Debug|ARM64.Build.0 = Debug|Any CPU
		{460DB0BE-AFE1-49B4-8FDC-26CB4920751A}.Debug|x64.ActiveCfg = Debug|Any CPU
		{460DB0BE-AFE1-49B4-8FDC-26CB4920751A}.Debug|x64.Build.0 = Debug|Any CPU
		{460DB0BE-AFE1-49B4-8FDC-26CB4920751A}.Debug|x86.ActiveCfg = Debug|Any CPU
		{460DB0BE-AFE1-49B4-8FDC-26CB4920751A}.Debug|x86.Build.0 = Debug|Any CPU
		{460DB0BE-AFE1-49B4-8FDC-26CB4920751A}.Release|Any CPU.ActiveCfg = Release|Any CPU
		{460DB0BE-AFE1-49B4-8FDC-26CB4920751A}.Release|Any CPU.Build.0 = Release|Any CPU
		{460DB0BE-AFE1-49B4-8FDC-26CB4920751A}.Release|ARM.ActiveCfg = Release|Any CPU
		{460DB0BE-AFE1-49B4-8FDC-26CB4920751A}.Release|ARM.Build.0 = Release|Any CPU
		{460DB0BE-AFE1-49B4-8FDC-26CB4920751A}.Release|ARM64.ActiveCfg = Release|Any CPU
		{460DB0BE-AFE1-49B4-8FDC-26CB4920751A}.Release|ARM64.Build.0 = Release|Any CPU
		{460DB0BE-AFE1-49B4-8FDC-26CB4920751A}.Release|x64.ActiveCfg = Release|Any CPU
		{460DB0BE-AFE1-49B4-8FDC-26CB4920751A}.Release|x64.Build.0 = Release|Any CPU
		{460DB0BE-AFE1-49B4-8FDC-26CB4920751A}.Release|x86.ActiveCfg = Release|Any CPU
		{460DB0BE-AFE1-49B4-8FDC-26CB4920751A}.Release|x86.Build.0 = Release|Any CPU
		{43768843-2A19-44A2-9D8C-076DBFAD0625}.Debug|Any CPU.ActiveCfg = Debug|Any CPU
		{43768843-2A19-44A2-9D8C-076DBFAD0625}.Debug|Any CPU.Build.0 = Debug|Any CPU
		{43768843-2A19-44A2-9D8C-076DBFAD0625}.Debug|ARM.ActiveCfg = Debug|Any CPU
		{43768843-2A19-44A2-9D8C-076DBFAD0625}.Debug|ARM.Build.0 = Debug|Any CPU
		{43768843-2A19-44A2-9D8C-076DBFAD0625}.Debug|ARM64.ActiveCfg = Debug|Any CPU
		{43768843-2A19-44A2-9D8C-076DBFAD0625}.Debug|ARM64.Build.0 = Debug|Any CPU
		{43768843-2A19-44A2-9D8C-076DBFAD0625}.Debug|x64.ActiveCfg = Debug|Any CPU
		{43768843-2A19-44A2-9D8C-076DBFAD0625}.Debug|x64.Build.0 = Debug|Any CPU
		{43768843-2A19-44A2-9D8C-076DBFAD0625}.Debug|x86.ActiveCfg = Debug|Any CPU
		{43768843-2A19-44A2-9D8C-076DBFAD0625}.Debug|x86.Build.0 = Debug|Any CPU
		{43768843-2A19-44A2-9D8C-076DBFAD0625}.Release|Any CPU.ActiveCfg = Release|Any CPU
		{43768843-2A19-44A2-9D8C-076DBFAD0625}.Release|Any CPU.Build.0 = Release|Any CPU
		{43768843-2A19-44A2-9D8C-076DBFAD0625}.Release|ARM.ActiveCfg = Release|Any CPU
		{43768843-2A19-44A2-9D8C-076DBFAD0625}.Release|ARM.Build.0 = Release|Any CPU
		{43768843-2A19-44A2-9D8C-076DBFAD0625}.Release|ARM64.ActiveCfg = Release|Any CPU
		{43768843-2A19-44A2-9D8C-076DBFAD0625}.Release|ARM64.Build.0 = Release|Any CPU
		{43768843-2A19-44A2-9D8C-076DBFAD0625}.Release|x64.ActiveCfg = Release|Any CPU
		{43768843-2A19-44A2-9D8C-076DBFAD0625}.Release|x64.Build.0 = Release|Any CPU
		{43768843-2A19-44A2-9D8C-076DBFAD0625}.Release|x86.ActiveCfg = Release|Any CPU
		{43768843-2A19-44A2-9D8C-076DBFAD0625}.Release|x86.Build.0 = Release|Any CPU
		{8A92C551-CB2E-46AB-81DA-8EFD8DB0D90A}.Debug|Any CPU.ActiveCfg = Debug|Any CPU
		{8A92C551-CB2E-46AB-81DA-8EFD8DB0D90A}.Debug|Any CPU.Build.0 = Debug|Any CPU
		{8A92C551-CB2E-46AB-81DA-8EFD8DB0D90A}.Debug|ARM.ActiveCfg = Debug|Any CPU
		{8A92C551-CB2E-46AB-81DA-8EFD8DB0D90A}.Debug|ARM.Build.0 = Debug|Any CPU
		{8A92C551-CB2E-46AB-81DA-8EFD8DB0D90A}.Debug|ARM64.ActiveCfg = Debug|Any CPU
		{8A92C551-CB2E-46AB-81DA-8EFD8DB0D90A}.Debug|ARM64.Build.0 = Debug|Any CPU
		{8A92C551-CB2E-46AB-81DA-8EFD8DB0D90A}.Debug|x64.ActiveCfg = Debug|Any CPU
		{8A92C551-CB2E-46AB-81DA-8EFD8DB0D90A}.Debug|x64.Build.0 = Debug|Any CPU
		{8A92C551-CB2E-46AB-81DA-8EFD8DB0D90A}.Debug|x86.ActiveCfg = Debug|Any CPU
		{8A92C551-CB2E-46AB-81DA-8EFD8DB0D90A}.Debug|x86.Build.0 = Debug|Any CPU
		{8A92C551-CB2E-46AB-81DA-8EFD8DB0D90A}.Release|Any CPU.ActiveCfg = Release|Any CPU
		{8A92C551-CB2E-46AB-81DA-8EFD8DB0D90A}.Release|Any CPU.Build.0 = Release|Any CPU
		{8A92C551-CB2E-46AB-81DA-8EFD8DB0D90A}.Release|ARM.ActiveCfg = Release|Any CPU
		{8A92C551-CB2E-46AB-81DA-8EFD8DB0D90A}.Release|ARM.Build.0 = Release|Any CPU
		{8A92C551-CB2E-46AB-81DA-8EFD8DB0D90A}.Release|ARM64.ActiveCfg = Release|Any CPU
		{8A92C551-CB2E-46AB-81DA-8EFD8DB0D90A}.Release|ARM64.Build.0 = Release|Any CPU
		{8A92C551-CB2E-46AB-81DA-8EFD8DB0D90A}.Release|x64.ActiveCfg = Release|Any CPU
		{8A92C551-CB2E-46AB-81DA-8EFD8DB0D90A}.Release|x64.Build.0 = Release|Any CPU
		{8A92C551-CB2E-46AB-81DA-8EFD8DB0D90A}.Release|x86.ActiveCfg = Release|Any CPU
		{8A92C551-CB2E-46AB-81DA-8EFD8DB0D90A}.Release|x86.Build.0 = Release|Any CPU
		{FC82B962-C0BA-4ABD-A069-364392E237F1}.Debug|Any CPU.ActiveCfg = Debug|Any CPU
		{FC82B962-C0BA-4ABD-A069-364392E237F1}.Debug|Any CPU.Build.0 = Debug|Any CPU
		{FC82B962-C0BA-4ABD-A069-364392E237F1}.Debug|ARM.ActiveCfg = Debug|Any CPU
		{FC82B962-C0BA-4ABD-A069-364392E237F1}.Debug|ARM.Build.0 = Debug|Any CPU
		{FC82B962-C0BA-4ABD-A069-364392E237F1}.Debug|ARM64.ActiveCfg = Debug|Any CPU
		{FC82B962-C0BA-4ABD-A069-364392E237F1}.Debug|ARM64.Build.0 = Debug|Any CPU
		{FC82B962-C0BA-4ABD-A069-364392E237F1}.Debug|x64.ActiveCfg = Debug|Any CPU
		{FC82B962-C0BA-4ABD-A069-364392E237F1}.Debug|x64.Build.0 = Debug|Any CPU
		{FC82B962-C0BA-4ABD-A069-364392E237F1}.Debug|x86.ActiveCfg = Debug|Any CPU
		{FC82B962-C0BA-4ABD-A069-364392E237F1}.Debug|x86.Build.0 = Debug|Any CPU
		{FC82B962-C0BA-4ABD-A069-364392E237F1}.Release|Any CPU.ActiveCfg = Release|Any CPU
		{FC82B962-C0BA-4ABD-A069-364392E237F1}.Release|Any CPU.Build.0 = Release|Any CPU
		{FC82B962-C0BA-4ABD-A069-364392E237F1}.Release|ARM.ActiveCfg = Release|Any CPU
		{FC82B962-C0BA-4ABD-A069-364392E237F1}.Release|ARM.Build.0 = Release|Any CPU
		{FC82B962-C0BA-4ABD-A069-364392E237F1}.Release|ARM64.ActiveCfg = Release|Any CPU
		{FC82B962-C0BA-4ABD-A069-364392E237F1}.Release|ARM64.Build.0 = Release|Any CPU
		{FC82B962-C0BA-4ABD-A069-364392E237F1}.Release|x64.ActiveCfg = Release|Any CPU
		{FC82B962-C0BA-4ABD-A069-364392E237F1}.Release|x64.Build.0 = Release|Any CPU
		{FC82B962-C0BA-4ABD-A069-364392E237F1}.Release|x86.ActiveCfg = Release|Any CPU
		{FC82B962-C0BA-4ABD-A069-364392E237F1}.Release|x86.Build.0 = Release|Any CPU
		{7398EB41-8CE9-45E0-ADC6-E13D8FAF4B40}.Debug|Any CPU.ActiveCfg = Debug|Any CPU
		{7398EB41-8CE9-45E0-ADC6-E13D8FAF4B40}.Debug|Any CPU.Build.0 = Debug|Any CPU
		{7398EB41-8CE9-45E0-ADC6-E13D8FAF4B40}.Debug|ARM.ActiveCfg = Debug|Any CPU
		{7398EB41-8CE9-45E0-ADC6-E13D8FAF4B40}.Debug|ARM.Build.0 = Debug|Any CPU
		{7398EB41-8CE9-45E0-ADC6-E13D8FAF4B40}.Debug|ARM64.ActiveCfg = Debug|Any CPU
		{7398EB41-8CE9-45E0-ADC6-E13D8FAF4B40}.Debug|ARM64.Build.0 = Debug|Any CPU
		{7398EB41-8CE9-45E0-ADC6-E13D8FAF4B40}.Debug|x64.ActiveCfg = Debug|Any CPU
		{7398EB41-8CE9-45E0-ADC6-E13D8FAF4B40}.Debug|x64.Build.0 = Debug|Any CPU
		{7398EB41-8CE9-45E0-ADC6-E13D8FAF4B40}.Debug|x86.ActiveCfg = Debug|Any CPU
		{7398EB41-8CE9-45E0-ADC6-E13D8FAF4B40}.Debug|x86.Build.0 = Debug|Any CPU
		{7398EB41-8CE9-45E0-ADC6-E13D8FAF4B40}.Release|Any CPU.ActiveCfg = Release|Any CPU
		{7398EB41-8CE9-45E0-ADC6-E13D8FAF4B40}.Release|Any CPU.Build.0 = Release|Any CPU
		{7398EB41-8CE9-45E0-ADC6-E13D8FAF4B40}.Release|ARM.ActiveCfg = Release|Any CPU
		{7398EB41-8CE9-45E0-ADC6-E13D8FAF4B40}.Release|ARM.Build.0 = Release|Any CPU
		{7398EB41-8CE9-45E0-ADC6-E13D8FAF4B40}.Release|ARM64.ActiveCfg = Release|Any CPU
		{7398EB41-8CE9-45E0-ADC6-E13D8FAF4B40}.Release|ARM64.Build.0 = Release|Any CPU
		{7398EB41-8CE9-45E0-ADC6-E13D8FAF4B40}.Release|x64.ActiveCfg = Release|Any CPU
		{7398EB41-8CE9-45E0-ADC6-E13D8FAF4B40}.Release|x64.Build.0 = Release|Any CPU
		{7398EB41-8CE9-45E0-ADC6-E13D8FAF4B40}.Release|x86.ActiveCfg = Release|Any CPU
		{7398EB41-8CE9-45E0-ADC6-E13D8FAF4B40}.Release|x86.Build.0 = Release|Any CPU
		{1E302BFC-5FC1-4967-BB0A-A6D85FAF10E8}.Debug|Any CPU.ActiveCfg = Debug|Any CPU
		{1E302BFC-5FC1-4967-BB0A-A6D85FAF10E8}.Debug|Any CPU.Build.0 = Debug|Any CPU
		{1E302BFC-5FC1-4967-BB0A-A6D85FAF10E8}.Debug|ARM.ActiveCfg = Debug|Any CPU
		{1E302BFC-5FC1-4967-BB0A-A6D85FAF10E8}.Debug|ARM.Build.0 = Debug|Any CPU
		{1E302BFC-5FC1-4967-BB0A-A6D85FAF10E8}.Debug|ARM64.ActiveCfg = Debug|Any CPU
		{1E302BFC-5FC1-4967-BB0A-A6D85FAF10E8}.Debug|ARM64.Build.0 = Debug|Any CPU
		{1E302BFC-5FC1-4967-BB0A-A6D85FAF10E8}.Debug|x64.ActiveCfg = Debug|Any CPU
		{1E302BFC-5FC1-4967-BB0A-A6D85FAF10E8}.Debug|x64.Build.0 = Debug|Any CPU
		{1E302BFC-5FC1-4967-BB0A-A6D85FAF10E8}.Debug|x86.ActiveCfg = Debug|Any CPU
		{1E302BFC-5FC1-4967-BB0A-A6D85FAF10E8}.Debug|x86.Build.0 = Debug|Any CPU
		{1E302BFC-5FC1-4967-BB0A-A6D85FAF10E8}.Release|Any CPU.ActiveCfg = Release|Any CPU
		{1E302BFC-5FC1-4967-BB0A-A6D85FAF10E8}.Release|Any CPU.Build.0 = Release|Any CPU
		{1E302BFC-5FC1-4967-BB0A-A6D85FAF10E8}.Release|ARM.ActiveCfg = Release|Any CPU
		{1E302BFC-5FC1-4967-BB0A-A6D85FAF10E8}.Release|ARM.Build.0 = Release|Any CPU
		{1E302BFC-5FC1-4967-BB0A-A6D85FAF10E8}.Release|ARM64.ActiveCfg = Release|Any CPU
		{1E302BFC-5FC1-4967-BB0A-A6D85FAF10E8}.Release|ARM64.Build.0 = Release|Any CPU
		{1E302BFC-5FC1-4967-BB0A-A6D85FAF10E8}.Release|x64.ActiveCfg = Release|Any CPU
		{1E302BFC-5FC1-4967-BB0A-A6D85FAF10E8}.Release|x64.Build.0 = Release|Any CPU
		{1E302BFC-5FC1-4967-BB0A-A6D85FAF10E8}.Release|x86.ActiveCfg = Release|Any CPU
		{1E302BFC-5FC1-4967-BB0A-A6D85FAF10E8}.Release|x86.Build.0 = Release|Any CPU
		{74585180-549D-470C-B3B6-7A5CD41463F3}.Debug|Any CPU.ActiveCfg = Debug|Any CPU
		{74585180-549D-470C-B3B6-7A5CD41463F3}.Debug|Any CPU.Build.0 = Debug|Any CPU
		{74585180-549D-470C-B3B6-7A5CD41463F3}.Debug|ARM.ActiveCfg = Debug|Any CPU
		{74585180-549D-470C-B3B6-7A5CD41463F3}.Debug|ARM.Build.0 = Debug|Any CPU
		{74585180-549D-470C-B3B6-7A5CD41463F3}.Debug|ARM64.ActiveCfg = Debug|Any CPU
		{74585180-549D-470C-B3B6-7A5CD41463F3}.Debug|ARM64.Build.0 = Debug|Any CPU
		{74585180-549D-470C-B3B6-7A5CD41463F3}.Debug|x64.ActiveCfg = Debug|Any CPU
		{74585180-549D-470C-B3B6-7A5CD41463F3}.Debug|x64.Build.0 = Debug|Any CPU
		{74585180-549D-470C-B3B6-7A5CD41463F3}.Debug|x86.ActiveCfg = Debug|Any CPU
		{74585180-549D-470C-B3B6-7A5CD41463F3}.Debug|x86.Build.0 = Debug|Any CPU
		{74585180-549D-470C-B3B6-7A5CD41463F3}.Release|Any CPU.ActiveCfg = Release|Any CPU
		{74585180-549D-470C-B3B6-7A5CD41463F3}.Release|Any CPU.Build.0 = Release|Any CPU
		{74585180-549D-470C-B3B6-7A5CD41463F3}.Release|ARM.ActiveCfg = Release|Any CPU
		{74585180-549D-470C-B3B6-7A5CD41463F3}.Release|ARM.Build.0 = Release|Any CPU
		{74585180-549D-470C-B3B6-7A5CD41463F3}.Release|ARM64.ActiveCfg = Release|Any CPU
		{74585180-549D-470C-B3B6-7A5CD41463F3}.Release|ARM64.Build.0 = Release|Any CPU
		{74585180-549D-470C-B3B6-7A5CD41463F3}.Release|x64.ActiveCfg = Release|Any CPU
		{74585180-549D-470C-B3B6-7A5CD41463F3}.Release|x64.Build.0 = Release|Any CPU
		{74585180-549D-470C-B3B6-7A5CD41463F3}.Release|x86.ActiveCfg = Release|Any CPU
		{74585180-549D-470C-B3B6-7A5CD41463F3}.Release|x86.Build.0 = Release|Any CPU
		{8D62C29F-EAD6-4E04-927A-73D5BC2E16C6}.Debug|Any CPU.ActiveCfg = Debug|Any CPU
		{8D62C29F-EAD6-4E04-927A-73D5BC2E16C6}.Debug|Any CPU.Build.0 = Debug|Any CPU
		{8D62C29F-EAD6-4E04-927A-73D5BC2E16C6}.Debug|ARM.ActiveCfg = Debug|Any CPU
		{8D62C29F-EAD6-4E04-927A-73D5BC2E16C6}.Debug|ARM.Build.0 = Debug|Any CPU
		{8D62C29F-EAD6-4E04-927A-73D5BC2E16C6}.Debug|ARM64.ActiveCfg = Debug|Any CPU
		{8D62C29F-EAD6-4E04-927A-73D5BC2E16C6}.Debug|ARM64.Build.0 = Debug|Any CPU
		{8D62C29F-EAD6-4E04-927A-73D5BC2E16C6}.Debug|x64.ActiveCfg = Debug|Any CPU
		{8D62C29F-EAD6-4E04-927A-73D5BC2E16C6}.Debug|x64.Build.0 = Debug|Any CPU
		{8D62C29F-EAD6-4E04-927A-73D5BC2E16C6}.Debug|x86.ActiveCfg = Debug|Any CPU
		{8D62C29F-EAD6-4E04-927A-73D5BC2E16C6}.Debug|x86.Build.0 = Debug|Any CPU
		{8D62C29F-EAD6-4E04-927A-73D5BC2E16C6}.Release|Any CPU.ActiveCfg = Release|Any CPU
		{8D62C29F-EAD6-4E04-927A-73D5BC2E16C6}.Release|Any CPU.Build.0 = Release|Any CPU
		{8D62C29F-EAD6-4E04-927A-73D5BC2E16C6}.Release|ARM.ActiveCfg = Release|Any CPU
		{8D62C29F-EAD6-4E04-927A-73D5BC2E16C6}.Release|ARM.Build.0 = Release|Any CPU
		{8D62C29F-EAD6-4E04-927A-73D5BC2E16C6}.Release|ARM64.ActiveCfg = Release|Any CPU
		{8D62C29F-EAD6-4E04-927A-73D5BC2E16C6}.Release|ARM64.Build.0 = Release|Any CPU
		{8D62C29F-EAD6-4E04-927A-73D5BC2E16C6}.Release|x64.ActiveCfg = Release|Any CPU
		{8D62C29F-EAD6-4E04-927A-73D5BC2E16C6}.Release|x64.Build.0 = Release|Any CPU
		{8D62C29F-EAD6-4E04-927A-73D5BC2E16C6}.Release|x86.ActiveCfg = Release|Any CPU
		{8D62C29F-EAD6-4E04-927A-73D5BC2E16C6}.Release|x86.Build.0 = Release|Any CPU
		{9A0397F2-3C8E-4666-91D5-44DF940D1C07}.Debug|Any CPU.ActiveCfg = Debug|Any CPU
		{9A0397F2-3C8E-4666-91D5-44DF940D1C07}.Debug|Any CPU.Build.0 = Debug|Any CPU
		{9A0397F2-3C8E-4666-91D5-44DF940D1C07}.Debug|ARM.ActiveCfg = Debug|Any CPU
		{9A0397F2-3C8E-4666-91D5-44DF940D1C07}.Debug|ARM.Build.0 = Debug|Any CPU
		{9A0397F2-3C8E-4666-91D5-44DF940D1C07}.Debug|ARM64.ActiveCfg = Debug|Any CPU
		{9A0397F2-3C8E-4666-91D5-44DF940D1C07}.Debug|ARM64.Build.0 = Debug|Any CPU
		{9A0397F2-3C8E-4666-91D5-44DF940D1C07}.Debug|x64.ActiveCfg = Debug|Any CPU
		{9A0397F2-3C8E-4666-91D5-44DF940D1C07}.Debug|x64.Build.0 = Debug|Any CPU
		{9A0397F2-3C8E-4666-91D5-44DF940D1C07}.Debug|x86.ActiveCfg = Debug|Any CPU
		{9A0397F2-3C8E-4666-91D5-44DF940D1C07}.Debug|x86.Build.0 = Debug|Any CPU
		{9A0397F2-3C8E-4666-91D5-44DF940D1C07}.Release|Any CPU.ActiveCfg = Release|Any CPU
		{9A0397F2-3C8E-4666-91D5-44DF940D1C07}.Release|Any CPU.Build.0 = Release|Any CPU
		{9A0397F2-3C8E-4666-91D5-44DF940D1C07}.Release|ARM.ActiveCfg = Release|Any CPU
		{9A0397F2-3C8E-4666-91D5-44DF940D1C07}.Release|ARM.Build.0 = Release|Any CPU
		{9A0397F2-3C8E-4666-91D5-44DF940D1C07}.Release|ARM64.ActiveCfg = Release|Any CPU
		{9A0397F2-3C8E-4666-91D5-44DF940D1C07}.Release|ARM64.Build.0 = Release|Any CPU
		{9A0397F2-3C8E-4666-91D5-44DF940D1C07}.Release|x64.ActiveCfg = Release|Any CPU
		{9A0397F2-3C8E-4666-91D5-44DF940D1C07}.Release|x64.Build.0 = Release|Any CPU
		{9A0397F2-3C8E-4666-91D5-44DF940D1C07}.Release|x86.ActiveCfg = Release|Any CPU
		{9A0397F2-3C8E-4666-91D5-44DF940D1C07}.Release|x86.Build.0 = Release|Any CPU
		{A9229006-DD4F-4675-96EB-56133BFA58FE}.Debug|Any CPU.ActiveCfg = Debug|Any CPU
		{A9229006-DD4F-4675-96EB-56133BFA58FE}.Debug|Any CPU.Build.0 = Debug|Any CPU
		{A9229006-DD4F-4675-96EB-56133BFA58FE}.Debug|ARM.ActiveCfg = Debug|Any CPU
		{A9229006-DD4F-4675-96EB-56133BFA58FE}.Debug|ARM.Build.0 = Debug|Any CPU
		{A9229006-DD4F-4675-96EB-56133BFA58FE}.Debug|ARM64.ActiveCfg = Debug|Any CPU
		{A9229006-DD4F-4675-96EB-56133BFA58FE}.Debug|ARM64.Build.0 = Debug|Any CPU
		{A9229006-DD4F-4675-96EB-56133BFA58FE}.Debug|x64.ActiveCfg = Debug|Any CPU
		{A9229006-DD4F-4675-96EB-56133BFA58FE}.Debug|x64.Build.0 = Debug|Any CPU
		{A9229006-DD4F-4675-96EB-56133BFA58FE}.Debug|x86.ActiveCfg = Debug|Any CPU
		{A9229006-DD4F-4675-96EB-56133BFA58FE}.Debug|x86.Build.0 = Debug|Any CPU
		{A9229006-DD4F-4675-96EB-56133BFA58FE}.Release|Any CPU.ActiveCfg = Release|Any CPU
		{A9229006-DD4F-4675-96EB-56133BFA58FE}.Release|Any CPU.Build.0 = Release|Any CPU
		{A9229006-DD4F-4675-96EB-56133BFA58FE}.Release|ARM.ActiveCfg = Release|Any CPU
		{A9229006-DD4F-4675-96EB-56133BFA58FE}.Release|ARM.Build.0 = Release|Any CPU
		{A9229006-DD4F-4675-96EB-56133BFA58FE}.Release|ARM64.ActiveCfg = Release|Any CPU
		{A9229006-DD4F-4675-96EB-56133BFA58FE}.Release|ARM64.Build.0 = Release|Any CPU
		{A9229006-DD4F-4675-96EB-56133BFA58FE}.Release|x64.ActiveCfg = Release|Any CPU
		{A9229006-DD4F-4675-96EB-56133BFA58FE}.Release|x64.Build.0 = Release|Any CPU
		{A9229006-DD4F-4675-96EB-56133BFA58FE}.Release|x86.ActiveCfg = Release|Any CPU
		{A9229006-DD4F-4675-96EB-56133BFA58FE}.Release|x86.Build.0 = Release|Any CPU
		{955A6C13-D9D0-413F-BBD0-1C0826C3526D}.Debug|Any CPU.ActiveCfg = Debug|Any CPU
		{955A6C13-D9D0-413F-BBD0-1C0826C3526D}.Debug|Any CPU.Build.0 = Debug|Any CPU
		{955A6C13-D9D0-413F-BBD0-1C0826C3526D}.Debug|ARM.ActiveCfg = Debug|Any CPU
		{955A6C13-D9D0-413F-BBD0-1C0826C3526D}.Debug|ARM.Build.0 = Debug|Any CPU
		{955A6C13-D9D0-413F-BBD0-1C0826C3526D}.Debug|ARM64.ActiveCfg = Debug|Any CPU
		{955A6C13-D9D0-413F-BBD0-1C0826C3526D}.Debug|ARM64.Build.0 = Debug|Any CPU
		{955A6C13-D9D0-413F-BBD0-1C0826C3526D}.Debug|x64.ActiveCfg = Debug|Any CPU
		{955A6C13-D9D0-413F-BBD0-1C0826C3526D}.Debug|x64.Build.0 = Debug|Any CPU
		{955A6C13-D9D0-413F-BBD0-1C0826C3526D}.Debug|x86.ActiveCfg = Debug|Any CPU
		{955A6C13-D9D0-413F-BBD0-1C0826C3526D}.Debug|x86.Build.0 = Debug|Any CPU
		{955A6C13-D9D0-413F-BBD0-1C0826C3526D}.Release|Any CPU.ActiveCfg = Release|Any CPU
		{955A6C13-D9D0-413F-BBD0-1C0826C3526D}.Release|Any CPU.Build.0 = Release|Any CPU
		{955A6C13-D9D0-413F-BBD0-1C0826C3526D}.Release|ARM.ActiveCfg = Release|Any CPU
		{955A6C13-D9D0-413F-BBD0-1C0826C3526D}.Release|ARM.Build.0 = Release|Any CPU
		{955A6C13-D9D0-413F-BBD0-1C0826C3526D}.Release|ARM64.ActiveCfg = Release|Any CPU
		{955A6C13-D9D0-413F-BBD0-1C0826C3526D}.Release|ARM64.Build.0 = Release|Any CPU
		{955A6C13-D9D0-413F-BBD0-1C0826C3526D}.Release|x64.ActiveCfg = Release|Any CPU
		{955A6C13-D9D0-413F-BBD0-1C0826C3526D}.Release|x64.Build.0 = Release|Any CPU
		{955A6C13-D9D0-413F-BBD0-1C0826C3526D}.Release|x86.ActiveCfg = Release|Any CPU
		{955A6C13-D9D0-413F-BBD0-1C0826C3526D}.Release|x86.Build.0 = Release|Any CPU
		{6F007C4A-8D19-4D02-99E8-37C3080B2B16}.Debug|Any CPU.ActiveCfg = Debug|Any CPU
		{6F007C4A-8D19-4D02-99E8-37C3080B2B16}.Debug|Any CPU.Build.0 = Debug|Any CPU
		{6F007C4A-8D19-4D02-99E8-37C3080B2B16}.Debug|ARM.ActiveCfg = Debug|Any CPU
		{6F007C4A-8D19-4D02-99E8-37C3080B2B16}.Debug|ARM.Build.0 = Debug|Any CPU
		{6F007C4A-8D19-4D02-99E8-37C3080B2B16}.Debug|ARM64.ActiveCfg = Debug|Any CPU
		{6F007C4A-8D19-4D02-99E8-37C3080B2B16}.Debug|ARM64.Build.0 = Debug|Any CPU
		{6F007C4A-8D19-4D02-99E8-37C3080B2B16}.Debug|x64.ActiveCfg = Debug|Any CPU
		{6F007C4A-8D19-4D02-99E8-37C3080B2B16}.Debug|x64.Build.0 = Debug|Any CPU
		{6F007C4A-8D19-4D02-99E8-37C3080B2B16}.Debug|x86.ActiveCfg = Debug|Any CPU
		{6F007C4A-8D19-4D02-99E8-37C3080B2B16}.Debug|x86.Build.0 = Debug|Any CPU
		{6F007C4A-8D19-4D02-99E8-37C3080B2B16}.Release|Any CPU.ActiveCfg = Release|Any CPU
		{6F007C4A-8D19-4D02-99E8-37C3080B2B16}.Release|Any CPU.Build.0 = Release|Any CPU
		{6F007C4A-8D19-4D02-99E8-37C3080B2B16}.Release|ARM.ActiveCfg = Release|Any CPU
		{6F007C4A-8D19-4D02-99E8-37C3080B2B16}.Release|ARM.Build.0 = Release|Any CPU
		{6F007C4A-8D19-4D02-99E8-37C3080B2B16}.Release|ARM64.ActiveCfg = Release|Any CPU
		{6F007C4A-8D19-4D02-99E8-37C3080B2B16}.Release|ARM64.Build.0 = Release|Any CPU
		{6F007C4A-8D19-4D02-99E8-37C3080B2B16}.Release|x64.ActiveCfg = Release|Any CPU
		{6F007C4A-8D19-4D02-99E8-37C3080B2B16}.Release|x64.Build.0 = Release|Any CPU
		{6F007C4A-8D19-4D02-99E8-37C3080B2B16}.Release|x86.ActiveCfg = Release|Any CPU
		{6F007C4A-8D19-4D02-99E8-37C3080B2B16}.Release|x86.Build.0 = Release|Any CPU
		{894AEB1F-15CB-45D0-8957-DE81B77AFD46}.Debug|Any CPU.ActiveCfg = Debug|Any CPU
		{894AEB1F-15CB-45D0-8957-DE81B77AFD46}.Debug|Any CPU.Build.0 = Debug|Any CPU
		{894AEB1F-15CB-45D0-8957-DE81B77AFD46}.Debug|ARM.ActiveCfg = Debug|Any CPU
		{894AEB1F-15CB-45D0-8957-DE81B77AFD46}.Debug|ARM.Build.0 = Debug|Any CPU
		{894AEB1F-15CB-45D0-8957-DE81B77AFD46}.Debug|ARM64.ActiveCfg = Debug|Any CPU
		{894AEB1F-15CB-45D0-8957-DE81B77AFD46}.Debug|ARM64.Build.0 = Debug|Any CPU
		{894AEB1F-15CB-45D0-8957-DE81B77AFD46}.Debug|x64.ActiveCfg = Debug|Any CPU
		{894AEB1F-15CB-45D0-8957-DE81B77AFD46}.Debug|x64.Build.0 = Debug|Any CPU
		{894AEB1F-15CB-45D0-8957-DE81B77AFD46}.Debug|x86.ActiveCfg = Debug|Any CPU
		{894AEB1F-15CB-45D0-8957-DE81B77AFD46}.Debug|x86.Build.0 = Debug|Any CPU
		{894AEB1F-15CB-45D0-8957-DE81B77AFD46}.Release|Any CPU.ActiveCfg = Release|Any CPU
		{894AEB1F-15CB-45D0-8957-DE81B77AFD46}.Release|Any CPU.Build.0 = Release|Any CPU
		{894AEB1F-15CB-45D0-8957-DE81B77AFD46}.Release|ARM.ActiveCfg = Release|Any CPU
		{894AEB1F-15CB-45D0-8957-DE81B77AFD46}.Release|ARM.Build.0 = Release|Any CPU
		{894AEB1F-15CB-45D0-8957-DE81B77AFD46}.Release|ARM64.ActiveCfg = Release|Any CPU
		{894AEB1F-15CB-45D0-8957-DE81B77AFD46}.Release|ARM64.Build.0 = Release|Any CPU
		{894AEB1F-15CB-45D0-8957-DE81B77AFD46}.Release|x64.ActiveCfg = Release|Any CPU
		{894AEB1F-15CB-45D0-8957-DE81B77AFD46}.Release|x64.Build.0 = Release|Any CPU
		{894AEB1F-15CB-45D0-8957-DE81B77AFD46}.Release|x86.ActiveCfg = Release|Any CPU
		{894AEB1F-15CB-45D0-8957-DE81B77AFD46}.Release|x86.Build.0 = Release|Any CPU
		{E30B3F92-34E2-4E34-82F2-11D517C6695E}.Debug|Any CPU.ActiveCfg = Debug|Any CPU
		{E30B3F92-34E2-4E34-82F2-11D517C6695E}.Debug|Any CPU.Build.0 = Debug|Any CPU
		{E30B3F92-34E2-4E34-82F2-11D517C6695E}.Debug|ARM.ActiveCfg = Debug|Any CPU
		{E30B3F92-34E2-4E34-82F2-11D517C6695E}.Debug|ARM.Build.0 = Debug|Any CPU
		{E30B3F92-34E2-4E34-82F2-11D517C6695E}.Debug|ARM64.ActiveCfg = Debug|Any CPU
		{E30B3F92-34E2-4E34-82F2-11D517C6695E}.Debug|ARM64.Build.0 = Debug|Any CPU
		{E30B3F92-34E2-4E34-82F2-11D517C6695E}.Debug|x64.ActiveCfg = Debug|Any CPU
		{E30B3F92-34E2-4E34-82F2-11D517C6695E}.Debug|x64.Build.0 = Debug|Any CPU
		{E30B3F92-34E2-4E34-82F2-11D517C6695E}.Debug|x86.ActiveCfg = Debug|Any CPU
		{E30B3F92-34E2-4E34-82F2-11D517C6695E}.Debug|x86.Build.0 = Debug|Any CPU
		{E30B3F92-34E2-4E34-82F2-11D517C6695E}.Release|Any CPU.ActiveCfg = Release|Any CPU
		{E30B3F92-34E2-4E34-82F2-11D517C6695E}.Release|Any CPU.Build.0 = Release|Any CPU
		{E30B3F92-34E2-4E34-82F2-11D517C6695E}.Release|ARM.ActiveCfg = Release|Any CPU
		{E30B3F92-34E2-4E34-82F2-11D517C6695E}.Release|ARM.Build.0 = Release|Any CPU
		{E30B3F92-34E2-4E34-82F2-11D517C6695E}.Release|ARM64.ActiveCfg = Release|Any CPU
		{E30B3F92-34E2-4E34-82F2-11D517C6695E}.Release|ARM64.Build.0 = Release|Any CPU
		{E30B3F92-34E2-4E34-82F2-11D517C6695E}.Release|x64.ActiveCfg = Release|Any CPU
		{E30B3F92-34E2-4E34-82F2-11D517C6695E}.Release|x64.Build.0 = Release|Any CPU
		{E30B3F92-34E2-4E34-82F2-11D517C6695E}.Release|x86.ActiveCfg = Release|Any CPU
		{E30B3F92-34E2-4E34-82F2-11D517C6695E}.Release|x86.Build.0 = Release|Any CPU
		{850AE601-8415-4C84-A0C4-B904E2439698}.Debug|Any CPU.ActiveCfg = Debug|Any CPU
		{850AE601-8415-4C84-A0C4-B904E2439698}.Debug|Any CPU.Build.0 = Debug|Any CPU
		{850AE601-8415-4C84-A0C4-B904E2439698}.Debug|ARM.ActiveCfg = Debug|Any CPU
		{850AE601-8415-4C84-A0C4-B904E2439698}.Debug|ARM.Build.0 = Debug|Any CPU
		{850AE601-8415-4C84-A0C4-B904E2439698}.Debug|ARM64.ActiveCfg = Debug|Any CPU
		{850AE601-8415-4C84-A0C4-B904E2439698}.Debug|ARM64.Build.0 = Debug|Any CPU
		{850AE601-8415-4C84-A0C4-B904E2439698}.Debug|x64.ActiveCfg = Debug|Any CPU
		{850AE601-8415-4C84-A0C4-B904E2439698}.Debug|x64.Build.0 = Debug|Any CPU
		{850AE601-8415-4C84-A0C4-B904E2439698}.Debug|x86.ActiveCfg = Debug|Any CPU
		{850AE601-8415-4C84-A0C4-B904E2439698}.Debug|x86.Build.0 = Debug|Any CPU
		{850AE601-8415-4C84-A0C4-B904E2439698}.Release|Any CPU.ActiveCfg = Release|Any CPU
		{850AE601-8415-4C84-A0C4-B904E2439698}.Release|Any CPU.Build.0 = Release|Any CPU
		{850AE601-8415-4C84-A0C4-B904E2439698}.Release|ARM.ActiveCfg = Release|Any CPU
		{850AE601-8415-4C84-A0C4-B904E2439698}.Release|ARM.Build.0 = Release|Any CPU
		{850AE601-8415-4C84-A0C4-B904E2439698}.Release|ARM64.ActiveCfg = Release|Any CPU
		{850AE601-8415-4C84-A0C4-B904E2439698}.Release|ARM64.Build.0 = Release|Any CPU
		{850AE601-8415-4C84-A0C4-B904E2439698}.Release|x64.ActiveCfg = Release|Any CPU
		{850AE601-8415-4C84-A0C4-B904E2439698}.Release|x64.Build.0 = Release|Any CPU
		{850AE601-8415-4C84-A0C4-B904E2439698}.Release|x86.ActiveCfg = Release|Any CPU
		{850AE601-8415-4C84-A0C4-B904E2439698}.Release|x86.Build.0 = Release|Any CPU
		{3DA69671-55C3-4E3C-8131-0E5EFCC0BE0E}.Debug|Any CPU.ActiveCfg = Debug|Any CPU
		{3DA69671-55C3-4E3C-8131-0E5EFCC0BE0E}.Debug|Any CPU.Build.0 = Debug|Any CPU
		{3DA69671-55C3-4E3C-8131-0E5EFCC0BE0E}.Debug|ARM.ActiveCfg = Debug|Any CPU
		{3DA69671-55C3-4E3C-8131-0E5EFCC0BE0E}.Debug|ARM.Build.0 = Debug|Any CPU
		{3DA69671-55C3-4E3C-8131-0E5EFCC0BE0E}.Debug|ARM64.ActiveCfg = Debug|Any CPU
		{3DA69671-55C3-4E3C-8131-0E5EFCC0BE0E}.Debug|ARM64.Build.0 = Debug|Any CPU
		{3DA69671-55C3-4E3C-8131-0E5EFCC0BE0E}.Debug|x64.ActiveCfg = Debug|Any CPU
		{3DA69671-55C3-4E3C-8131-0E5EFCC0BE0E}.Debug|x64.Build.0 = Debug|Any CPU
		{3DA69671-55C3-4E3C-8131-0E5EFCC0BE0E}.Debug|x86.ActiveCfg = Debug|Any CPU
		{3DA69671-55C3-4E3C-8131-0E5EFCC0BE0E}.Debug|x86.Build.0 = Debug|Any CPU
		{3DA69671-55C3-4E3C-8131-0E5EFCC0BE0E}.Release|Any CPU.ActiveCfg = Release|Any CPU
		{3DA69671-55C3-4E3C-8131-0E5EFCC0BE0E}.Release|Any CPU.Build.0 = Release|Any CPU
		{3DA69671-55C3-4E3C-8131-0E5EFCC0BE0E}.Release|ARM.ActiveCfg = Release|Any CPU
		{3DA69671-55C3-4E3C-8131-0E5EFCC0BE0E}.Release|ARM.Build.0 = Release|Any CPU
		{3DA69671-55C3-4E3C-8131-0E5EFCC0BE0E}.Release|ARM64.ActiveCfg = Release|Any CPU
		{3DA69671-55C3-4E3C-8131-0E5EFCC0BE0E}.Release|ARM64.Build.0 = Release|Any CPU
		{3DA69671-55C3-4E3C-8131-0E5EFCC0BE0E}.Release|x64.ActiveCfg = Release|Any CPU
		{3DA69671-55C3-4E3C-8131-0E5EFCC0BE0E}.Release|x64.Build.0 = Release|Any CPU
		{3DA69671-55C3-4E3C-8131-0E5EFCC0BE0E}.Release|x86.ActiveCfg = Release|Any CPU
		{3DA69671-55C3-4E3C-8131-0E5EFCC0BE0E}.Release|x86.Build.0 = Release|Any CPU
		{B13B7FE7-A8FA-4A73-82FB-811C52F9E8A5}.Debug|Any CPU.ActiveCfg = Debug|Any CPU
		{B13B7FE7-A8FA-4A73-82FB-811C52F9E8A5}.Debug|Any CPU.Build.0 = Debug|Any CPU
		{B13B7FE7-A8FA-4A73-82FB-811C52F9E8A5}.Debug|ARM.ActiveCfg = Debug|Any CPU
		{B13B7FE7-A8FA-4A73-82FB-811C52F9E8A5}.Debug|ARM.Build.0 = Debug|Any CPU
		{B13B7FE7-A8FA-4A73-82FB-811C52F9E8A5}.Debug|ARM64.ActiveCfg = Debug|Any CPU
		{B13B7FE7-A8FA-4A73-82FB-811C52F9E8A5}.Debug|ARM64.Build.0 = Debug|Any CPU
		{B13B7FE7-A8FA-4A73-82FB-811C52F9E8A5}.Debug|x64.ActiveCfg = Debug|Any CPU
		{B13B7FE7-A8FA-4A73-82FB-811C52F9E8A5}.Debug|x64.Build.0 = Debug|Any CPU
		{B13B7FE7-A8FA-4A73-82FB-811C52F9E8A5}.Debug|x86.ActiveCfg = Debug|Any CPU
		{B13B7FE7-A8FA-4A73-82FB-811C52F9E8A5}.Debug|x86.Build.0 = Debug|Any CPU
		{B13B7FE7-A8FA-4A73-82FB-811C52F9E8A5}.Release|Any CPU.ActiveCfg = Release|Any CPU
		{B13B7FE7-A8FA-4A73-82FB-811C52F9E8A5}.Release|Any CPU.Build.0 = Release|Any CPU
		{B13B7FE7-A8FA-4A73-82FB-811C52F9E8A5}.Release|ARM.ActiveCfg = Release|Any CPU
		{B13B7FE7-A8FA-4A73-82FB-811C52F9E8A5}.Release|ARM.Build.0 = Release|Any CPU
		{B13B7FE7-A8FA-4A73-82FB-811C52F9E8A5}.Release|ARM64.ActiveCfg = Release|Any CPU
		{B13B7FE7-A8FA-4A73-82FB-811C52F9E8A5}.Release|ARM64.Build.0 = Release|Any CPU
		{B13B7FE7-A8FA-4A73-82FB-811C52F9E8A5}.Release|x64.ActiveCfg = Release|Any CPU
		{B13B7FE7-A8FA-4A73-82FB-811C52F9E8A5}.Release|x64.Build.0 = Release|Any CPU
		{B13B7FE7-A8FA-4A73-82FB-811C52F9E8A5}.Release|x86.ActiveCfg = Release|Any CPU
		{B13B7FE7-A8FA-4A73-82FB-811C52F9E8A5}.Release|x86.Build.0 = Release|Any CPU
		{2942E876-5C1B-4B86-9B85-D85914BE5CF0}.Debug|Any CPU.ActiveCfg = Debug|Any CPU
		{2942E876-5C1B-4B86-9B85-D85914BE5CF0}.Debug|Any CPU.Build.0 = Debug|Any CPU
		{2942E876-5C1B-4B86-9B85-D85914BE5CF0}.Debug|ARM.ActiveCfg = Debug|Any CPU
		{2942E876-5C1B-4B86-9B85-D85914BE5CF0}.Debug|ARM.Build.0 = Debug|Any CPU
		{2942E876-5C1B-4B86-9B85-D85914BE5CF0}.Debug|ARM64.ActiveCfg = Debug|Any CPU
		{2942E876-5C1B-4B86-9B85-D85914BE5CF0}.Debug|ARM64.Build.0 = Debug|Any CPU
		{2942E876-5C1B-4B86-9B85-D85914BE5CF0}.Debug|x64.ActiveCfg = Debug|Any CPU
		{2942E876-5C1B-4B86-9B85-D85914BE5CF0}.Debug|x64.Build.0 = Debug|Any CPU
		{2942E876-5C1B-4B86-9B85-D85914BE5CF0}.Debug|x86.ActiveCfg = Debug|Any CPU
		{2942E876-5C1B-4B86-9B85-D85914BE5CF0}.Debug|x86.Build.0 = Debug|Any CPU
		{2942E876-5C1B-4B86-9B85-D85914BE5CF0}.Release|Any CPU.ActiveCfg = Release|Any CPU
		{2942E876-5C1B-4B86-9B85-D85914BE5CF0}.Release|Any CPU.Build.0 = Release|Any CPU
		{2942E876-5C1B-4B86-9B85-D85914BE5CF0}.Release|ARM.ActiveCfg = Release|Any CPU
		{2942E876-5C1B-4B86-9B85-D85914BE5CF0}.Release|ARM.Build.0 = Release|Any CPU
		{2942E876-5C1B-4B86-9B85-D85914BE5CF0}.Release|ARM64.ActiveCfg = Release|Any CPU
		{2942E876-5C1B-4B86-9B85-D85914BE5CF0}.Release|ARM64.Build.0 = Release|Any CPU
		{2942E876-5C1B-4B86-9B85-D85914BE5CF0}.Release|x64.ActiveCfg = Release|Any CPU
		{2942E876-5C1B-4B86-9B85-D85914BE5CF0}.Release|x64.Build.0 = Release|Any CPU
		{2942E876-5C1B-4B86-9B85-D85914BE5CF0}.Release|x86.ActiveCfg = Release|Any CPU
		{2942E876-5C1B-4B86-9B85-D85914BE5CF0}.Release|x86.Build.0 = Release|Any CPU
		{6025E7E5-F247-4C49-B0AB-5F2E990C14E6}.Debug|Any CPU.ActiveCfg = Debug|Any CPU
		{6025E7E5-F247-4C49-B0AB-5F2E990C14E6}.Debug|Any CPU.Build.0 = Debug|Any CPU
		{6025E7E5-F247-4C49-B0AB-5F2E990C14E6}.Debug|ARM.ActiveCfg = Debug|Any CPU
		{6025E7E5-F247-4C49-B0AB-5F2E990C14E6}.Debug|ARM.Build.0 = Debug|Any CPU
		{6025E7E5-F247-4C49-B0AB-5F2E990C14E6}.Debug|ARM64.ActiveCfg = Debug|Any CPU
		{6025E7E5-F247-4C49-B0AB-5F2E990C14E6}.Debug|ARM64.Build.0 = Debug|Any CPU
		{6025E7E5-F247-4C49-B0AB-5F2E990C14E6}.Debug|x64.ActiveCfg = Debug|Any CPU
		{6025E7E5-F247-4C49-B0AB-5F2E990C14E6}.Debug|x64.Build.0 = Debug|Any CPU
		{6025E7E5-F247-4C49-B0AB-5F2E990C14E6}.Debug|x86.ActiveCfg = Debug|Any CPU
		{6025E7E5-F247-4C49-B0AB-5F2E990C14E6}.Debug|x86.Build.0 = Debug|Any CPU
		{6025E7E5-F247-4C49-B0AB-5F2E990C14E6}.Release|Any CPU.ActiveCfg = Release|Any CPU
		{6025E7E5-F247-4C49-B0AB-5F2E990C14E6}.Release|Any CPU.Build.0 = Release|Any CPU
		{6025E7E5-F247-4C49-B0AB-5F2E990C14E6}.Release|ARM.ActiveCfg = Release|Any CPU
		{6025E7E5-F247-4C49-B0AB-5F2E990C14E6}.Release|ARM.Build.0 = Release|Any CPU
		{6025E7E5-F247-4C49-B0AB-5F2E990C14E6}.Release|ARM64.ActiveCfg = Release|Any CPU
		{6025E7E5-F247-4C49-B0AB-5F2E990C14E6}.Release|ARM64.Build.0 = Release|Any CPU
		{6025E7E5-F247-4C49-B0AB-5F2E990C14E6}.Release|x64.ActiveCfg = Release|Any CPU
		{6025E7E5-F247-4C49-B0AB-5F2E990C14E6}.Release|x64.Build.0 = Release|Any CPU
		{6025E7E5-F247-4C49-B0AB-5F2E990C14E6}.Release|x86.ActiveCfg = Release|Any CPU
		{6025E7E5-F247-4C49-B0AB-5F2E990C14E6}.Release|x86.Build.0 = Release|Any CPU
		{4FC65F98-762E-4A1C-B8E4-1C35AC1B7612}.Debug|Any CPU.ActiveCfg = Debug|Any CPU
		{4FC65F98-762E-4A1C-B8E4-1C35AC1B7612}.Debug|Any CPU.Build.0 = Debug|Any CPU
		{4FC65F98-762E-4A1C-B8E4-1C35AC1B7612}.Debug|ARM.ActiveCfg = Debug|Any CPU
		{4FC65F98-762E-4A1C-B8E4-1C35AC1B7612}.Debug|ARM.Build.0 = Debug|Any CPU
		{4FC65F98-762E-4A1C-B8E4-1C35AC1B7612}.Debug|ARM64.ActiveCfg = Debug|Any CPU
		{4FC65F98-762E-4A1C-B8E4-1C35AC1B7612}.Debug|ARM64.Build.0 = Debug|Any CPU
		{4FC65F98-762E-4A1C-B8E4-1C35AC1B7612}.Debug|x64.ActiveCfg = Debug|Any CPU
		{4FC65F98-762E-4A1C-B8E4-1C35AC1B7612}.Debug|x64.Build.0 = Debug|Any CPU
		{4FC65F98-762E-4A1C-B8E4-1C35AC1B7612}.Debug|x86.ActiveCfg = Debug|Any CPU
		{4FC65F98-762E-4A1C-B8E4-1C35AC1B7612}.Debug|x86.Build.0 = Debug|Any CPU
		{4FC65F98-762E-4A1C-B8E4-1C35AC1B7612}.Release|Any CPU.ActiveCfg = Release|Any CPU
		{4FC65F98-762E-4A1C-B8E4-1C35AC1B7612}.Release|Any CPU.Build.0 = Release|Any CPU
		{4FC65F98-762E-4A1C-B8E4-1C35AC1B7612}.Release|ARM.ActiveCfg = Release|Any CPU
		{4FC65F98-762E-4A1C-B8E4-1C35AC1B7612}.Release|ARM.Build.0 = Release|Any CPU
		{4FC65F98-762E-4A1C-B8E4-1C35AC1B7612}.Release|ARM64.ActiveCfg = Release|Any CPU
		{4FC65F98-762E-4A1C-B8E4-1C35AC1B7612}.Release|ARM64.Build.0 = Release|Any CPU
		{4FC65F98-762E-4A1C-B8E4-1C35AC1B7612}.Release|x64.ActiveCfg = Release|Any CPU
		{4FC65F98-762E-4A1C-B8E4-1C35AC1B7612}.Release|x64.Build.0 = Release|Any CPU
		{4FC65F98-762E-4A1C-B8E4-1C35AC1B7612}.Release|x86.ActiveCfg = Release|Any CPU
		{4FC65F98-762E-4A1C-B8E4-1C35AC1B7612}.Release|x86.Build.0 = Release|Any CPU
		{4C63FF05-38E9-4FF4-8819-934059DC7A71}.Debug|Any CPU.ActiveCfg = Debug|Any CPU
		{4C63FF05-38E9-4FF4-8819-934059DC7A71}.Debug|Any CPU.Build.0 = Debug|Any CPU
		{4C63FF05-38E9-4FF4-8819-934059DC7A71}.Debug|ARM.ActiveCfg = Debug|Any CPU
		{4C63FF05-38E9-4FF4-8819-934059DC7A71}.Debug|ARM.Build.0 = Debug|Any CPU
		{4C63FF05-38E9-4FF4-8819-934059DC7A71}.Debug|ARM64.ActiveCfg = Debug|Any CPU
		{4C63FF05-38E9-4FF4-8819-934059DC7A71}.Debug|ARM64.Build.0 = Debug|Any CPU
		{4C63FF05-38E9-4FF4-8819-934059DC7A71}.Debug|x64.ActiveCfg = Debug|Any CPU
		{4C63FF05-38E9-4FF4-8819-934059DC7A71}.Debug|x64.Build.0 = Debug|Any CPU
		{4C63FF05-38E9-4FF4-8819-934059DC7A71}.Debug|x86.ActiveCfg = Debug|Any CPU
		{4C63FF05-38E9-4FF4-8819-934059DC7A71}.Debug|x86.Build.0 = Debug|Any CPU
		{4C63FF05-38E9-4FF4-8819-934059DC7A71}.Release|Any CPU.ActiveCfg = Release|Any CPU
		{4C63FF05-38E9-4FF4-8819-934059DC7A71}.Release|Any CPU.Build.0 = Release|Any CPU
		{4C63FF05-38E9-4FF4-8819-934059DC7A71}.Release|ARM.ActiveCfg = Release|Any CPU
		{4C63FF05-38E9-4FF4-8819-934059DC7A71}.Release|ARM.Build.0 = Release|Any CPU
		{4C63FF05-38E9-4FF4-8819-934059DC7A71}.Release|ARM64.ActiveCfg = Release|Any CPU
		{4C63FF05-38E9-4FF4-8819-934059DC7A71}.Release|ARM64.Build.0 = Release|Any CPU
		{4C63FF05-38E9-4FF4-8819-934059DC7A71}.Release|x64.ActiveCfg = Release|Any CPU
		{4C63FF05-38E9-4FF4-8819-934059DC7A71}.Release|x64.Build.0 = Release|Any CPU
		{4C63FF05-38E9-4FF4-8819-934059DC7A71}.Release|x86.ActiveCfg = Release|Any CPU
		{4C63FF05-38E9-4FF4-8819-934059DC7A71}.Release|x86.Build.0 = Release|Any CPU
		{BD14F84D-A913-4DE1-9FC0-F8738C28E9FD}.Debug|Any CPU.ActiveCfg = Debug|Any CPU
		{BD14F84D-A913-4DE1-9FC0-F8738C28E9FD}.Debug|Any CPU.Build.0 = Debug|Any CPU
		{BD14F84D-A913-4DE1-9FC0-F8738C28E9FD}.Debug|ARM.ActiveCfg = Debug|Any CPU
		{BD14F84D-A913-4DE1-9FC0-F8738C28E9FD}.Debug|ARM.Build.0 = Debug|Any CPU
		{BD14F84D-A913-4DE1-9FC0-F8738C28E9FD}.Debug|ARM64.ActiveCfg = Debug|Any CPU
		{BD14F84D-A913-4DE1-9FC0-F8738C28E9FD}.Debug|ARM64.Build.0 = Debug|Any CPU
		{BD14F84D-A913-4DE1-9FC0-F8738C28E9FD}.Debug|x64.ActiveCfg = Debug|Any CPU
		{BD14F84D-A913-4DE1-9FC0-F8738C28E9FD}.Debug|x64.Build.0 = Debug|Any CPU
		{BD14F84D-A913-4DE1-9FC0-F8738C28E9FD}.Debug|x86.ActiveCfg = Debug|Any CPU
		{BD14F84D-A913-4DE1-9FC0-F8738C28E9FD}.Debug|x86.Build.0 = Debug|Any CPU
		{BD14F84D-A913-4DE1-9FC0-F8738C28E9FD}.Release|Any CPU.ActiveCfg = Release|Any CPU
		{BD14F84D-A913-4DE1-9FC0-F8738C28E9FD}.Release|Any CPU.Build.0 = Release|Any CPU
		{BD14F84D-A913-4DE1-9FC0-F8738C28E9FD}.Release|ARM.ActiveCfg = Release|Any CPU
		{BD14F84D-A913-4DE1-9FC0-F8738C28E9FD}.Release|ARM.Build.0 = Release|Any CPU
		{BD14F84D-A913-4DE1-9FC0-F8738C28E9FD}.Release|ARM64.ActiveCfg = Release|Any CPU
		{BD14F84D-A913-4DE1-9FC0-F8738C28E9FD}.Release|ARM64.Build.0 = Release|Any CPU
		{BD14F84D-A913-4DE1-9FC0-F8738C28E9FD}.Release|x64.ActiveCfg = Release|Any CPU
		{BD14F84D-A913-4DE1-9FC0-F8738C28E9FD}.Release|x64.Build.0 = Release|Any CPU
		{BD14F84D-A913-4DE1-9FC0-F8738C28E9FD}.Release|x86.ActiveCfg = Release|Any CPU
		{BD14F84D-A913-4DE1-9FC0-F8738C28E9FD}.Release|x86.Build.0 = Release|Any CPU
		{689E591A-BC18-473A-B56D-9F43A08AE79B}.Debug|Any CPU.ActiveCfg = Debug|Any CPU
		{689E591A-BC18-473A-B56D-9F43A08AE79B}.Debug|Any CPU.Build.0 = Debug|Any CPU
		{689E591A-BC18-473A-B56D-9F43A08AE79B}.Debug|ARM.ActiveCfg = Debug|Any CPU
		{689E591A-BC18-473A-B56D-9F43A08AE79B}.Debug|ARM.Build.0 = Debug|Any CPU
		{689E591A-BC18-473A-B56D-9F43A08AE79B}.Debug|ARM64.ActiveCfg = Debug|Any CPU
		{689E591A-BC18-473A-B56D-9F43A08AE79B}.Debug|ARM64.Build.0 = Debug|Any CPU
		{689E591A-BC18-473A-B56D-9F43A08AE79B}.Debug|x64.ActiveCfg = Debug|Any CPU
		{689E591A-BC18-473A-B56D-9F43A08AE79B}.Debug|x64.Build.0 = Debug|Any CPU
		{689E591A-BC18-473A-B56D-9F43A08AE79B}.Debug|x86.ActiveCfg = Debug|Any CPU
		{689E591A-BC18-473A-B56D-9F43A08AE79B}.Debug|x86.Build.0 = Debug|Any CPU
		{689E591A-BC18-473A-B56D-9F43A08AE79B}.Release|Any CPU.ActiveCfg = Release|Any CPU
		{689E591A-BC18-473A-B56D-9F43A08AE79B}.Release|Any CPU.Build.0 = Release|Any CPU
		{689E591A-BC18-473A-B56D-9F43A08AE79B}.Release|ARM.ActiveCfg = Release|Any CPU
		{689E591A-BC18-473A-B56D-9F43A08AE79B}.Release|ARM.Build.0 = Release|Any CPU
		{689E591A-BC18-473A-B56D-9F43A08AE79B}.Release|ARM64.ActiveCfg = Release|Any CPU
		{689E591A-BC18-473A-B56D-9F43A08AE79B}.Release|ARM64.Build.0 = Release|Any CPU
		{689E591A-BC18-473A-B56D-9F43A08AE79B}.Release|x64.ActiveCfg = Release|Any CPU
		{689E591A-BC18-473A-B56D-9F43A08AE79B}.Release|x64.Build.0 = Release|Any CPU
		{689E591A-BC18-473A-B56D-9F43A08AE79B}.Release|x86.ActiveCfg = Release|Any CPU
		{689E591A-BC18-473A-B56D-9F43A08AE79B}.Release|x86.Build.0 = Release|Any CPU
		{43632753-902B-4EE5-B9C9-FAE5ACA04361}.Debug|Any CPU.ActiveCfg = Debug|x64
		{43632753-902B-4EE5-B9C9-FAE5ACA04361}.Debug|Any CPU.Build.0 = Debug|x64
		{43632753-902B-4EE5-B9C9-FAE5ACA04361}.Debug|Any CPU.Deploy.0 = Debug|x64
		{43632753-902B-4EE5-B9C9-FAE5ACA04361}.Debug|ARM.ActiveCfg = Debug|ARM
		{43632753-902B-4EE5-B9C9-FAE5ACA04361}.Debug|ARM.Build.0 = Debug|ARM
		{43632753-902B-4EE5-B9C9-FAE5ACA04361}.Debug|ARM.Deploy.0 = Debug|ARM
		{43632753-902B-4EE5-B9C9-FAE5ACA04361}.Debug|ARM64.ActiveCfg = Debug|ARM64
		{43632753-902B-4EE5-B9C9-FAE5ACA04361}.Debug|ARM64.Build.0 = Debug|ARM64
		{43632753-902B-4EE5-B9C9-FAE5ACA04361}.Debug|ARM64.Deploy.0 = Debug|ARM64
		{43632753-902B-4EE5-B9C9-FAE5ACA04361}.Debug|x64.ActiveCfg = Debug|x64
		{43632753-902B-4EE5-B9C9-FAE5ACA04361}.Debug|x64.Build.0 = Debug|x64
		{43632753-902B-4EE5-B9C9-FAE5ACA04361}.Debug|x64.Deploy.0 = Debug|x64
		{43632753-902B-4EE5-B9C9-FAE5ACA04361}.Debug|x86.ActiveCfg = Debug|x86
		{43632753-902B-4EE5-B9C9-FAE5ACA04361}.Debug|x86.Build.0 = Debug|x86
		{43632753-902B-4EE5-B9C9-FAE5ACA04361}.Debug|x86.Deploy.0 = Debug|x86
		{43632753-902B-4EE5-B9C9-FAE5ACA04361}.Release|Any CPU.ActiveCfg = Release|x64
		{43632753-902B-4EE5-B9C9-FAE5ACA04361}.Release|Any CPU.Build.0 = Release|x64
		{43632753-902B-4EE5-B9C9-FAE5ACA04361}.Release|Any CPU.Deploy.0 = Release|x64
		{43632753-902B-4EE5-B9C9-FAE5ACA04361}.Release|ARM.ActiveCfg = Release|ARM
		{43632753-902B-4EE5-B9C9-FAE5ACA04361}.Release|ARM.Build.0 = Release|ARM
		{43632753-902B-4EE5-B9C9-FAE5ACA04361}.Release|ARM.Deploy.0 = Release|ARM
		{43632753-902B-4EE5-B9C9-FAE5ACA04361}.Release|ARM64.ActiveCfg = Release|ARM64
		{43632753-902B-4EE5-B9C9-FAE5ACA04361}.Release|ARM64.Build.0 = Release|ARM64
		{43632753-902B-4EE5-B9C9-FAE5ACA04361}.Release|ARM64.Deploy.0 = Release|ARM64
		{43632753-902B-4EE5-B9C9-FAE5ACA04361}.Release|x64.ActiveCfg = Release|x64
		{43632753-902B-4EE5-B9C9-FAE5ACA04361}.Release|x64.Build.0 = Release|x64
		{43632753-902B-4EE5-B9C9-FAE5ACA04361}.Release|x64.Deploy.0 = Release|x64
		{43632753-902B-4EE5-B9C9-FAE5ACA04361}.Release|x86.ActiveCfg = Release|x86
		{43632753-902B-4EE5-B9C9-FAE5ACA04361}.Release|x86.Build.0 = Release|x86
		{43632753-902B-4EE5-B9C9-FAE5ACA04361}.Release|x86.Deploy.0 = Release|x86
		{0AB7B4DE-8118-465F-A18E-E40B1B96E3D0}.Debug|Any CPU.ActiveCfg = Debug|Any CPU
		{0AB7B4DE-8118-465F-A18E-E40B1B96E3D0}.Debug|Any CPU.Build.0 = Debug|Any CPU
		{0AB7B4DE-8118-465F-A18E-E40B1B96E3D0}.Debug|ARM.ActiveCfg = Debug|Any CPU
		{0AB7B4DE-8118-465F-A18E-E40B1B96E3D0}.Debug|ARM.Build.0 = Debug|Any CPU
		{0AB7B4DE-8118-465F-A18E-E40B1B96E3D0}.Debug|ARM64.ActiveCfg = Debug|Any CPU
		{0AB7B4DE-8118-465F-A18E-E40B1B96E3D0}.Debug|ARM64.Build.0 = Debug|Any CPU
		{0AB7B4DE-8118-465F-A18E-E40B1B96E3D0}.Debug|x64.ActiveCfg = Debug|Any CPU
		{0AB7B4DE-8118-465F-A18E-E40B1B96E3D0}.Debug|x64.Build.0 = Debug|Any CPU
		{0AB7B4DE-8118-465F-A18E-E40B1B96E3D0}.Debug|x86.ActiveCfg = Debug|Any CPU
		{0AB7B4DE-8118-465F-A18E-E40B1B96E3D0}.Debug|x86.Build.0 = Debug|Any CPU
		{0AB7B4DE-8118-465F-A18E-E40B1B96E3D0}.Release|Any CPU.ActiveCfg = Release|Any CPU
		{0AB7B4DE-8118-465F-A18E-E40B1B96E3D0}.Release|Any CPU.Build.0 = Release|Any CPU
		{0AB7B4DE-8118-465F-A18E-E40B1B96E3D0}.Release|ARM.ActiveCfg = Release|Any CPU
		{0AB7B4DE-8118-465F-A18E-E40B1B96E3D0}.Release|ARM.Build.0 = Release|Any CPU
		{0AB7B4DE-8118-465F-A18E-E40B1B96E3D0}.Release|ARM64.ActiveCfg = Release|Any CPU
		{0AB7B4DE-8118-465F-A18E-E40B1B96E3D0}.Release|ARM64.Build.0 = Release|Any CPU
		{0AB7B4DE-8118-465F-A18E-E40B1B96E3D0}.Release|x64.ActiveCfg = Release|Any CPU
		{0AB7B4DE-8118-465F-A18E-E40B1B96E3D0}.Release|x64.Build.0 = Release|Any CPU
		{0AB7B4DE-8118-465F-A18E-E40B1B96E3D0}.Release|x86.ActiveCfg = Release|Any CPU
		{0AB7B4DE-8118-465F-A18E-E40B1B96E3D0}.Release|x86.Build.0 = Release|Any CPU
	EndGlobalSection
	GlobalSection(SolutionProperties) = preSolution
		HideSolutionNode = FALSE
	EndGlobalSection
	GlobalSection(NestedProjects) = preSolution
		{F4E45FCC-5049-45DB-8121-336DE84DD03F} = {760644BC-13F3-4AE5-826D-406E77258A85}
		{6BA1CF02-62B3-4ED8-8BA1-20629AC8574D} = {BCCDD874-23C4-4640-967B-2022F49F5309}
		{6AD728E6-FDE5-49DD-8819-7F69582B9404} = {9F769C93-C56F-4349-A446-39E73C0078C0}
		{CD4ABCEE-1297-4945-A66F-307AD8812418} = {9F769C93-C56F-4349-A446-39E73C0078C0}
		{C98C374A-9FF4-4C6D-BA5E-E1E1F102374E} = {BCCDD874-23C4-4640-967B-2022F49F5309}
		{8FF2DE7B-BE59-4431-8081-AF77F76B22F8} = {EFA7ADE5-F294-4563-A71A-60A4ED8AABBA}
		{E2566B0A-A24F-4168-B585-C8BE8800A7E8} = {760644BC-13F3-4AE5-826D-406E77258A85}
		{1CC44B1D-3406-4732-8641-A5EA5F26026C} = {760644BC-13F3-4AE5-826D-406E77258A85}
		{BBCD1A43-F95F-43DF-8D2A-84B32F80C7F6} = {8BCC465F-F1CC-4192-9536-282A9C006629}
		{E53C08B0-FC9E-43AF-ABFF-C71105B8E323} = {8BCC465F-F1CC-4192-9536-282A9C006629}
		{771624BC-8536-4DC1-A7E3-4408B48876CA} = {3F5F083D-B73D-425E-AC25-095EF5569C96}
		{0CF59A6B-F594-4626-9B0F-A4495A866635} = {3F5F083D-B73D-425E-AC25-095EF5569C96}
		{8D466173-2A41-4076-BCD1-5E034E9D2DA4} = {3F5F083D-B73D-425E-AC25-095EF5569C96}
		{D162F865-FE5A-4F24-8CBB-A8A76473F934} = {BCCDD874-23C4-4640-967B-2022F49F5309}
		{8B23EEE4-62DC-4E43-A22F-12C6814C7F49} = {BCCDD874-23C4-4640-967B-2022F49F5309}
		{799FA259-C6F7-4EA1-B6E7-49007D090274} = {8BCC465F-F1CC-4192-9536-282A9C006629}
		{79B9DF74-6DE2-48BC-997F-6BBF02F8FD13} = {760644BC-13F3-4AE5-826D-406E77258A85}
		{BFA4707F-C13F-4705-B2BB-92AC1BF33A7C} = {760644BC-13F3-4AE5-826D-406E77258A85}
		{E8B3FC2A-AF5D-4D64-8A81-2D707B78F868} = {760644BC-13F3-4AE5-826D-406E77258A85}
		{A201A6CA-A86E-4C94-96F4-0959724DCA83} = {9F769C93-C56F-4349-A446-39E73C0078C0}
		{BF5731A5-A14E-4388-BBD6-D9FA2EBF6736} = {760644BC-13F3-4AE5-826D-406E77258A85}
		{460DB0BE-AFE1-49B4-8FDC-26CB4920751A} = {BCCDD874-23C4-4640-967B-2022F49F5309}
		{43768843-2A19-44A2-9D8C-076DBFAD0625} = {BCCDD874-23C4-4640-967B-2022F49F5309}
		{8A92C551-CB2E-46AB-81DA-8EFD8DB0D90A} = {9F769C93-C56F-4349-A446-39E73C0078C0}
		{7398EB41-8CE9-45E0-ADC6-E13D8FAF4B40} = {760644BC-13F3-4AE5-826D-406E77258A85}
		{1E302BFC-5FC1-4967-BB0A-A6D85FAF10E8} = {760644BC-13F3-4AE5-826D-406E77258A85}
		{74585180-549D-470C-B3B6-7A5CD41463F3} = {760644BC-13F3-4AE5-826D-406E77258A85}
		{8D62C29F-EAD6-4E04-927A-73D5BC2E16C6} = {760644BC-13F3-4AE5-826D-406E77258A85}
		{9A0397F2-3C8E-4666-91D5-44DF940D1C07} = {22CD8C72-42E9-4EDD-A42D-F74E173F0E67}
		{A9229006-DD4F-4675-96EB-56133BFA58FE} = {22CD8C72-42E9-4EDD-A42D-F74E173F0E67}
		{955A6C13-D9D0-413F-BBD0-1C0826C3526D} = {9F769C93-C56F-4349-A446-39E73C0078C0}
		{6F007C4A-8D19-4D02-99E8-37C3080B2B16} = {9F769C93-C56F-4349-A446-39E73C0078C0}
		{894AEB1F-15CB-45D0-8957-DE81B77AFD46} = {760644BC-13F3-4AE5-826D-406E77258A85}
		{E30B3F92-34E2-4E34-82F2-11D517C6695E} = {760644BC-13F3-4AE5-826D-406E77258A85}
		{850AE601-8415-4C84-A0C4-B904E2439698} = {760644BC-13F3-4AE5-826D-406E77258A85}
		{3DA69671-55C3-4E3C-8131-0E5EFCC0BE0E} = {760644BC-13F3-4AE5-826D-406E77258A85}
		{B13B7FE7-A8FA-4A73-82FB-811C52F9E8A5} = {760644BC-13F3-4AE5-826D-406E77258A85}
		{2942E876-5C1B-4B86-9B85-D85914BE5CF0} = {EFA7ADE5-F294-4563-A71A-60A4ED8AABBA}
		{6025E7E5-F247-4C49-B0AB-5F2E990C14E6} = {760644BC-13F3-4AE5-826D-406E77258A85}
		{4FC65F98-762E-4A1C-B8E4-1C35AC1B7612} = {760644BC-13F3-4AE5-826D-406E77258A85}
		{4C63FF05-38E9-4FF4-8819-934059DC7A71} = {760644BC-13F3-4AE5-826D-406E77258A85}
		{689E591A-BC18-473A-B56D-9F43A08AE79B} = {760644BC-13F3-4AE5-826D-406E77258A85}
		{0AB7B4DE-8118-465F-A18E-E40B1B96E3D0} = {760644BC-13F3-4AE5-826D-406E77258A85}
	EndGlobalSection
	GlobalSection(ExtensibilityGlobals) = postSolution
		SolutionGuid = {31F7AC79-372B-44C4-8A26-A30EBC6250E9}
	EndGlobalSection
EndGlobal
